{
    "version": 3,
    "terraform_version": "0.11.7",
    "serial": 107,
    "lineage": "e22f38a2-9bf9-e341-006f-6b456c14faee",
    "modules": [
        {
            "path": [
                "root"
            ],
            "outputs": {
                "saltdemo-salt1": {
                    "sensitive": false,
                    "type": "string",
                    "value": "129.213.144.47"
                },
                "saltdemo-ws1": {
                    "sensitive": false,
                    "type": "string",
                    "value": "129.213.93.111"
                },
                "saltdemo-ws2": {
                    "sensitive": false,
                    "type": "string",
                    "value": "129.213.63.215"
                }
            },
            "resources": {
                "data.oci_identity_availability_domains.ADs": {
                    "type": "oci_identity_availability_domains",
                    "depends_on": [],
                    "primary": {
                        "id": "2018-08-04 20:03:13.433224 +0000 UTC",
                        "attributes": {
                            "availability_domains.#": "3",
                            "availability_domains.0.compartment_id": "ocid1.tenancy.oc1..aaaaaaaavuoskfzznzlnuipywsmiz6cazwefnaawnuqb3thmhgwlgxnoxgiq",
                            "availability_domains.0.name": "aNUQ:US-ASHBURN-AD-1",
                            "availability_domains.1.compartment_id": "ocid1.tenancy.oc1..aaaaaaaavuoskfzznzlnuipywsmiz6cazwefnaawnuqb3thmhgwlgxnoxgiq",
                            "availability_domains.1.name": "aNUQ:US-ASHBURN-AD-2",
                            "availability_domains.2.compartment_id": "ocid1.tenancy.oc1..aaaaaaaavuoskfzznzlnuipywsmiz6cazwefnaawnuqb3thmhgwlgxnoxgiq",
                            "availability_domains.2.name": "aNUQ:US-ASHBURN-AD-3",
                            "compartment_id": "ocid1.tenancy.oc1..aaaaaaaavuoskfzznzlnuipywsmiz6cazwefnaawnuqb3thmhgwlgxnoxgiq",
                            "id": "2018-08-04 20:03:13.433224 +0000 UTC"
                        },
                        "meta": {},
                        "tainted": false
                    },
                    "deposed": [],
                    "provider": "provider.oci"
                },
                "oci_core_instance.saltdemo-salt1": {
                    "type": "oci_core_instance",
                    "depends_on": [
                        "oci_core_subnet.saltdemo-subnet-lb1"
                    ],
                    "primary": {
                        "id": "ocid1.instance.oc1.iad.abuwcljrqg34vohl5fynnbrc7yoyiwb4nwnj75ewbh5sjmui35rintxd6nhq",
                        "attributes": {
                            "availability_domain": "aNUQ:US-ASHBURN-AD-1",
                            "boot_volume_id": "ocid1.bootvolume.oc1.iad.abuwcljr2lnwwoopdllcaw7sz46xsiyuwtctcadjco2e46etryi3mm5pufsa",
                            "compartment_id": "ocid1.compartment.oc1..aaaaaaaam6uvbmgb5nzmoiurkyds6cax35xddpwafpcuru25fs6que4oln6q",
                            "create_vnic_details.#": "1",
                            "create_vnic_details.0.assign_public_ip": "true",
                            "create_vnic_details.0.defined_tags.%": "0",
                            "create_vnic_details.0.display_name": "primaryvnic",
                            "create_vnic_details.0.freeform_tags.%": "0",
                            "create_vnic_details.0.hostname_label": "saltserver1",
                            "create_vnic_details.0.private_ip": "10.0.2.2",
                            "create_vnic_details.0.skip_source_dest_check": "false",
                            "create_vnic_details.0.subnet_id": "ocid1.subnet.oc1.iad.aaaaaaaa4zjg3rhcyj6uvxjxwqn7sgetqnladg5hjj6ls7ov3wstzw7yjvuq",
                            "defined_tags.%": "0",
                            "display_name": "salt1",
                            "freeform_tags.%": "0",
                            "hostname_label": "saltserver1",
                            "id": "ocid1.instance.oc1.iad.abuwcljrqg34vohl5fynnbrc7yoyiwb4nwnj75ewbh5sjmui35rintxd6nhq",
                            "image": "ocid1.image.oc1.iad.aaaaaaaagqwnrno6c35vplndep6hu5gevyiqqag37muue3ich7g6tbs5aq4q",
                            "launch_mode": "NATIVE",
                            "launch_options.#": "1",
                            "launch_options.0.boot_volume_type": "ISCSI",
                            "launch_options.0.firmware": "UEFI_64",
                            "launch_options.0.network_type": "VFIO",
                            "launch_options.0.remote_data_volume_type": "PARAVIRTUALIZED",
                            "metadata.%": "1",
                            "metadata.ssh_authorized_keys": "ssh-rsa AAAAB3NzaC1yc2EAAAADAQABAAABAQC4tJPnV15IvVHywFglq7i5yFEhVUmXqS8Cb7nw+nNO/vHrl6rekw3+jTCi1kmjOYC5YWzfbdl3Brcxcu3hn7Az+TCLBzxVDLu3327iUkw08bDzQITnvHnQqPS94HQxNbsfPX8vACKXbK/4OvMw9VlMz7zsG9R6JcO8KvCO7L2zUxN/mZHMr6jPzUt4oAS2DWsTGqPqqRi/Vl4Plpus1CWFGjQk68Rsu1lR4eHwdDOJCWl8DDMKTkilRdHydEu1P9zpNYJDaoiwJ+sQs8uAZe+6QZpP/4asyagZ53a5woiT5+sxZ+7Cqv+IwUQOh4f6yO2JFJtPG4iUm6zBsVdjbMPl wildahunden@Daniels-MacBook-Pro-2.local",
                            "private_ip": "10.0.2.2",
                            "public_ip": "129.213.144.47",
                            "region": "iad",
                            "shape": "VM.Standard1.2",
                            "source_details.#": "1",
                            "source_details.0.boot_volume_size_in_gbs": "47",
                            "source_details.0.source_id": "ocid1.image.oc1.iad.aaaaaaaagqwnrno6c35vplndep6hu5gevyiqqag37muue3ich7g6tbs5aq4q",
                            "source_details.0.source_type": "image",
                            "state": "RUNNING",
                            "subnet_id": "ocid1.subnet.oc1.iad.aaaaaaaa4zjg3rhcyj6uvxjxwqn7sgetqnladg5hjj6ls7ov3wstzw7yjvuq",
                            "time_created": "2018-08-04 20:03:27.559 +0000 UTC"
                        },
                        "meta": {
                            "e2bfb730-ecaa-11e6-8f88-34363bc7c4c0": {
                                "create": 7200000000000,
                                "delete": 7200000000000,
                                "update": 7200000000000
                            }
                        },
                        "tainted": false
                    },
                    "deposed": [],
                    "provider": "provider.oci"
                },
                "oci_core_instance.saltdemo-ws1": {
                    "type": "oci_core_instance",
                    "depends_on": [
                        "oci_core_subnet.saltdemo-subnet-ws1"
                    ],
                    "primary": {
                        "id": "ocid1.instance.oc1.iad.abuwcljr737autb2t3hihspjapuegbuntrqj52ssa2bggkleskcsu7s4voxa",
                        "attributes": {
                            "availability_domain": "aNUQ:US-ASHBURN-AD-1",
                            "boot_volume_id": "ocid1.bootvolume.oc1.iad.abuwcljreyoratkqez7n5gf7jakqyr4aiv4yvmv26cghbyrs7gichvulogqa",
                            "compartment_id": "ocid1.compartment.oc1..aaaaaaaam6uvbmgb5nzmoiurkyds6cax35xddpwafpcuru25fs6que4oln6q",
                            "create_vnic_details.#": "1",
                            "create_vnic_details.0.assign_public_ip": "true",
                            "create_vnic_details.0.defined_tags.%": "0",
                            "create_vnic_details.0.display_name": "primaryvnic",
                            "create_vnic_details.0.freeform_tags.%": "0",
                            "create_vnic_details.0.hostname_label": "webserver1",
                            "create_vnic_details.0.private_ip": "10.0.0.2",
                            "create_vnic_details.0.skip_source_dest_check": "false",
                            "create_vnic_details.0.subnet_id": "ocid1.subnet.oc1.iad.aaaaaaaax5j5kl35kicsjvy7ty3bvr36rvnfqcxb3ovwyenw4nms4uoebxuq",
                            "defined_tags.%": "0",
                            "display_name": "webserver1",
                            "freeform_tags.%": "0",
                            "hostname_label": "webserver1",
                            "id": "ocid1.instance.oc1.iad.abuwcljr737autb2t3hihspjapuegbuntrqj52ssa2bggkleskcsu7s4voxa",
                            "image": "ocid1.image.oc1.iad.aaaaaaaagqwnrno6c35vplndep6hu5gevyiqqag37muue3ich7g6tbs5aq4q",
                            "launch_mode": "NATIVE",
                            "launch_options.#": "1",
                            "launch_options.0.boot_volume_type": "ISCSI",
                            "launch_options.0.firmware": "UEFI_64",
                            "launch_options.0.network_type": "VFIO",
                            "launch_options.0.remote_data_volume_type": "PARAVIRTUALIZED",
                            "metadata.%": "2",
                            "metadata.ssh_authorized_keys": "ssh-rsa AAAAB3NzaC1yc2EAAAADAQABAAABAQC4tJPnV15IvVHywFglq7i5yFEhVUmXqS8Cb7nw+nNO/vHrl6rekw3+jTCi1kmjOYC5YWzfbdl3Brcxcu3hn7Az+TCLBzxVDLu3327iUkw08bDzQITnvHnQqPS94HQxNbsfPX8vACKXbK/4OvMw9VlMz7zsG9R6JcO8KvCO7L2zUxN/mZHMr6jPzUt4oAS2DWsTGqPqqRi/Vl4Plpus1CWFGjQk68Rsu1lR4eHwdDOJCWl8DDMKTkilRdHydEu1P9zpNYJDaoiwJ+sQs8uAZe+6QZpP/4asyagZ53a5woiT5+sxZ+7Cqv+IwUQOh4f6yO2JFJtPG4iUm6zBsVdjbMPl wildahunden@Daniels-MacBook-Pro-2.local",
                            "metadata.user_data": "I2Nsb3VkLWNvbmZpZwpvdXRwdXQ6IHthbGw6ICd8IHRlZSAtYSAvdmFyL2xvZy9jbG91ZC1pbml0LW91dHB1dC5sb2cnfQpwYWNrYWdlczoKIC0gaHR0cGQKcnVuY21kOgogLSBbIHNoLCAteGMsICJzeXN0ZW1jdGwgZGlzYWJsZSBmaXJld2FsbGQiIF0KIC0gWyBzaCwgLXhjLCAic3lzdGVtY3RsIHN0b3AgZmlyZXdhbGxkIiBdCiAtIFsgc2gsIC14YywgImZpcmV3YWxsLW9mZmxpbmUtY21kIC0tcGVybWFuZW50IC0tYWRkLXBvcnQ9ODAvdGNwIiBdCiAtIFsgc2gsIC14YywgImZpcmV3YWxsLW9mZmxpbmUtY21kIC0tcGVybWFuZW50IC0tYWRkLXBvcnQ9NDQzL3RjcCIgXQogLSBbIHNoLCAteGMsICJzeXN0ZW1jdGwgZW5hYmxlIGh0dHBkLnNlcnZpY2UiIF0KIC0gWyBzaCwgLXhjLCAic3lzdGVtY3RsIHN0YXJ0IGh0dHBkLnNlcnZpY2UiIF0KIC0gWyBzaCwgLXhjLCAiZWNobyAnPGh0bWw+PGhlYWQ+PC9oZWFkPjxib2R5PjxwcmU+PGNvZGU+JyA+IC92YXIvd3d3L2h0bWwvaW5kZXguaHRtbCIgXQogLSBbIHNoLCAteGMsICJob3N0bmFtZSA+PiAvdmFyL3d3dy9odG1sL2luZGV4Lmh0bWwiIF0KIC0gWyBzaCwgLXhjLCAiZWNobyAnJyA+PiAvdmFyL3d3dy9odG1sL2luZGV4Lmh0bWwiIF0KIC0gWyBzaCwgLXhjLCAiY2F0IC9ldGMvb3MtcmVsZWFzZSA+PiAvdmFyL3d3dy9odG1sL2luZGV4Lmh0bWwiIF0KIC0gWyBzaCwgLXhjLCAiZWNobyAnPC9jb2RlPjwvcHJlPjwvYm9keT48L2h0bWw+JyA+PiAvdmFyL3d3dy9odG1sL2luZGV4Lmh0bWwiIF0K",
                            "private_ip": "10.0.0.2",
                            "public_ip": "129.213.93.111",
                            "region": "iad",
                            "shape": "VM.Standard1.2",
                            "source_details.#": "1",
                            "source_details.0.boot_volume_size_in_gbs": "47",
                            "source_details.0.source_id": "ocid1.image.oc1.iad.aaaaaaaagqwnrno6c35vplndep6hu5gevyiqqag37muue3ich7g6tbs5aq4q",
                            "source_details.0.source_type": "image",
                            "state": "RUNNING",
                            "subnet_id": "ocid1.subnet.oc1.iad.aaaaaaaax5j5kl35kicsjvy7ty3bvr36rvnfqcxb3ovwyenw4nms4uoebxuq",
                            "time_created": "2018-08-04 20:03:27.062 +0000 UTC"
                        },
                        "meta": {
                            "e2bfb730-ecaa-11e6-8f88-34363bc7c4c0": {
                                "create": 7200000000000,
                                "delete": 7200000000000,
                                "update": 7200000000000
                            }
                        },
                        "tainted": false
                    },
                    "deposed": [],
                    "provider": "provider.oci"
                },
                "oci_core_instance.saltdemo-ws2": {
                    "type": "oci_core_instance",
                    "depends_on": [
                        "oci_core_subnet.saltdemo-subnet-ws2"
                    ],
                    "primary": {
                        "id": "ocid1.instance.oc1.iad.abuwcljtkxsasbtbwsj3aqa4kcrozr4sektpg3aghwebvwf4qd2ec6kvsetq",
                        "attributes": {
                            "availability_domain": "aNUQ:US-ASHBURN-AD-2",
                            "boot_volume_id": "ocid1.bootvolume.oc1.iad.abuwcljtqla6x5m7gqjx53h2yyxyglnmuwrsaeefedlvctudf6e4iptnwfsq",
                            "compartment_id": "ocid1.compartment.oc1..aaaaaaaam6uvbmgb5nzmoiurkyds6cax35xddpwafpcuru25fs6que4oln6q",
                            "create_vnic_details.#": "1",
                            "create_vnic_details.0.assign_public_ip": "true",
                            "create_vnic_details.0.defined_tags.%": "0",
                            "create_vnic_details.0.display_name": "primaryvnic",
                            "create_vnic_details.0.freeform_tags.%": "0",
                            "create_vnic_details.0.hostname_label": "webserver2",
                            "create_vnic_details.0.private_ip": "10.0.1.2",
                            "create_vnic_details.0.skip_source_dest_check": "false",
                            "create_vnic_details.0.subnet_id": "ocid1.subnet.oc1.iad.aaaaaaaaxzqp62tva2cbk67ucfawtkswbt46xnfene7h7us24iqjp5oll4ta",
                            "defined_tags.%": "0",
                            "display_name": "webserver1",
                            "freeform_tags.%": "0",
                            "hostname_label": "webserver2",
                            "id": "ocid1.instance.oc1.iad.abuwcljtkxsasbtbwsj3aqa4kcrozr4sektpg3aghwebvwf4qd2ec6kvsetq",
                            "image": "ocid1.image.oc1.iad.aaaaaaaagqwnrno6c35vplndep6hu5gevyiqqag37muue3ich7g6tbs5aq4q",
                            "launch_mode": "NATIVE",
                            "launch_options.#": "1",
                            "launch_options.0.boot_volume_type": "ISCSI",
                            "launch_options.0.firmware": "UEFI_64",
                            "launch_options.0.network_type": "VFIO",
                            "launch_options.0.remote_data_volume_type": "PARAVIRTUALIZED",
                            "metadata.%": "2",
                            "metadata.ssh_authorized_keys": "ssh-rsa AAAAB3NzaC1yc2EAAAADAQABAAABAQC4tJPnV15IvVHywFglq7i5yFEhVUmXqS8Cb7nw+nNO/vHrl6rekw3+jTCi1kmjOYC5YWzfbdl3Brcxcu3hn7Az+TCLBzxVDLu3327iUkw08bDzQITnvHnQqPS94HQxNbsfPX8vACKXbK/4OvMw9VlMz7zsG9R6JcO8KvCO7L2zUxN/mZHMr6jPzUt4oAS2DWsTGqPqqRi/Vl4Plpus1CWFGjQk68Rsu1lR4eHwdDOJCWl8DDMKTkilRdHydEu1P9zpNYJDaoiwJ+sQs8uAZe+6QZpP/4asyagZ53a5woiT5+sxZ+7Cqv+IwUQOh4f6yO2JFJtPG4iUm6zBsVdjbMPl wildahunden@Daniels-MacBook-Pro-2.local",
                            "metadata.user_data": "I2Nsb3VkLWNvbmZpZwpvdXRwdXQ6IHthbGw6ICd8IHRlZSAtYSAvdmFyL2xvZy9jbG91ZC1pbml0LW91dHB1dC5sb2cnfQpwYWNrYWdlczoKIC0gaHR0cGQKcnVuY21kOgogLSBbIHNoLCAteGMsICJzeXN0ZW1jdGwgZGlzYWJsZSBmaXJld2FsbGQiIF0KIC0gWyBzaCwgLXhjLCAic3lzdGVtY3RsIHN0b3AgZmlyZXdhbGxkIiBdCiAtIFsgc2gsIC14YywgImZpcmV3YWxsLW9mZmxpbmUtY21kIC0tcGVybWFuZW50IC0tYWRkLXBvcnQ9ODAvdGNwIiBdCiAtIFsgc2gsIC14YywgImZpcmV3YWxsLW9mZmxpbmUtY21kIC0tcGVybWFuZW50IC0tYWRkLXBvcnQ9NDQzL3RjcCIgXQogLSBbIHNoLCAteGMsICJzeXN0ZW1jdGwgZW5hYmxlIGh0dHBkLnNlcnZpY2UiIF0KIC0gWyBzaCwgLXhjLCAic3lzdGVtY3RsIHN0YXJ0IGh0dHBkLnNlcnZpY2UiIF0KIC0gWyBzaCwgLXhjLCAiZWNobyAnPGh0bWw+PGhlYWQ+PC9oZWFkPjxib2R5PjxwcmU+PGNvZGU+JyA+IC92YXIvd3d3L2h0bWwvaW5kZXguaHRtbCIgXQogLSBbIHNoLCAteGMsICJob3N0bmFtZSA+PiAvdmFyL3d3dy9odG1sL2luZGV4Lmh0bWwiIF0KIC0gWyBzaCwgLXhjLCAiZWNobyAnJyA+PiAvdmFyL3d3dy9odG1sL2luZGV4Lmh0bWwiIF0KIC0gWyBzaCwgLXhjLCAiY2F0IC9ldGMvb3MtcmVsZWFzZSA+PiAvdmFyL3d3dy9odG1sL2luZGV4Lmh0bWwiIF0KIC0gWyBzaCwgLXhjLCAiZWNobyAnPC9jb2RlPjwvcHJlPjwvYm9keT48L2h0bWw+JyA+PiAvdmFyL3d3dy9odG1sL2luZGV4Lmh0bWwiIF0K",
                            "private_ip": "10.0.1.2",
                            "public_ip": "129.213.63.215",
                            "region": "iad",
                            "shape": "VM.Standard1.2",
                            "source_details.#": "1",
                            "source_details.0.boot_volume_size_in_gbs": "47",
                            "source_details.0.source_id": "ocid1.image.oc1.iad.aaaaaaaagqwnrno6c35vplndep6hu5gevyiqqag37muue3ich7g6tbs5aq4q",
                            "source_details.0.source_type": "image",
                            "state": "RUNNING",
                            "subnet_id": "ocid1.subnet.oc1.iad.aaaaaaaaxzqp62tva2cbk67ucfawtkswbt46xnfene7h7us24iqjp5oll4ta",
                            "time_created": "2018-08-04 20:03:28.379 +0000 UTC"
                        },
                        "meta": {
                            "e2bfb730-ecaa-11e6-8f88-34363bc7c4c0": {
                                "create": 7200000000000,
                                "delete": 7200000000000,
                                "update": 7200000000000
                            }
                        },
                        "tainted": false
                    },
                    "deposed": [],
                    "provider": "provider.oci"
                },
                "oci_core_internet_gateway.saltdemo-IGW": {
                    "type": "oci_core_internet_gateway",
                    "depends_on": [
                        "oci_core_virtual_network.saltdemo-VCN"
                    ],
                    "primary": {
                        "id": "ocid1.internetgateway.oc1.iad.aaaaaaaad7edpiqqqmn4gzgis43qwzh3qhw2bhugdwfugg3xupkcflahc5la",
                        "attributes": {
                            "compartment_id": "ocid1.compartment.oc1..aaaaaaaam6uvbmgb5nzmoiurkyds6cax35xddpwafpcuru25fs6que4oln6q",
                            "defined_tags.%": "0",
                            "display_name": "saltdemo-IGW",
                            "enabled": "true",
                            "freeform_tags.%": "0",
                            "id": "ocid1.internetgateway.oc1.iad.aaaaaaaad7edpiqqqmn4gzgis43qwzh3qhw2bhugdwfugg3xupkcflahc5la",
                            "state": "AVAILABLE",
                            "time_created": "2018-08-04 20:03:23.599 +0000 UTC",
                            "vcn_id": "ocid1.vcn.oc1.iad.aaaaaaaa34dfgh7oyxfalpe3nnqzwq532yvdubs2uthxhsclaz3xrnohjjoq"
                        },
                        "meta": {
                            "e2bfb730-ecaa-11e6-8f88-34363bc7c4c0": {
                                "create": 900000000000,
                                "delete": 900000000000,
                                "update": 900000000000
                            }
                        },
                        "tainted": false
                    },
                    "deposed": [],
                    "provider": "provider.oci"
                },
                "oci_core_route_table.saltdemo-lb-RT": {
                    "type": "oci_core_route_table",
                    "depends_on": [
                        "oci_core_internet_gateway.saltdemo-IGW",
                        "oci_core_virtual_network.saltdemo-VCN"
                    ],
                    "primary": {
                        "id": "ocid1.routetable.oc1.iad.aaaaaaaaknnyntoumej6sstpak5hzsvgtz4cxuemd2blep3uv5yghtelwnkq",
                        "attributes": {
                            "compartment_id": "ocid1.compartment.oc1..aaaaaaaam6uvbmgb5nzmoiurkyds6cax35xddpwafpcuru25fs6que4oln6q",
                            "defined_tags.%": "0",
                            "display_name": "saltdemo-lb-RT",
                            "freeform_tags.%": "0",
                            "id": "ocid1.routetable.oc1.iad.aaaaaaaaknnyntoumej6sstpak5hzsvgtz4cxuemd2blep3uv5yghtelwnkq",
                            "route_rules.#": "1",
                            "route_rules.272910501.cidr_block": "0.0.0.0/0",
                            "route_rules.272910501.destination": "0.0.0.0/0",
                            "route_rules.272910501.destination_type": "CIDR_BLOCK",
                            "route_rules.272910501.network_entity_id": "ocid1.internetgateway.oc1.iad.aaaaaaaad7edpiqqqmn4gzgis43qwzh3qhw2bhugdwfugg3xupkcflahc5la",
                            "state": "AVAILABLE",
                            "time_created": "2018-08-04 20:03:24.172 +0000 UTC",
                            "vcn_id": "ocid1.vcn.oc1.iad.aaaaaaaa34dfgh7oyxfalpe3nnqzwq532yvdubs2uthxhsclaz3xrnohjjoq"
                        },
                        "meta": {
                            "e2bfb730-ecaa-11e6-8f88-34363bc7c4c0": {
                                "create": 900000000000,
                                "delete": 900000000000,
                                "update": 900000000000
                            }
                        },
                        "tainted": false
                    },
                    "deposed": [],
                    "provider": "provider.oci"
                },
                "oci_core_route_table.saltdemo-ws-RT": {
                    "type": "oci_core_route_table",
                    "depends_on": [
                        "oci_core_internet_gateway.saltdemo-IGW",
                        "oci_core_virtual_network.saltdemo-VCN"
                    ],
                    "primary": {
                        "id": "ocid1.routetable.oc1.iad.aaaaaaaaiyidxfsnnov7nm5aza6nymearc3gvzhr577pmsbyswonyylvnx3a",
                        "attributes": {
                            "compartment_id": "ocid1.compartment.oc1..aaaaaaaam6uvbmgb5nzmoiurkyds6cax35xddpwafpcuru25fs6que4oln6q",
                            "defined_tags.%": "0",
                            "display_name": "saltdemo-lb-RT",
                            "freeform_tags.%": "0",
                            "id": "ocid1.routetable.oc1.iad.aaaaaaaaiyidxfsnnov7nm5aza6nymearc3gvzhr577pmsbyswonyylvnx3a",
                            "route_rules.#": "1",
                            "route_rules.272910501.cidr_block": "0.0.0.0/0",
                            "route_rules.272910501.destination": "0.0.0.0/0",
                            "route_rules.272910501.destination_type": "CIDR_BLOCK",
                            "route_rules.272910501.network_entity_id": "ocid1.internetgateway.oc1.iad.aaaaaaaad7edpiqqqmn4gzgis43qwzh3qhw2bhugdwfugg3xupkcflahc5la",
                            "state": "AVAILABLE",
                            "time_created": "2018-08-04 20:03:24.182 +0000 UTC",
                            "vcn_id": "ocid1.vcn.oc1.iad.aaaaaaaa34dfgh7oyxfalpe3nnqzwq532yvdubs2uthxhsclaz3xrnohjjoq"
                        },
                        "meta": {
                            "e2bfb730-ecaa-11e6-8f88-34363bc7c4c0": {
                                "create": 900000000000,
                                "delete": 900000000000,
                                "update": 900000000000
                            }
                        },
                        "tainted": false
                    },
                    "deposed": [],
                    "provider": "provider.oci"
                },
                "oci_core_security_list.saltdemo-lb-LIST": {
                    "type": "oci_core_security_list",
                    "depends_on": [
                        "oci_core_virtual_network.saltdemo-VCN"
                    ],
                    "primary": {
                        "id": "ocid1.securitylist.oc1.iad.aaaaaaaa5cayu7f2eclu6brdhvqywjnqaah47lq7edy3dqp3bbcqpshdbfea",
                        "attributes": {
                            "compartment_id": "ocid1.compartment.oc1..aaaaaaaam6uvbmgb5nzmoiurkyds6cax35xddpwafpcuru25fs6que4oln6q",
                            "defined_tags.%": "0",
                            "display_name": "saltdemo-lb-LIST",
                            "egress_security_rules.#": "2",
                            "egress_security_rules.1526331121.destination": "10.0.1.0/24",
                            "egress_security_rules.1526331121.destination_type": "CIDR_BLOCK",
                            "egress_security_rules.1526331121.icmp_options.#": "0",
                            "egress_security_rules.1526331121.protocol": "6",
                            "egress_security_rules.1526331121.stateless": "false",
                            "egress_security_rules.1526331121.tcp_options.#": "1",
                            "egress_security_rules.1526331121.tcp_options.0.max": "80",
                            "egress_security_rules.1526331121.tcp_options.0.min": "80",
                            "egress_security_rules.1526331121.tcp_options.0.source_port_range.#": "0",
                            "egress_security_rules.1526331121.udp_options.#": "0",
                            "egress_security_rules.71273953.destination": "10.0.0.0/24",
                            "egress_security_rules.71273953.destination_type": "CIDR_BLOCK",
                            "egress_security_rules.71273953.icmp_options.#": "0",
                            "egress_security_rules.71273953.protocol": "6",
                            "egress_security_rules.71273953.stateless": "false",
                            "egress_security_rules.71273953.tcp_options.#": "1",
                            "egress_security_rules.71273953.tcp_options.0.max": "80",
                            "egress_security_rules.71273953.tcp_options.0.min": "80",
                            "egress_security_rules.71273953.tcp_options.0.source_port_range.#": "0",
                            "egress_security_rules.71273953.udp_options.#": "0",
                            "freeform_tags.%": "0",
                            "id": "ocid1.securitylist.oc1.iad.aaaaaaaa5cayu7f2eclu6brdhvqywjnqaah47lq7edy3dqp3bbcqpshdbfea",
                            "ingress_security_rules.#": "4",
                            "ingress_security_rules.1166929008.icmp_options.#": "1",
                            "ingress_security_rules.1166929008.icmp_options.0.code": "-1",
                            "ingress_security_rules.1166929008.icmp_options.0.type": "3",
                            "ingress_security_rules.1166929008.protocol": "1",
                            "ingress_security_rules.1166929008.source": "10.0.0.0/16",
                            "ingress_security_rules.1166929008.source_type": "CIDR_BLOCK",
                            "ingress_security_rules.1166929008.stateless": "false",
                            "ingress_security_rules.1166929008.tcp_options.#": "0",
                            "ingress_security_rules.1166929008.udp_options.#": "0",
                            "ingress_security_rules.1277982996.icmp_options.#": "1",
                            "ingress_security_rules.1277982996.icmp_options.0.code": "4",
                            "ingress_security_rules.1277982996.icmp_options.0.type": "3",
                            "ingress_security_rules.1277982996.protocol": "1",
                            "ingress_security_rules.1277982996.source": "0.0.0.0/0",
                            "ingress_security_rules.1277982996.source_type": "CIDR_BLOCK",
                            "ingress_security_rules.1277982996.stateless": "false",
                            "ingress_security_rules.1277982996.tcp_options.#": "0",
                            "ingress_security_rules.1277982996.udp_options.#": "0",
                            "ingress_security_rules.433419288.icmp_options.#": "0",
                            "ingress_security_rules.433419288.protocol": "6",
                            "ingress_security_rules.433419288.source": "0.0.0.0/0",
                            "ingress_security_rules.433419288.source_type": "CIDR_BLOCK",
                            "ingress_security_rules.433419288.stateless": "false",
                            "ingress_security_rules.433419288.tcp_options.#": "1",
                            "ingress_security_rules.433419288.tcp_options.0.max": "80",
                            "ingress_security_rules.433419288.tcp_options.0.min": "80",
                            "ingress_security_rules.433419288.tcp_options.0.source_port_range.#": "0",
                            "ingress_security_rules.433419288.udp_options.#": "0",
                            "ingress_security_rules.47193274.icmp_options.#": "0",
                            "ingress_security_rules.47193274.protocol": "6",
                            "ingress_security_rules.47193274.source": "0.0.0.0/0",
                            "ingress_security_rules.47193274.source_type": "CIDR_BLOCK",
                            "ingress_security_rules.47193274.stateless": "false",
                            "ingress_security_rules.47193274.tcp_options.#": "1",
                            "ingress_security_rules.47193274.tcp_options.0.max": "22",
                            "ingress_security_rules.47193274.tcp_options.0.min": "22",
                            "ingress_security_rules.47193274.tcp_options.0.source_port_range.#": "0",
                            "ingress_security_rules.47193274.udp_options.#": "0",
                            "state": "AVAILABLE",
                            "time_created": "2018-08-04 20:03:23.765 +0000 UTC",
                            "vcn_id": "ocid1.vcn.oc1.iad.aaaaaaaa34dfgh7oyxfalpe3nnqzwq532yvdubs2uthxhsclaz3xrnohjjoq"
                        },
                        "meta": {
                            "e2bfb730-ecaa-11e6-8f88-34363bc7c4c0": {
                                "create": 900000000000,
                                "delete": 900000000000,
                                "update": 900000000000
                            }
                        },
                        "tainted": false
                    },
                    "deposed": [],
                    "provider": "provider.oci"
                },
                "oci_core_security_list.saltdemo-ws-LIST": {
                    "type": "oci_core_security_list",
                    "depends_on": [
                        "oci_core_virtual_network.saltdemo-VCN"
                    ],
                    "primary": {
                        "id": "ocid1.securitylist.oc1.iad.aaaaaaaarzp4mbs27nqxrg4ttejggifxfgt4jje3nbkoqaepibcl44sg2s4a",
                        "attributes": {
                            "compartment_id": "ocid1.compartment.oc1..aaaaaaaam6uvbmgb5nzmoiurkyds6cax35xddpwafpcuru25fs6que4oln6q",
                            "defined_tags.%": "0",
                            "display_name": "saltdemo-ws-LIST",
                            "egress_security_rules.#": "1",
                            "egress_security_rules.473672169.destination": "0.0.0.0/0",
                            "egress_security_rules.473672169.destination_type": "CIDR_BLOCK",
                            "egress_security_rules.473672169.icmp_options.#": "0",
                            "egress_security_rules.473672169.protocol": "6",
                            "egress_security_rules.473672169.stateless": "false",
                            "egress_security_rules.473672169.tcp_options.#": "0",
                            "egress_security_rules.473672169.udp_options.#": "0",
                            "freeform_tags.%": "0",
                            "id": "ocid1.securitylist.oc1.iad.aaaaaaaarzp4mbs27nqxrg4ttejggifxfgt4jje3nbkoqaepibcl44sg2s4a",
                            "ingress_security_rules.#": "5",
                            "ingress_security_rules.1006896788.icmp_options.#": "0",
                            "ingress_security_rules.1006896788.protocol": "6",
                            "ingress_security_rules.1006896788.source": "10.0.3.0/24",
                            "ingress_security_rules.1006896788.source_type": "CIDR_BLOCK",
                            "ingress_security_rules.1006896788.stateless": "false",
                            "ingress_security_rules.1006896788.tcp_options.#": "1",
                            "ingress_security_rules.1006896788.tcp_options.0.max": "80",
                            "ingress_security_rules.1006896788.tcp_options.0.min": "80",
                            "ingress_security_rules.1006896788.tcp_options.0.source_port_range.#": "0",
                            "ingress_security_rules.1006896788.udp_options.#": "0",
                            "ingress_security_rules.1166929008.icmp_options.#": "1",
                            "ingress_security_rules.1166929008.icmp_options.0.code": "-1",
                            "ingress_security_rules.1166929008.icmp_options.0.type": "3",
                            "ingress_security_rules.1166929008.protocol": "1",
                            "ingress_security_rules.1166929008.source": "10.0.0.0/16",
                            "ingress_security_rules.1166929008.source_type": "CIDR_BLOCK",
                            "ingress_security_rules.1166929008.stateless": "false",
                            "ingress_security_rules.1166929008.tcp_options.#": "0",
                            "ingress_security_rules.1166929008.udp_options.#": "0",
                            "ingress_security_rules.1277982996.icmp_options.#": "1",
                            "ingress_security_rules.1277982996.icmp_options.0.code": "4",
                            "ingress_security_rules.1277982996.icmp_options.0.type": "3",
                            "ingress_security_rules.1277982996.protocol": "1",
                            "ingress_security_rules.1277982996.source": "0.0.0.0/0",
                            "ingress_security_rules.1277982996.source_type": "CIDR_BLOCK",
                            "ingress_security_rules.1277982996.stateless": "false",
                            "ingress_security_rules.1277982996.tcp_options.#": "0",
                            "ingress_security_rules.1277982996.udp_options.#": "0",
                            "ingress_security_rules.1656913282.icmp_options.#": "0",
                            "ingress_security_rules.1656913282.protocol": "6",
                            "ingress_security_rules.1656913282.source": "10.0.2.0/24",
                            "ingress_security_rules.1656913282.source_type": "CIDR_BLOCK",
                            "ingress_security_rules.1656913282.stateless": "false",
                            "ingress_security_rules.1656913282.tcp_options.#": "1",
                            "ingress_security_rules.1656913282.tcp_options.0.max": "80",
                            "ingress_security_rules.1656913282.tcp_options.0.min": "80",
                            "ingress_security_rules.1656913282.tcp_options.0.source_port_range.#": "0",
                            "ingress_security_rules.1656913282.udp_options.#": "0",
                            "ingress_security_rules.47193274.icmp_options.#": "0",
                            "ingress_security_rules.47193274.protocol": "6",
                            "ingress_security_rules.47193274.source": "0.0.0.0/0",
                            "ingress_security_rules.47193274.source_type": "CIDR_BLOCK",
                            "ingress_security_rules.47193274.stateless": "false",
                            "ingress_security_rules.47193274.tcp_options.#": "1",
                            "ingress_security_rules.47193274.tcp_options.0.max": "22",
                            "ingress_security_rules.47193274.tcp_options.0.min": "22",
                            "ingress_security_rules.47193274.tcp_options.0.source_port_range.#": "0",
                            "ingress_security_rules.47193274.udp_options.#": "0",
                            "state": "AVAILABLE",
                            "time_created": "2018-08-04 20:03:23.944 +0000 UTC",
                            "vcn_id": "ocid1.vcn.oc1.iad.aaaaaaaa34dfgh7oyxfalpe3nnqzwq532yvdubs2uthxhsclaz3xrnohjjoq"
                        },
                        "meta": {
                            "e2bfb730-ecaa-11e6-8f88-34363bc7c4c0": {
                                "create": 900000000000,
                                "delete": 900000000000,
                                "update": 900000000000
                            }
                        },
                        "tainted": false
                    },
                    "deposed": [],
                    "provider": "provider.oci"
                },
                "oci_core_subnet.saltdemo-subnet-lb1": {
                    "type": "oci_core_subnet",
                    "depends_on": [
                        "oci_core_route_table.saltdemo-lb-RT",
                        "oci_core_security_list.saltdemo-lb-LIST",
                        "oci_core_virtual_network.saltdemo-VCN"
                    ],
                    "primary": {
                        "id": "ocid1.subnet.oc1.iad.aaaaaaaa4zjg3rhcyj6uvxjxwqn7sgetqnladg5hjj6ls7ov3wstzw7yjvuq",
                        "attributes": {
                            "availability_domain": "aNUQ:US-ASHBURN-AD-1",
                            "cidr_block": "10.0.2.0/24",
                            "compartment_id": "ocid1.compartment.oc1..aaaaaaaam6uvbmgb5nzmoiurkyds6cax35xddpwafpcuru25fs6que4oln6q",
                            "defined_tags.%": "0",
                            "dhcp_options_id": "ocid1.dhcpoptions.oc1.iad.aaaaaaaaskupkph2ijaqhrx3ulnqduhhvhhdtgc2sspidfzxyfuwytlxxiaq",
                            "display_name": "saltdemo-subnet-lb1",
                            "dns_label": "saltdemosnlb1",
                            "freeform_tags.%": "0",
                            "id": "ocid1.subnet.oc1.iad.aaaaaaaa4zjg3rhcyj6uvxjxwqn7sgetqnladg5hjj6ls7ov3wstzw7yjvuq",
                            "prohibit_public_ip_on_vnic": "false",
                            "route_table_id": "ocid1.routetable.oc1.iad.aaaaaaaaknnyntoumej6sstpak5hzsvgtz4cxuemd2blep3uv5yghtelwnkq",
                            "security_list_ids.#": "1",
                            "security_list_ids.1777490867": "ocid1.securitylist.oc1.iad.aaaaaaaa5cayu7f2eclu6brdhvqywjnqaah47lq7edy3dqp3bbcqpshdbfea",
                            "state": "AVAILABLE",
                            "subnet_domain_name": "saltdemosnlb1.saltdemovcn.oraclevcn.com",
                            "time_created": "2018-08-04 20:03:25.757 +0000 UTC",
                            "vcn_id": "ocid1.vcn.oc1.iad.aaaaaaaa34dfgh7oyxfalpe3nnqzwq532yvdubs2uthxhsclaz3xrnohjjoq",
                            "virtual_router_ip": "10.0.2.1",
                            "virtual_router_mac": "00:00:17:83:18:AD"
                        },
                        "meta": {
                            "e2bfb730-ecaa-11e6-8f88-34363bc7c4c0": {
                                "create": 900000000000,
                                "delete": 900000000000,
                                "update": 900000000000
                            }
                        },
                        "tainted": false
                    },
                    "deposed": [],
                    "provider": "provider.oci"
                },
                "oci_core_subnet.saltdemo-subnet-lb2": {
                    "type": "oci_core_subnet",
                    "depends_on": [
                        "oci_core_route_table.saltdemo-lb-RT",
                        "oci_core_security_list.saltdemo-lb-LIST",
                        "oci_core_virtual_network.saltdemo-VCN"
                    ],
                    "primary": {
                        "id": "ocid1.subnet.oc1.iad.aaaaaaaak6zsh5je4fq65t5emk4pz73um2sxqmptdqeiv4uziysby35tkkua",
                        "attributes": {
                            "availability_domain": "aNUQ:US-ASHBURN-AD-2",
                            "cidr_block": "10.0.3.0/24",
                            "compartment_id": "ocid1.compartment.oc1..aaaaaaaam6uvbmgb5nzmoiurkyds6cax35xddpwafpcuru25fs6que4oln6q",
                            "defined_tags.%": "0",
                            "dhcp_options_id": "ocid1.dhcpoptions.oc1.iad.aaaaaaaaskupkph2ijaqhrx3ulnqduhhvhhdtgc2sspidfzxyfuwytlxxiaq",
                            "display_name": "saltdemo-subnet-lb2",
                            "dns_label": "saltdemosnlb2",
                            "freeform_tags.%": "0",
                            "id": "ocid1.subnet.oc1.iad.aaaaaaaak6zsh5je4fq65t5emk4pz73um2sxqmptdqeiv4uziysby35tkkua",
                            "prohibit_public_ip_on_vnic": "false",
                            "route_table_id": "ocid1.routetable.oc1.iad.aaaaaaaaknnyntoumej6sstpak5hzsvgtz4cxuemd2blep3uv5yghtelwnkq",
                            "security_list_ids.#": "1",
                            "security_list_ids.1777490867": "ocid1.securitylist.oc1.iad.aaaaaaaa5cayu7f2eclu6brdhvqywjnqaah47lq7edy3dqp3bbcqpshdbfea",
                            "state": "AVAILABLE",
                            "subnet_domain_name": "saltdemosnlb2.saltdemovcn.oraclevcn.com",
                            "time_created": "2018-08-04 20:03:25.968 +0000 UTC",
                            "vcn_id": "ocid1.vcn.oc1.iad.aaaaaaaa34dfgh7oyxfalpe3nnqzwq532yvdubs2uthxhsclaz3xrnohjjoq",
                            "virtual_router_ip": "10.0.3.1",
                            "virtual_router_mac": "00:00:17:83:18:AD"
                        },
                        "meta": {
                            "e2bfb730-ecaa-11e6-8f88-34363bc7c4c0": {
                                "create": 900000000000,
                                "delete": 900000000000,
                                "update": 900000000000
                            }
                        },
                        "tainted": false
                    },
                    "deposed": [],
                    "provider": "provider.oci"
                },
                "oci_core_subnet.saltdemo-subnet-ws1": {
                    "type": "oci_core_subnet",
                    "depends_on": [
                        "oci_core_route_table.saltdemo-ws-RT",
                        "oci_core_security_list.saltdemo-ws-LIST",
                        "oci_core_virtual_network.saltdemo-VCN"
                    ],
                    "primary": {
                        "id": "ocid1.subnet.oc1.iad.aaaaaaaax5j5kl35kicsjvy7ty3bvr36rvnfqcxb3ovwyenw4nms4uoebxuq",
                        "attributes": {
                            "availability_domain": "aNUQ:US-ASHBURN-AD-1",
                            "cidr_block": "10.0.0.0/24",
                            "compartment_id": "ocid1.compartment.oc1..aaaaaaaam6uvbmgb5nzmoiurkyds6cax35xddpwafpcuru25fs6que4oln6q",
                            "defined_tags.%": "0",
                            "dhcp_options_id": "ocid1.dhcpoptions.oc1.iad.aaaaaaaaskupkph2ijaqhrx3ulnqduhhvhhdtgc2sspidfzxyfuwytlxxiaq",
                            "display_name": "saltdemo-subnet-ws1",
                            "dns_label": "saltdemosnws1",
                            "freeform_tags.%": "0",
                            "id": "ocid1.subnet.oc1.iad.aaaaaaaax5j5kl35kicsjvy7ty3bvr36rvnfqcxb3ovwyenw4nms4uoebxuq",
                            "prohibit_public_ip_on_vnic": "false",
                            "route_table_id": "ocid1.routetable.oc1.iad.aaaaaaaaiyidxfsnnov7nm5aza6nymearc3gvzhr577pmsbyswonyylvnx3a",
                            "security_list_ids.#": "1",
                            "security_list_ids.1071702853": "ocid1.securitylist.oc1.iad.aaaaaaaarzp4mbs27nqxrg4ttejggifxfgt4jje3nbkoqaepibcl44sg2s4a",
                            "state": "AVAILABLE",
                            "subnet_domain_name": "saltdemosnws1.saltdemovcn.oraclevcn.com",
                            "time_created": "2018-08-04 20:03:25.223 +0000 UTC",
                            "vcn_id": "ocid1.vcn.oc1.iad.aaaaaaaa34dfgh7oyxfalpe3nnqzwq532yvdubs2uthxhsclaz3xrnohjjoq",
                            "virtual_router_ip": "10.0.0.1",
                            "virtual_router_mac": "00:00:17:83:18:AD"
                        },
                        "meta": {
                            "e2bfb730-ecaa-11e6-8f88-34363bc7c4c0": {
                                "create": 900000000000,
                                "delete": 900000000000,
                                "update": 900000000000
                            }
                        },
                        "tainted": false
                    },
                    "deposed": [],
                    "provider": "provider.oci"
                },
                "oci_core_subnet.saltdemo-subnet-ws2": {
                    "type": "oci_core_subnet",
                    "depends_on": [
                        "oci_core_route_table.saltdemo-ws-RT",
                        "oci_core_security_list.saltdemo-ws-LIST",
                        "oci_core_virtual_network.saltdemo-VCN"
                    ],
                    "primary": {
                        "id": "ocid1.subnet.oc1.iad.aaaaaaaaxzqp62tva2cbk67ucfawtkswbt46xnfene7h7us24iqjp5oll4ta",
                        "attributes": {
                            "availability_domain": "aNUQ:US-ASHBURN-AD-2",
                            "cidr_block": "10.0.1.0/24",
                            "compartment_id": "ocid1.compartment.oc1..aaaaaaaam6uvbmgb5nzmoiurkyds6cax35xddpwafpcuru25fs6que4oln6q",
                            "defined_tags.%": "0",
                            "dhcp_options_id": "ocid1.dhcpoptions.oc1.iad.aaaaaaaaskupkph2ijaqhrx3ulnqduhhvhhdtgc2sspidfzxyfuwytlxxiaq",
                            "display_name": "saltdemo-subnet-ws2",
                            "dns_label": "saltdemosnws2",
                            "freeform_tags.%": "0",
                            "id": "ocid1.subnet.oc1.iad.aaaaaaaaxzqp62tva2cbk67ucfawtkswbt46xnfene7h7us24iqjp5oll4ta",
                            "prohibit_public_ip_on_vnic": "false",
                            "route_table_id": "ocid1.routetable.oc1.iad.aaaaaaaaiyidxfsnnov7nm5aza6nymearc3gvzhr577pmsbyswonyylvnx3a",
                            "security_list_ids.#": "1",
                            "security_list_ids.1071702853": "ocid1.securitylist.oc1.iad.aaaaaaaarzp4mbs27nqxrg4ttejggifxfgt4jje3nbkoqaepibcl44sg2s4a",
                            "state": "AVAILABLE",
                            "subnet_domain_name": "saltdemosnws2.saltdemovcn.oraclevcn.com",
                            "time_created": "2018-08-04 20:03:25.604 +0000 UTC",
                            "vcn_id": "ocid1.vcn.oc1.iad.aaaaaaaa34dfgh7oyxfalpe3nnqzwq532yvdubs2uthxhsclaz3xrnohjjoq",
                            "virtual_router_ip": "10.0.1.1",
                            "virtual_router_mac": "00:00:17:83:18:AD"
                        },
                        "meta": {
                            "e2bfb730-ecaa-11e6-8f88-34363bc7c4c0": {
                                "create": 900000000000,
                                "delete": 900000000000,
                                "update": 900000000000
                            }
                        },
                        "tainted": false
                    },
                    "deposed": [],
                    "provider": "provider.oci"
                },
                "oci_core_virtual_network.saltdemo-VCN": {
                    "type": "oci_core_virtual_network",
                    "depends_on": [],
                    "primary": {
                        "id": "ocid1.vcn.oc1.iad.aaaaaaaa34dfgh7oyxfalpe3nnqzwq532yvdubs2uthxhsclaz3xrnohjjoq",
                        "attributes": {
                            "cidr_block": "10.0.0.0/16",
                            "compartment_id": "ocid1.compartment.oc1..aaaaaaaam6uvbmgb5nzmoiurkyds6cax35xddpwafpcuru25fs6que4oln6q",
                            "default_dhcp_options_id": "ocid1.dhcpoptions.oc1.iad.aaaaaaaaskupkph2ijaqhrx3ulnqduhhvhhdtgc2sspidfzxyfuwytlxxiaq",
                            "default_route_table_id": "ocid1.routetable.oc1.iad.aaaaaaaax7myj2hchkd2jtwupouedkaij4govzalagswamrpznvplei5gxbq",
                            "default_security_list_id": "ocid1.securitylist.oc1.iad.aaaaaaaapfgugdk4hmeqrnw5jpgdaszhx7nphjndzglaledplzwl3tgpjeoa",
                            "defined_tags.%": "0",
                            "display_name": "saltdemo-VCN",
                            "dns_label": "saltdemovcn",
                            "freeform_tags.%": "0",
                            "id": "ocid1.vcn.oc1.iad.aaaaaaaa34dfgh7oyxfalpe3nnqzwq532yvdubs2uthxhsclaz3xrnohjjoq",
                            "state": "AVAILABLE",
                            "time_created": "2018-08-04 20:03:23.089 +0000 UTC",
                            "vcn_domain_name": "saltdemovcn.oraclevcn.com"
                        },
                        "meta": {
                            "e2bfb730-ecaa-11e6-8f88-34363bc7c4c0": {
                                "create": 900000000000,
                                "delete": 900000000000,
                                "update": 900000000000
                            }
                        },
                        "tainted": false
                    },
                    "deposed": [],
                    "provider": "provider.oci"
                },
                "oci_load_balancer.saltdemo-lb1": {
                    "type": "oci_load_balancer",
                    "depends_on": [
                        "oci_core_subnet.saltdemo-subnet-lb1",
                        "oci_core_subnet.saltdemo-subnet-lb2"
                    ],
                    "primary": {
                        "id": "ocid1.loadbalancer.oc1.iad.aaaaaaaagn7wraymz5ru3ebarffszd6t77rrgjcgrybq56buyjfffybgg5na",
                        "attributes": {
                            "compartment_id": "ocid1.compartment.oc1..aaaaaaaam6uvbmgb5nzmoiurkyds6cax35xddpwafpcuru25fs6que4oln6q",
                            "display_name": "saltdemo-lb1",
                            "id": "ocid1.loadbalancer.oc1.iad.aaaaaaaagn7wraymz5ru3ebarffszd6t77rrgjcgrybq56buyjfffybgg5na",
                            "ip_addresses.#": "1",
                            "ip_addresses.0": "129.213.79.237",
                            "is_private": "false",
                            "shape": "100Mbps",
                            "state": "ACTIVE",
                            "subnet_ids.#": "2",
                            "subnet_ids.0": "ocid1.subnet.oc1.iad.aaaaaaaa4zjg3rhcyj6uvxjxwqn7sgetqnladg5hjj6ls7ov3wstzw7yjvuq",
                            "subnet_ids.1": "ocid1.subnet.oc1.iad.aaaaaaaak6zsh5je4fq65t5emk4pz73um2sxqmptdqeiv4uziysby35tkkua",
                            "time_created": "2018-08-04 20:03:26.482 +0000 UTC"
                        },
                        "meta": {},
                        "tainted": false
                    },
                    "deposed": [],
                    "provider": "provider.oci"
                },
                "oci_load_balancer_backend.saltdemo-lb-be1": {
                    "type": "oci_load_balancer_backend",
                    "depends_on": [
                        "oci_core_instance.saltdemo-ws1",
                        "oci_load_balancer.saltdemo-lb1",
                        "oci_load_balancer_backend_set.saltdemo-lb-bes1"
                    ],
                    "primary": {
                        "id": "10.0.0.2:80",
                        "attributes": {
                            "backendset_name": "saltdemo-lb-bes1",
                            "backup": "false",
                            "drain": "false",
                            "id": "10.0.0.2:80",
                            "ip_address": "10.0.0.2",
                            "load_balancer_id": "ocid1.loadbalancer.oc1.iad.aaaaaaaagn7wraymz5ru3ebarffszd6t77rrgjcgrybq56buyjfffybgg5na",
                            "name": "10.0.0.2:80",
                            "offline": "false",
                            "port": "80",
                            "state": "SUCCEEDED",
                            "weight": "1"
                        },
                        "meta": {},
                        "tainted": false
                    },
                    "deposed": [],
                    "provider": "provider.oci"
                },
                "oci_load_balancer_backend.saltdemo-lb-be2": {
                    "type": "oci_load_balancer_backend",
                    "depends_on": [
                        "oci_core_instance.saltdemo-ws2",
                        "oci_load_balancer.saltdemo-lb1",
                        "oci_load_balancer_backend_set.saltdemo-lb-bes1"
                    ],
                    "primary": {
                        "id": "10.0.1.2:80",
                        "attributes": {
                            "backendset_name": "saltdemo-lb-bes1",
                            "backup": "false",
                            "drain": "false",
                            "id": "10.0.1.2:80",
                            "ip_address": "10.0.1.2",
                            "load_balancer_id": "ocid1.loadbalancer.oc1.iad.aaaaaaaagn7wraymz5ru3ebarffszd6t77rrgjcgrybq56buyjfffybgg5na",
                            "name": "10.0.1.2:80",
                            "offline": "false",
                            "port": "80",
                            "state": "SUCCEEDED",
                            "weight": "1"
                        },
                        "meta": {},
                        "tainted": false
                    },
                    "deposed": [],
                    "provider": "provider.oci"
                },
                "oci_load_balancer_backend_set.saltdemo-lb-bes1": {
                    "type": "oci_load_balancer_backend_set",
                    "depends_on": [
                        "oci_load_balancer.saltdemo-lb1"
                    ],
                    "primary": {
                        "id": "saltdemo-lb-bes1",
                        "attributes": {
                            "backend.#": "0",
                            "health_checker.#": "1",
                            "health_checker.0.interval_ms": "30000",
                            "health_checker.0.port": "80",
                            "health_checker.0.protocol": "HTTP",
                            "health_checker.0.response_body_regex": ".*",
                            "health_checker.0.retries": "3",
                            "health_checker.0.return_code": "200",
                            "health_checker.0.timeout_in_millis": "3000",
                            "health_checker.0.url_path": "/",
                            "id": "saltdemo-lb-bes1",
                            "load_balancer_id": "ocid1.loadbalancer.oc1.iad.aaaaaaaagn7wraymz5ru3ebarffszd6t77rrgjcgrybq56buyjfffybgg5na",
                            "name": "saltdemo-lb-bes1",
                            "policy": "ROUND_ROBIN",
                            "session_persistence_configuration.#": "0",
                            "ssl_configuration.#": "0",
                            "state": "SUCCEEDED"
                        },
                        "meta": {},
                        "tainted": false
                    },
                    "deposed": [],
                    "provider": "provider.oci"
                },
                "oci_load_balancer_hostname.saltdemo-lb-host1": {
                    "type": "oci_load_balancer_hostname",
                    "depends_on": [
                        "oci_load_balancer.saltdemo-lb1"
                    ],
                    "primary": {
                        "id": "hostname1",
                        "attributes": {
                            "hostname": "app.example.com",
                            "id": "hostname1",
                            "load_balancer_id": "ocid1.loadbalancer.oc1.iad.aaaaaaaagn7wraymz5ru3ebarffszd6t77rrgjcgrybq56buyjfffybgg5na",
                            "name": "hostname1",
                            "state": "SUCCEEDED"
                        },
                        "meta": {
                            "e2bfb730-ecaa-11e6-8f88-34363bc7c4c0": {
                                "create": 900000000000,
                                "delete": 900000000000,
                                "update": 900000000000
                            }
                        },
                        "tainted": false
                    },
                    "deposed": [],
                    "provider": "provider.oci"
                },
                "oci_load_balancer_hostname.saltdemo-lb-host2": {
                    "type": "oci_load_balancer_hostname",
                    "depends_on": [
                        "oci_load_balancer.saltdemo-lb1"
                    ],
                    "primary": {
                        "id": "hostname2",
                        "attributes": {
                            "hostname": "app2.example.com",
                            "id": "hostname2",
                            "load_balancer_id": "ocid1.loadbalancer.oc1.iad.aaaaaaaagn7wraymz5ru3ebarffszd6t77rrgjcgrybq56buyjfffybgg5na",
                            "name": "hostname2",
                            "state": "SUCCEEDED"
                        },
                        "meta": {
                            "e2bfb730-ecaa-11e6-8f88-34363bc7c4c0": {
                                "create": 900000000000,
                                "delete": 900000000000,
                                "update": 900000000000
                            }
                        },
                        "tainted": false
                    },
                    "deposed": [],
                    "provider": "provider.oci"
                },
                "oci_load_balancer_listener.lb-listener1": {
                    "type": "oci_load_balancer_listener",
                    "depends_on": [
                        "oci_load_balancer.saltdemo-lb1",
                        "oci_load_balancer_backend_set.saltdemo-lb-bes1",
                        "oci_load_balancer_hostname.saltdemo-lb-host1",
                        "oci_load_balancer_hostname.saltdemo-lb-host2"
                    ],
                    "primary": {
                        "id": "http",
                        "attributes": {
                            "connection_configuration.#": "1",
                            "connection_configuration.0.idle_timeout_in_seconds": "2",
                            "default_backend_set_name": "saltdemo-lb-bes1",
                            "hostname_names.#": "2",
                            "hostname_names.0": "hostname1",
                            "hostname_names.1": "hostname2",
                            "id": "http",
                            "load_balancer_id": "ocid1.loadbalancer.oc1.iad.aaaaaaaagn7wraymz5ru3ebarffszd6t77rrgjcgrybq56buyjfffybgg5na",
                            "name": "http",
                            "port": "80",
                            "protocol": "HTTP",
                            "ssl_configuration.#": "0",
                            "state": "SUCCEEDED"
                        },
                        "meta": {},
                        "tainted": false
                    },
                    "deposed": [],
                    "provider": "provider.oci"
                },
                "oci_load_balancer_path_route_set.test_path_route_set": {
                    "type": "oci_load_balancer_path_route_set",
                    "depends_on": [
                        "oci_load_balancer.saltdemo-lb1",
                        "oci_load_balancer_backend_set.saltdemo-lb-bes1"
                    ],
                    "primary": {
                        "id": "pr-set1",
                        "attributes": {
                            "id": "pr-set1",
                            "load_balancer_id": "ocid1.loadbalancer.oc1.iad.aaaaaaaagn7wraymz5ru3ebarffszd6t77rrgjcgrybq56buyjfffybgg5na",
                            "name": "pr-set1",
                            "path_routes.#": "1",
                            "path_routes.0.backend_set_name": "saltdemo-lb-bes1",
                            "path_routes.0.path": "/",
                            "path_routes.0.path_match_type.#": "1",
                            "path_routes.0.path_match_type.0.match_type": "EXACT_MATCH",
                            "state": "SUCCEEDED"
                        },
                        "meta": {
                            "e2bfb730-ecaa-11e6-8f88-34363bc7c4c0": {
                                "create": 900000000000,
                                "delete": 900000000000,
                                "update": 900000000000
                            }
                        },
                        "tainted": false
                    },
                    "deposed": [],
                    "provider": "provider.oci"
                }
            },
            "depends_on": []
        }
    ]
}
