{
    "version": 3,
    "terraform_version": "0.11.7",
    "serial": 33,
    "lineage": "e22f38a2-9bf9-e341-006f-6b456c14faee",
    "modules": [
        {
            "path": [
                "root"
            ],
            "outputs": {},
            "resources": {
                "oci_core_instance.saltdemo-ws1": {
                    "type": "oci_core_instance",
                    "depends_on": [
                        "oci_core_subnet.saltdemo-subnet-ws1"
                    ],
                    "primary": {
                        "id": "ocid1.instance.oc1.iad.abuwcljrazyasrmvtrf5cx4k53wbjnyuprulurrxezqwich7dazew2b5ls5a",
                        "attributes": {
                            "availability_domain": "aNUQ:US-ASHBURN-AD-1",
                            "boot_volume_id": "ocid1.bootvolume.oc1.iad.abuwcljriw2ecf5pyzw3grvhti6tlascynpyhvrnncjjc4xzk7qco3fbqorq",
                            "compartment_id": "ocid1.compartment.oc1..aaaaaaaam6uvbmgb5nzmoiurkyds6cax35xddpwafpcuru25fs6que4oln6q",
                            "create_vnic_details.#": "1",
                            "create_vnic_details.0.assign_public_ip": "true",
                            "create_vnic_details.0.defined_tags.%": "0",
                            "create_vnic_details.0.display_name": "primaryvnic",
                            "create_vnic_details.0.freeform_tags.%": "0",
                            "create_vnic_details.0.hostname_label": "hnlwebserver1",
                            "create_vnic_details.0.private_ip": "10.0.0.2",
                            "create_vnic_details.0.skip_source_dest_check": "false",
                            "create_vnic_details.0.subnet_id": "ocid1.subnet.oc1.iad.aaaaaaaaysqjpqd6mc32dtdjalhsuqiikj2tzj52vjrir6hbeoo3ggzuanva",
                            "defined_tags.%": "0",
                            "display_name": "webserver1",
                            "freeform_tags.%": "0",
                            "hostname_label": "hnlwebserver1",
                            "id": "ocid1.instance.oc1.iad.abuwcljrazyasrmvtrf5cx4k53wbjnyuprulurrxezqwich7dazew2b5ls5a",
                            "image": "ocid1.image.oc1.iad.aaaaaaaagqwnrno6c35vplndep6hu5gevyiqqag37muue3ich7g6tbs5aq4q",
                            "launch_mode": "NATIVE",
                            "launch_options.#": "1",
                            "launch_options.0.boot_volume_type": "ISCSI",
                            "launch_options.0.firmware": "UEFI_64",
                            "launch_options.0.network_type": "VFIO",
                            "launch_options.0.remote_data_volume_type": "PARAVIRTUALIZED",
                            "metadata.%": "1",
                            "metadata.ssh_authorized_keys": "ssh-rsa AAAAB3NzaC1yc2EAAAADAQABAAABAQC4tJPnV15IvVHywFglq7i5yFEhVUmXqS8Cb7nw+nNO/vHrl6rekw3+jTCi1kmjOYC5YWzfbdl3Brcxcu3hn7Az+TCLBzxVDLu3327iUkw08bDzQITnvHnQqPS94HQxNbsfPX8vACKXbK/4OvMw9VlMz7zsG9R6JcO8KvCO7L2zUxN/mZHMr6jPzUt4oAS2DWsTGqPqqRi/Vl4Plpus1CWFGjQk68Rsu1lR4eHwdDOJCWl8DDMKTkilRdHydEu1P9zpNYJDaoiwJ+sQs8uAZe+6QZpP/4asyagZ53a5woiT5+sxZ+7Cqv+IwUQOh4f6yO2JFJtPG4iUm6zBsVdjbMPl wildahunden@Daniels-MacBook-Pro-2.local",
                            "private_ip": "10.0.0.2",
                            "public_ip": "129.213.84.76",
                            "region": "iad",
                            "shape": "VM.Standard1.2",
                            "source_details.#": "1",
                            "source_details.0.boot_volume_size_in_gbs": "47",
                            "source_details.0.source_id": "ocid1.image.oc1.iad.aaaaaaaagqwnrno6c35vplndep6hu5gevyiqqag37muue3ich7g6tbs5aq4q",
                            "source_details.0.source_type": "image",
                            "state": "RUNNING",
                            "subnet_id": "ocid1.subnet.oc1.iad.aaaaaaaaysqjpqd6mc32dtdjalhsuqiikj2tzj52vjrir6hbeoo3ggzuanva",
                            "time_created": "2018-08-02 21:16:47.476 +0000 UTC"
                        },
                        "meta": {
                            "e2bfb730-ecaa-11e6-8f88-34363bc7c4c0": {
                                "create": 7200000000000,
                                "delete": 7200000000000,
                                "update": 7200000000000
                            }
                        },
                        "tainted": false
                    },
                    "deposed": [],
                    "provider": "provider.oci"
                },
                "oci_core_internet_gateway.saltdemo-IGW": {
                    "type": "oci_core_internet_gateway",
                    "depends_on": [
                        "oci_core_virtual_network.saltdemo-VCN"
                    ],
                    "primary": {
                        "id": "ocid1.internetgateway.oc1.iad.aaaaaaaahg7bwgr7b6el6qtsmrygtpuz4vdct4alcqkmnsvaafxqndpkmala",
                        "attributes": {
                            "compartment_id": "ocid1.compartment.oc1..aaaaaaaam6uvbmgb5nzmoiurkyds6cax35xddpwafpcuru25fs6que4oln6q",
                            "defined_tags.%": "0",
                            "display_name": "saltdemo-IGW",
                            "enabled": "true",
                            "freeform_tags.%": "0",
                            "id": "ocid1.internetgateway.oc1.iad.aaaaaaaahg7bwgr7b6el6qtsmrygtpuz4vdct4alcqkmnsvaafxqndpkmala",
                            "state": "AVAILABLE",
                            "time_created": "2018-08-02 21:01:13.675 +0000 UTC",
                            "vcn_id": "ocid1.vcn.oc1.iad.aaaaaaaa4zfscpoobnqi5mmzj2lu6akmyofwwpxf4wnsgnfjexwttzjgt2lq"
                        },
                        "meta": {
                            "e2bfb730-ecaa-11e6-8f88-34363bc7c4c0": {
                                "create": 900000000000,
                                "delete": 900000000000,
                                "update": 900000000000
                            }
                        },
                        "tainted": false
                    },
                    "deposed": [],
                    "provider": "provider.oci"
                },
                "oci_core_route_table.saltdemo-lb-RT": {
                    "type": "oci_core_route_table",
                    "depends_on": [
                        "oci_core_internet_gateway.saltdemo-IGW",
                        "oci_core_virtual_network.saltdemo-VCN"
                    ],
                    "primary": {
                        "id": "ocid1.routetable.oc1.iad.aaaaaaaa2z3q3ooeax5xpvxupwz6tz66mwjgkwpcpbtkeh4wyb4f6s3kz7sq",
                        "attributes": {
                            "compartment_id": "ocid1.compartment.oc1..aaaaaaaam6uvbmgb5nzmoiurkyds6cax35xddpwafpcuru25fs6que4oln6q",
                            "defined_tags.%": "0",
                            "display_name": "saltdemo-lb-RT",
                            "freeform_tags.%": "0",
                            "id": "ocid1.routetable.oc1.iad.aaaaaaaa2z3q3ooeax5xpvxupwz6tz66mwjgkwpcpbtkeh4wyb4f6s3kz7sq",
                            "route_rules.#": "1",
                            "route_rules.1408298272.cidr_block": "0.0.0.0/0",
                            "route_rules.1408298272.destination": "0.0.0.0/0",
                            "route_rules.1408298272.destination_type": "CIDR_BLOCK",
                            "route_rules.1408298272.network_entity_id": "ocid1.internetgateway.oc1.iad.aaaaaaaahg7bwgr7b6el6qtsmrygtpuz4vdct4alcqkmnsvaafxqndpkmala",
                            "state": "AVAILABLE",
                            "time_created": "2018-08-02 21:01:14.195 +0000 UTC",
                            "vcn_id": "ocid1.vcn.oc1.iad.aaaaaaaa4zfscpoobnqi5mmzj2lu6akmyofwwpxf4wnsgnfjexwttzjgt2lq"
                        },
                        "meta": {
                            "e2bfb730-ecaa-11e6-8f88-34363bc7c4c0": {
                                "create": 900000000000,
                                "delete": 900000000000,
                                "update": 900000000000
                            }
                        },
                        "tainted": false
                    },
                    "deposed": [],
                    "provider": "provider.oci"
                },
                "oci_core_security_list.saltdemo-lb-LIST": {
                    "type": "oci_core_security_list",
                    "depends_on": [
                        "oci_core_virtual_network.saltdemo-VCN"
                    ],
                    "primary": {
                        "id": "ocid1.securitylist.oc1.iad.aaaaaaaafvrkjve7umxic32wxuehcueiiapbru54ggerclwsybsw7npsgrwa",
                        "attributes": {
                            "compartment_id": "ocid1.compartment.oc1..aaaaaaaam6uvbmgb5nzmoiurkyds6cax35xddpwafpcuru25fs6que4oln6q",
                            "defined_tags.%": "0",
                            "display_name": "securitylist20180802210113",
                            "egress_security_rules.#": "0",
                            "freeform_tags.%": "0",
                            "id": "ocid1.securitylist.oc1.iad.aaaaaaaafvrkjve7umxic32wxuehcueiiapbru54ggerclwsybsw7npsgrwa",
                            "ingress_security_rules.#": "1",
                            "ingress_security_rules.433419288.icmp_options.#": "0",
                            "ingress_security_rules.433419288.protocol": "6",
                            "ingress_security_rules.433419288.source": "0.0.0.0/0",
                            "ingress_security_rules.433419288.source_type": "CIDR_BLOCK",
                            "ingress_security_rules.433419288.stateless": "false",
                            "ingress_security_rules.433419288.tcp_options.#": "1",
                            "ingress_security_rules.433419288.tcp_options.0.max": "80",
                            "ingress_security_rules.433419288.tcp_options.0.min": "80",
                            "ingress_security_rules.433419288.tcp_options.0.source_port_range.#": "0",
                            "ingress_security_rules.433419288.udp_options.#": "0",
                            "state": "AVAILABLE",
                            "time_created": "2018-08-02 21:01:13.972 +0000 UTC",
                            "vcn_id": "ocid1.vcn.oc1.iad.aaaaaaaa4zfscpoobnqi5mmzj2lu6akmyofwwpxf4wnsgnfjexwttzjgt2lq"
                        },
                        "meta": {
                            "e2bfb730-ecaa-11e6-8f88-34363bc7c4c0": {
                                "create": 900000000000,
                                "delete": 900000000000,
                                "update": 900000000000
                            }
                        },
                        "tainted": false
                    },
                    "deposed": [],
                    "provider": "provider.oci"
                },
                "oci_core_subnet.saltdemo-subnet-lb1": {
                    "type": "oci_core_subnet",
                    "depends_on": [
                        "oci_core_route_table.saltdemo-lb-RT",
                        "oci_core_security_list.saltdemo-lb-LIST",
                        "oci_core_virtual_network.saltdemo-VCN"
                    ],
                    "primary": {
                        "id": "ocid1.subnet.oc1.iad.aaaaaaaaiy4xmckidbfb2s3wewt223kpyehvcont2fcxgbkbheqclus7pg5a",
                        "attributes": {
                            "availability_domain": "aNUQ:US-ASHBURN-AD-2",
                            "cidr_block": "10.0.2.0/24",
                            "compartment_id": "ocid1.compartment.oc1..aaaaaaaam6uvbmgb5nzmoiurkyds6cax35xddpwafpcuru25fs6que4oln6q",
                            "defined_tags.%": "0",
                            "dhcp_options_id": "ocid1.dhcpoptions.oc1.iad.aaaaaaaamjy3gmzc3ngeyxsxl7r7rd7wsm6co3rpsjpkieuympzsghjkaeia",
                            "display_name": "subnet20180802210115",
                            "dns_label": "saltdemosnlb1",
                            "freeform_tags.%": "0",
                            "id": "ocid1.subnet.oc1.iad.aaaaaaaaiy4xmckidbfb2s3wewt223kpyehvcont2fcxgbkbheqclus7pg5a",
                            "prohibit_public_ip_on_vnic": "false",
                            "route_table_id": "ocid1.routetable.oc1.iad.aaaaaaaa2z3q3ooeax5xpvxupwz6tz66mwjgkwpcpbtkeh4wyb4f6s3kz7sq",
                            "security_list_ids.#": "1",
                            "security_list_ids.1678541208": "ocid1.securitylist.oc1.iad.aaaaaaaafvrkjve7umxic32wxuehcueiiapbru54ggerclwsybsw7npsgrwa",
                            "state": "AVAILABLE",
                            "subnet_domain_name": "saltdemosnlb1.saltdemovcn.oraclevcn.com",
                            "time_created": "2018-08-02 21:01:15.456 +0000 UTC",
                            "vcn_id": "ocid1.vcn.oc1.iad.aaaaaaaa4zfscpoobnqi5mmzj2lu6akmyofwwpxf4wnsgnfjexwttzjgt2lq",
                            "virtual_router_ip": "10.0.2.1",
                            "virtual_router_mac": "00:00:17:BB:74:4E"
                        },
                        "meta": {
                            "e2bfb730-ecaa-11e6-8f88-34363bc7c4c0": {
                                "create": 900000000000,
                                "delete": 900000000000,
                                "update": 900000000000
                            }
                        },
                        "tainted": false
                    },
                    "deposed": [],
                    "provider": "provider.oci"
                },
                "oci_core_subnet.saltdemo-subnet-lb2": {
                    "type": "oci_core_subnet",
                    "depends_on": [
                        "oci_core_route_table.saltdemo-lb-RT",
                        "oci_core_security_list.saltdemo-lb-LIST",
                        "oci_core_virtual_network.saltdemo-VCN"
                    ],
                    "primary": {
                        "id": "ocid1.subnet.oc1.iad.aaaaaaaaljr2dl4t6sbeauhhvu4omkoxk2ciwuvxc4ixqusa7ncfjy5rgg5q",
                        "attributes": {
                            "availability_domain": "aNUQ:US-ASHBURN-AD-2",
                            "cidr_block": "10.0.3.0/24",
                            "compartment_id": "ocid1.compartment.oc1..aaaaaaaam6uvbmgb5nzmoiurkyds6cax35xddpwafpcuru25fs6que4oln6q",
                            "defined_tags.%": "0",
                            "dhcp_options_id": "ocid1.dhcpoptions.oc1.iad.aaaaaaaamjy3gmzc3ngeyxsxl7r7rd7wsm6co3rpsjpkieuympzsghjkaeia",
                            "display_name": "subnet20180802210115",
                            "dns_label": "saltdemosnlb2",
                            "freeform_tags.%": "0",
                            "id": "ocid1.subnet.oc1.iad.aaaaaaaaljr2dl4t6sbeauhhvu4omkoxk2ciwuvxc4ixqusa7ncfjy5rgg5q",
                            "prohibit_public_ip_on_vnic": "false",
                            "route_table_id": "ocid1.routetable.oc1.iad.aaaaaaaa2z3q3ooeax5xpvxupwz6tz66mwjgkwpcpbtkeh4wyb4f6s3kz7sq",
                            "security_list_ids.#": "1",
                            "security_list_ids.1678541208": "ocid1.securitylist.oc1.iad.aaaaaaaafvrkjve7umxic32wxuehcueiiapbru54ggerclwsybsw7npsgrwa",
                            "state": "AVAILABLE",
                            "subnet_domain_name": "saltdemosnlb2.saltdemovcn.oraclevcn.com",
                            "time_created": "2018-08-02 21:01:15.962 +0000 UTC",
                            "vcn_id": "ocid1.vcn.oc1.iad.aaaaaaaa4zfscpoobnqi5mmzj2lu6akmyofwwpxf4wnsgnfjexwttzjgt2lq",
                            "virtual_router_ip": "10.0.3.1",
                            "virtual_router_mac": "00:00:17:BB:74:4E"
                        },
                        "meta": {
                            "e2bfb730-ecaa-11e6-8f88-34363bc7c4c0": {
                                "create": 900000000000,
                                "delete": 900000000000,
                                "update": 900000000000
                            }
                        },
                        "tainted": false
                    },
                    "deposed": [],
                    "provider": "provider.oci"
                },
                "oci_core_subnet.saltdemo-subnet-ws1": {
                    "type": "oci_core_subnet",
                    "depends_on": [
                        "oci_core_virtual_network.saltdemo-VCN"
                    ],
                    "primary": {
                        "id": "ocid1.subnet.oc1.iad.aaaaaaaaysqjpqd6mc32dtdjalhsuqiikj2tzj52vjrir6hbeoo3ggzuanva",
                        "attributes": {
                            "availability_domain": "aNUQ:US-ASHBURN-AD-1",
                            "cidr_block": "10.0.0.0/24",
                            "compartment_id": "ocid1.compartment.oc1..aaaaaaaam6uvbmgb5nzmoiurkyds6cax35xddpwafpcuru25fs6que4oln6q",
                            "defined_tags.%": "0",
                            "dhcp_options_id": "ocid1.dhcpoptions.oc1.iad.aaaaaaaamjy3gmzc3ngeyxsxl7r7rd7wsm6co3rpsjpkieuympzsghjkaeia",
                            "display_name": "subnet20180802210116",
                            "dns_label": "saltdemosnws1",
                            "freeform_tags.%": "0",
                            "id": "ocid1.subnet.oc1.iad.aaaaaaaaysqjpqd6mc32dtdjalhsuqiikj2tzj52vjrir6hbeoo3ggzuanva",
                            "prohibit_public_ip_on_vnic": "false",
                            "route_table_id": "ocid1.routetable.oc1.iad.aaaaaaaa4kchos4be23owkkjjwyvrawiapkq5273fa75vevk2d7k7w6tcxdq",
                            "security_list_ids.#": "1",
                            "security_list_ids.1066560824": "ocid1.securitylist.oc1.iad.aaaaaaaaw5mmaohgvdl2oo5ymp4nv7ux6g3ek5fb3fowtsja7zu7n44rqafq",
                            "state": "AVAILABLE",
                            "subnet_domain_name": "saltdemosnws1.saltdemovcn.oraclevcn.com",
                            "time_created": "2018-08-02 21:01:16.78 +0000 UTC",
                            "vcn_id": "ocid1.vcn.oc1.iad.aaaaaaaa4zfscpoobnqi5mmzj2lu6akmyofwwpxf4wnsgnfjexwttzjgt2lq",
                            "virtual_router_ip": "10.0.0.1",
                            "virtual_router_mac": "00:00:17:BB:74:4E"
                        },
                        "meta": {
                            "e2bfb730-ecaa-11e6-8f88-34363bc7c4c0": {
                                "create": 900000000000,
                                "delete": 900000000000,
                                "update": 900000000000
                            }
                        },
                        "tainted": false
                    },
                    "deposed": [],
                    "provider": "provider.oci"
                },
                "oci_core_subnet.saltdemo-subnet-ws2": {
                    "type": "oci_core_subnet",
                    "depends_on": [
                        "oci_core_virtual_network.saltdemo-VCN"
                    ],
                    "primary": {
                        "id": "ocid1.subnet.oc1.iad.aaaaaaaac6navcgso5gznvfrn7ujk5m5jkhz5ol25drymdzzbukiekkp2uaa",
                        "attributes": {
                            "availability_domain": "aNUQ:US-ASHBURN-AD-2",
                            "cidr_block": "10.0.1.0/24",
                            "compartment_id": "ocid1.compartment.oc1..aaaaaaaam6uvbmgb5nzmoiurkyds6cax35xddpwafpcuru25fs6que4oln6q",
                            "defined_tags.%": "0",
                            "dhcp_options_id": "ocid1.dhcpoptions.oc1.iad.aaaaaaaamjy3gmzc3ngeyxsxl7r7rd7wsm6co3rpsjpkieuympzsghjkaeia",
                            "display_name": "subnet20180802210115",
                            "dns_label": "saltdemosnws2",
                            "freeform_tags.%": "0",
                            "id": "ocid1.subnet.oc1.iad.aaaaaaaac6navcgso5gznvfrn7ujk5m5jkhz5ol25drymdzzbukiekkp2uaa",
                            "prohibit_public_ip_on_vnic": "false",
                            "route_table_id": "ocid1.routetable.oc1.iad.aaaaaaaa4kchos4be23owkkjjwyvrawiapkq5273fa75vevk2d7k7w6tcxdq",
                            "security_list_ids.#": "1",
                            "security_list_ids.1066560824": "ocid1.securitylist.oc1.iad.aaaaaaaaw5mmaohgvdl2oo5ymp4nv7ux6g3ek5fb3fowtsja7zu7n44rqafq",
                            "state": "AVAILABLE",
                            "subnet_domain_name": "saltdemosnws2.saltdemovcn.oraclevcn.com",
                            "time_created": "2018-08-02 21:01:15.198 +0000 UTC",
                            "vcn_id": "ocid1.vcn.oc1.iad.aaaaaaaa4zfscpoobnqi5mmzj2lu6akmyofwwpxf4wnsgnfjexwttzjgt2lq",
                            "virtual_router_ip": "10.0.1.1",
                            "virtual_router_mac": "00:00:17:BB:74:4E"
                        },
                        "meta": {
                            "e2bfb730-ecaa-11e6-8f88-34363bc7c4c0": {
                                "create": 900000000000,
                                "delete": 900000000000,
                                "update": 900000000000
                            }
                        },
                        "tainted": false
                    },
                    "deposed": [],
                    "provider": "provider.oci"
                },
                "oci_core_virtual_network.saltdemo-VCN": {
                    "type": "oci_core_virtual_network",
                    "depends_on": [],
                    "primary": {
                        "id": "ocid1.vcn.oc1.iad.aaaaaaaa4zfscpoobnqi5mmzj2lu6akmyofwwpxf4wnsgnfjexwttzjgt2lq",
                        "attributes": {
                            "cidr_block": "10.0.0.0/16",
                            "compartment_id": "ocid1.compartment.oc1..aaaaaaaam6uvbmgb5nzmoiurkyds6cax35xddpwafpcuru25fs6que4oln6q",
                            "default_dhcp_options_id": "ocid1.dhcpoptions.oc1.iad.aaaaaaaamjy3gmzc3ngeyxsxl7r7rd7wsm6co3rpsjpkieuympzsghjkaeia",
                            "default_route_table_id": "ocid1.routetable.oc1.iad.aaaaaaaa4kchos4be23owkkjjwyvrawiapkq5273fa75vevk2d7k7w6tcxdq",
                            "default_security_list_id": "ocid1.securitylist.oc1.iad.aaaaaaaaw5mmaohgvdl2oo5ymp4nv7ux6g3ek5fb3fowtsja7zu7n44rqafq",
                            "defined_tags.%": "0",
                            "display_name": "saltdemo-VCN",
                            "dns_label": "saltdemovcn",
                            "freeform_tags.%": "0",
                            "id": "ocid1.vcn.oc1.iad.aaaaaaaa4zfscpoobnqi5mmzj2lu6akmyofwwpxf4wnsgnfjexwttzjgt2lq",
                            "state": "AVAILABLE",
                            "time_created": "2018-08-02 21:01:13.158 +0000 UTC",
                            "vcn_domain_name": "saltdemovcn.oraclevcn.com"
                        },
                        "meta": {
                            "e2bfb730-ecaa-11e6-8f88-34363bc7c4c0": {
                                "create": 900000000000,
                                "delete": 900000000000,
                                "update": 900000000000
                            }
                        },
                        "tainted": false
                    },
                    "deposed": [],
                    "provider": "provider.oci"
                }
            },
            "depends_on": []
        }
    ]
}
