{
    "version": 3,
    "terraform_version": "0.11.7",
    "serial": 46,
    "lineage": "e22f38a2-9bf9-e341-006f-6b456c14faee",
    "modules": [
        {
            "path": [
                "root"
            ],
            "outputs": {
                "saltdemo-salt1": {
                    "sensitive": false,
                    "type": "string",
                    "value": "129.213.89.177"
                },
                "saltdemo-ws1": {
                    "sensitive": false,
                    "type": "string",
                    "value": "129.213.26.112"
                },
                "saltdemo-ws2": {
                    "sensitive": false,
                    "type": "string",
                    "value": "129.213.160.244"
                }
            },
            "resources": {
                "data.oci_identity_availability_domains.ADs": {
                    "type": "oci_identity_availability_domains",
                    "depends_on": [],
                    "primary": {
                        "id": "2018-08-03 15:15:49.430151 +0000 UTC",
                        "attributes": {
                            "availability_domains.#": "3",
                            "availability_domains.0.compartment_id": "ocid1.tenancy.oc1..aaaaaaaavuoskfzznzlnuipywsmiz6cazwefnaawnuqb3thmhgwlgxnoxgiq",
                            "availability_domains.0.name": "aNUQ:US-ASHBURN-AD-1",
                            "availability_domains.1.compartment_id": "ocid1.tenancy.oc1..aaaaaaaavuoskfzznzlnuipywsmiz6cazwefnaawnuqb3thmhgwlgxnoxgiq",
                            "availability_domains.1.name": "aNUQ:US-ASHBURN-AD-2",
                            "availability_domains.2.compartment_id": "ocid1.tenancy.oc1..aaaaaaaavuoskfzznzlnuipywsmiz6cazwefnaawnuqb3thmhgwlgxnoxgiq",
                            "availability_domains.2.name": "aNUQ:US-ASHBURN-AD-3",
                            "compartment_id": "ocid1.tenancy.oc1..aaaaaaaavuoskfzznzlnuipywsmiz6cazwefnaawnuqb3thmhgwlgxnoxgiq",
                            "id": "2018-08-03 15:15:49.430151 +0000 UTC"
                        },
                        "meta": {},
                        "tainted": false
                    },
                    "deposed": [],
                    "provider": "provider.oci"
                },
                "oci_core_instance.saltdemo-salt1": {
                    "type": "oci_core_instance",
                    "depends_on": [
                        "oci_core_subnet.saltdemo-subnet-lb1"
                    ],
                    "primary": {
                        "id": "ocid1.instance.oc1.iad.abuwcljrgv6o6y2ld223vp2z54tevu3plsrbo4noppbg5nc6ydipmletteia",
                        "attributes": {
                            "availability_domain": "aNUQ:US-ASHBURN-AD-1",
                            "boot_volume_id": "ocid1.bootvolume.oc1.iad.abuwcljrsn27w3aagkwgst5wsxloeyttbyfpxaw3vjjiqy3wpvoyeucwkpoq",
                            "compartment_id": "ocid1.compartment.oc1..aaaaaaaam6uvbmgb5nzmoiurkyds6cax35xddpwafpcuru25fs6que4oln6q",
                            "create_vnic_details.#": "1",
                            "create_vnic_details.0.assign_public_ip": "true",
                            "create_vnic_details.0.defined_tags.%": "0",
                            "create_vnic_details.0.display_name": "primaryvnic",
                            "create_vnic_details.0.freeform_tags.%": "0",
                            "create_vnic_details.0.hostname_label": "hnlwebserver1",
                            "create_vnic_details.0.private_ip": "10.0.2.2",
                            "create_vnic_details.0.skip_source_dest_check": "false",
                            "create_vnic_details.0.subnet_id": "ocid1.subnet.oc1.iad.aaaaaaaa22hkgnopdxmfqeohlwew5lrje53jaxrefwnwuuk2io5cj7haiowa",
                            "defined_tags.%": "0",
                            "display_name": "salt1",
                            "freeform_tags.%": "0",
                            "hostname_label": "hnlwebserver1",
                            "id": "ocid1.instance.oc1.iad.abuwcljrgv6o6y2ld223vp2z54tevu3plsrbo4noppbg5nc6ydipmletteia",
                            "image": "ocid1.image.oc1.iad.aaaaaaaagqwnrno6c35vplndep6hu5gevyiqqag37muue3ich7g6tbs5aq4q",
                            "launch_mode": "NATIVE",
                            "launch_options.#": "1",
                            "launch_options.0.boot_volume_type": "ISCSI",
                            "launch_options.0.firmware": "UEFI_64",
                            "launch_options.0.network_type": "VFIO",
                            "launch_options.0.remote_data_volume_type": "PARAVIRTUALIZED",
                            "metadata.%": "1",
                            "metadata.ssh_authorized_keys": "ssh-rsa AAAAB3NzaC1yc2EAAAADAQABAAABAQC4tJPnV15IvVHywFglq7i5yFEhVUmXqS8Cb7nw+nNO/vHrl6rekw3+jTCi1kmjOYC5YWzfbdl3Brcxcu3hn7Az+TCLBzxVDLu3327iUkw08bDzQITnvHnQqPS94HQxNbsfPX8vACKXbK/4OvMw9VlMz7zsG9R6JcO8KvCO7L2zUxN/mZHMr6jPzUt4oAS2DWsTGqPqqRi/Vl4Plpus1CWFGjQk68Rsu1lR4eHwdDOJCWl8DDMKTkilRdHydEu1P9zpNYJDaoiwJ+sQs8uAZe+6QZpP/4asyagZ53a5woiT5+sxZ+7Cqv+IwUQOh4f6yO2JFJtPG4iUm6zBsVdjbMPl wildahunden@Daniels-MacBook-Pro-2.local",
                            "private_ip": "10.0.2.2",
                            "public_ip": "129.213.89.177",
                            "region": "iad",
                            "shape": "VM.Standard1.2",
                            "source_details.#": "1",
                            "source_details.0.boot_volume_size_in_gbs": "47",
                            "source_details.0.source_id": "ocid1.image.oc1.iad.aaaaaaaagqwnrno6c35vplndep6hu5gevyiqqag37muue3ich7g6tbs5aq4q",
                            "source_details.0.source_type": "image",
                            "state": "RUNNING",
                            "subnet_id": "ocid1.subnet.oc1.iad.aaaaaaaa22hkgnopdxmfqeohlwew5lrje53jaxrefwnwuuk2io5cj7haiowa",
                            "time_created": "2018-08-03 15:00:42.499 +0000 UTC"
                        },
                        "meta": {
                            "e2bfb730-ecaa-11e6-8f88-34363bc7c4c0": {
                                "create": 7200000000000,
                                "delete": 7200000000000,
                                "update": 7200000000000
                            }
                        },
                        "tainted": false
                    },
                    "deposed": [],
                    "provider": "provider.oci"
                },
                "oci_core_instance.saltdemo-ws1": {
                    "type": "oci_core_instance",
                    "depends_on": [
                        "oci_core_subnet.saltdemo-subnet-ws1"
                    ],
                    "primary": {
                        "id": "ocid1.instance.oc1.iad.abuwcljrbxsi75fjzlyurtvvwptbk6saoh6mjnl4wq43dcrq25zveo337hxq",
                        "attributes": {
                            "availability_domain": "aNUQ:US-ASHBURN-AD-1",
                            "boot_volume_id": "ocid1.bootvolume.oc1.iad.abuwcljrqsk5mbwvzv5pazcpulp574xazaqlyngxv5mmfxds34oqc2e6dqfq",
                            "compartment_id": "ocid1.compartment.oc1..aaaaaaaam6uvbmgb5nzmoiurkyds6cax35xddpwafpcuru25fs6que4oln6q",
                            "create_vnic_details.#": "1",
                            "create_vnic_details.0.assign_public_ip": "true",
                            "create_vnic_details.0.defined_tags.%": "0",
                            "create_vnic_details.0.display_name": "primaryvnic",
                            "create_vnic_details.0.freeform_tags.%": "0",
                            "create_vnic_details.0.hostname_label": "hnlwebserver1",
                            "create_vnic_details.0.private_ip": "10.0.0.2",
                            "create_vnic_details.0.skip_source_dest_check": "false",
                            "create_vnic_details.0.subnet_id": "ocid1.subnet.oc1.iad.aaaaaaaakk74qvzu6om3rpwfdi4rsv4cc7rkf33xl55jeujbei43p4xzojbq",
                            "defined_tags.%": "0",
                            "display_name": "webserver1",
                            "freeform_tags.%": "0",
                            "hostname_label": "hnlwebserver1",
                            "id": "ocid1.instance.oc1.iad.abuwcljrbxsi75fjzlyurtvvwptbk6saoh6mjnl4wq43dcrq25zveo337hxq",
                            "image": "ocid1.image.oc1.iad.aaaaaaaagqwnrno6c35vplndep6hu5gevyiqqag37muue3ich7g6tbs5aq4q",
                            "launch_mode": "NATIVE",
                            "launch_options.#": "1",
                            "launch_options.0.boot_volume_type": "ISCSI",
                            "launch_options.0.firmware": "UEFI_64",
                            "launch_options.0.network_type": "VFIO",
                            "launch_options.0.remote_data_volume_type": "PARAVIRTUALIZED",
                            "metadata.%": "2",
                            "metadata.ssh_authorized_keys": "ssh-rsa AAAAB3NzaC1yc2EAAAADAQABAAABAQC4tJPnV15IvVHywFglq7i5yFEhVUmXqS8Cb7nw+nNO/vHrl6rekw3+jTCi1kmjOYC5YWzfbdl3Brcxcu3hn7Az+TCLBzxVDLu3327iUkw08bDzQITnvHnQqPS94HQxNbsfPX8vACKXbK/4OvMw9VlMz7zsG9R6JcO8KvCO7L2zUxN/mZHMr6jPzUt4oAS2DWsTGqPqqRi/Vl4Plpus1CWFGjQk68Rsu1lR4eHwdDOJCWl8DDMKTkilRdHydEu1P9zpNYJDaoiwJ+sQs8uAZe+6QZpP/4asyagZ53a5woiT5+sxZ+7Cqv+IwUQOh4f6yO2JFJtPG4iUm6zBsVdjbMPl wildahunden@Daniels-MacBook-Pro-2.local",
                            "metadata.user_data": "IyEvYmluL2Jhc2ggLXgKZWNobyAnIyMjIyMjIyMjIyMjIyMjIyMjIyB3ZWJzZXJ2ZXIgdXNlcmRhdGEgYmVnaW5zICMjIyMjIyMjIyMjIyMjIyMjIyMjIycKdG91Y2ggfm9wYy91c2VyZGF0YS5gZGF0ZSArJXNgLnN0YXJ0CiMgZWNobyAnIyMjIyMjIyMjIyB5dW0gdXBkYXRlIGFsbCAjIyMjIyMjIyMjIyMjIyMnCiMgeXVtIHVwZGF0ZSAteQplY2hvICcjIyMjIyMjIyMjIGJhc2ljIHdlYnNlcnZlciAjIyMjIyMjIyMjIyMjIycKeXVtIGluc3RhbGwgLXkgaHR0cGQKc3lzdGVtY3RsIGVuYWJsZSAgaHR0cGQuc2VydmljZQpzeXN0ZW1jdGwgc3RhcnQgIGh0dHBkLnNlcnZpY2UKZWNobyAnPGh0bWw+PGhlYWQ+PC9oZWFkPjxib2R5PjxwcmU+PGNvZGU+JyA+IC92YXIvd3d3L2h0bWwvaW5kZXguaHRtbApob3N0bmFtZSA+PiAvdmFyL3d3dy9odG1sL2luZGV4Lmh0bWwKZWNobyAnJyA+PiAvdmFyL3d3dy9odG1sL2luZGV4Lmh0bWwKY2F0IC9ldGMvb3MtcmVsZWFzZSA+PiAvdmFyL3d3dy9odG1sL2luZGV4Lmh0bWwKZWNobyAnPC9jb2RlPjwvcHJlPjwvYm9keT48L2h0bWw+JyA+PiAvdmFyL3d3dy9odG1sL2luZGV4Lmh0bWwKZmlyZXdhbGwtb2ZmbGluZS1jbWQgLS1hZGQtc2VydmljZT1odHRwCnN5c3RlbWN0bCBlbmFibGUgIGZpcmV3YWxsZApzeXN0ZW1jdGwgcmVzdGFydCAgZmlyZXdhbGxkCnRvdWNoIH5vcGMvdXNlcmRhdGEuYGRhdGUgKyVzYC5maW5pc2gKZWNobyAnIyMjIyMjIyMjIyMjIyMjIyMjIyB3ZWJzZXJ2ZXIgdXNlcmRhdGEgZW5kcyAjIyMjIyMjIyMjIyMjIyMjIyMjIyMjIycK",
                            "private_ip": "10.0.0.2",
                            "public_ip": "129.213.26.112",
                            "region": "iad",
                            "shape": "VM.Standard1.2",
                            "source_details.#": "1",
                            "source_details.0.boot_volume_size_in_gbs": "47",
                            "source_details.0.source_id": "ocid1.image.oc1.iad.aaaaaaaagqwnrno6c35vplndep6hu5gevyiqqag37muue3ich7g6tbs5aq4q",
                            "source_details.0.source_type": "image",
                            "state": "RUNNING",
                            "subnet_id": "ocid1.subnet.oc1.iad.aaaaaaaakk74qvzu6om3rpwfdi4rsv4cc7rkf33xl55jeujbei43p4xzojbq",
                            "time_created": "2018-08-03 15:00:41.812 +0000 UTC"
                        },
                        "meta": {
                            "e2bfb730-ecaa-11e6-8f88-34363bc7c4c0": {
                                "create": 7200000000000,
                                "delete": 7200000000000,
                                "update": 7200000000000
                            }
                        },
                        "tainted": false
                    },
                    "deposed": [],
                    "provider": "provider.oci"
                },
                "oci_core_instance.saltdemo-ws2": {
                    "type": "oci_core_instance",
                    "depends_on": [
                        "oci_core_subnet.saltdemo-subnet-ws2"
                    ],
                    "primary": {
                        "id": "ocid1.instance.oc1.iad.abuwcljtdwxffg5axdtf44s4z76vxe7g2p5ijk5kgzob2rngyij5pb24la2a",
                        "attributes": {
                            "availability_domain": "aNUQ:US-ASHBURN-AD-2",
                            "boot_volume_id": "ocid1.bootvolume.oc1.iad.abuwcljtbtnsempexcnucmrff3zlwkmrdq4ncy3fru66uvyylg3q6ldnlabq",
                            "compartment_id": "ocid1.compartment.oc1..aaaaaaaam6uvbmgb5nzmoiurkyds6cax35xddpwafpcuru25fs6que4oln6q",
                            "create_vnic_details.#": "1",
                            "create_vnic_details.0.assign_public_ip": "true",
                            "create_vnic_details.0.defined_tags.%": "0",
                            "create_vnic_details.0.display_name": "primaryvnic",
                            "create_vnic_details.0.freeform_tags.%": "0",
                            "create_vnic_details.0.hostname_label": "hnlwebserver2",
                            "create_vnic_details.0.private_ip": "10.0.1.2",
                            "create_vnic_details.0.skip_source_dest_check": "false",
                            "create_vnic_details.0.subnet_id": "ocid1.subnet.oc1.iad.aaaaaaaawdgfdmiirbexbqmrckpjwcn64hio6ljbclppvnxic26oo4moebda",
                            "defined_tags.%": "0",
                            "display_name": "webserver1",
                            "freeform_tags.%": "0",
                            "hostname_label": "hnlwebserver2",
                            "id": "ocid1.instance.oc1.iad.abuwcljtdwxffg5axdtf44s4z76vxe7g2p5ijk5kgzob2rngyij5pb24la2a",
                            "image": "ocid1.image.oc1.iad.aaaaaaaagqwnrno6c35vplndep6hu5gevyiqqag37muue3ich7g6tbs5aq4q",
                            "launch_mode": "NATIVE",
                            "launch_options.#": "1",
                            "launch_options.0.boot_volume_type": "ISCSI",
                            "launch_options.0.firmware": "UEFI_64",
                            "launch_options.0.network_type": "VFIO",
                            "launch_options.0.remote_data_volume_type": "PARAVIRTUALIZED",
                            "metadata.%": "2",
                            "metadata.ssh_authorized_keys": "ssh-rsa AAAAB3NzaC1yc2EAAAADAQABAAABAQC4tJPnV15IvVHywFglq7i5yFEhVUmXqS8Cb7nw+nNO/vHrl6rekw3+jTCi1kmjOYC5YWzfbdl3Brcxcu3hn7Az+TCLBzxVDLu3327iUkw08bDzQITnvHnQqPS94HQxNbsfPX8vACKXbK/4OvMw9VlMz7zsG9R6JcO8KvCO7L2zUxN/mZHMr6jPzUt4oAS2DWsTGqPqqRi/Vl4Plpus1CWFGjQk68Rsu1lR4eHwdDOJCWl8DDMKTkilRdHydEu1P9zpNYJDaoiwJ+sQs8uAZe+6QZpP/4asyagZ53a5woiT5+sxZ+7Cqv+IwUQOh4f6yO2JFJtPG4iUm6zBsVdjbMPl wildahunden@Daniels-MacBook-Pro-2.local",
                            "metadata.user_data": "ICAgICMhL2Jpbi9iYXNoIC14CiAgICBlY2hvICcjIyMjIyMjIyMjIyMjIyMjIyMjIHdlYnNlcnZlciB1c2VyZGF0YSBiZWdpbnMgIyMjIyMjIyMjIyMjIyMjIyMjIyMjJwogICAgdG91Y2ggfm9wYy91c2VyZGF0YS5gZGF0ZSArJXNgLnN0YXJ0CiAgICAjIGVjaG8gJyMjIyMjIyMjIyMgeXVtIHVwZGF0ZSBhbGwgIyMjIyMjIyMjIyMjIyMjJwogICAgIyB5dW0gdXBkYXRlIC15CiAgICBlY2hvICcjIyMjIyMjIyMjIGJhc2ljIHdlYnNlcnZlciAjIyMjIyMjIyMjIyMjIycKICAgIHl1bSBpbnN0YWxsIC15IGh0dHBkCiAgICBzeXN0ZW1jdGwgZW5hYmxlICBodHRwZC5zZXJ2aWNlCiAgICBzeXN0ZW1jdGwgc3RhcnQgIGh0dHBkLnNlcnZpY2UKICAgIGVjaG8gJzxodG1sPjxoZWFkPjwvaGVhZD48Ym9keT48cHJlPjxjb2RlPicgPiAvdmFyL3d3dy9odG1sL2luZGV4Lmh0bWwKICAgIGhvc3RuYW1lID4+IC92YXIvd3d3L2h0bWwvaW5kZXguaHRtbAogICAgZWNobyAnd2Vic2VydmVyMicgPj4gL3Zhci93d3cvaHRtbC9pbmRleC5odG1sCiAgICBjYXQgL2V0Yy9vcy1yZWxlYXNlID4+IC92YXIvd3d3L2h0bWwvaW5kZXguaHRtbAogICAgZWNobyAnPC9jb2RlPjwvcHJlPjwvYm9keT48L2h0bWw+JyA+PiAvdmFyL3d3dy9odG1sL2luZGV4Lmh0bWwKICAgIGZpcmV3YWxsLW9mZmxpbmUtY21kIC0tYWRkLXNlcnZpY2U9aHR0cAogICAgc3lzdGVtY3RsIGVuYWJsZSAgZmlyZXdhbGxkCiAgICBzeXN0ZW1jdGwgcmVzdGFydCAgZmlyZXdhbGxkCiAgICB0b3VjaCB+b3BjL3VzZXJkYXRhLmBkYXRlICslc2AuZmluaXNoCiAgICBlY2hvICcjIyMjIyMjIyMjIyMjIyMjIyMjIHdlYnNlcnZlciB1c2VyZGF0YSBlbmRzICMjIyMjIyMjIyMjIyMjIyMjIyMjIyMjJwogICAg",
                            "private_ip": "10.0.1.2",
                            "public_ip": "129.213.160.244",
                            "region": "iad",
                            "shape": "VM.Standard1.2",
                            "source_details.#": "1",
                            "source_details.0.boot_volume_size_in_gbs": "47",
                            "source_details.0.source_id": "ocid1.image.oc1.iad.aaaaaaaagqwnrno6c35vplndep6hu5gevyiqqag37muue3ich7g6tbs5aq4q",
                            "source_details.0.source_type": "image",
                            "state": "RUNNING",
                            "subnet_id": "ocid1.subnet.oc1.iad.aaaaaaaawdgfdmiirbexbqmrckpjwcn64hio6ljbclppvnxic26oo4moebda",
                            "time_created": "2018-08-03 15:00:42.33 +0000 UTC"
                        },
                        "meta": {
                            "e2bfb730-ecaa-11e6-8f88-34363bc7c4c0": {
                                "create": 7200000000000,
                                "delete": 7200000000000,
                                "update": 7200000000000
                            }
                        },
                        "tainted": false
                    },
                    "deposed": [],
                    "provider": "provider.oci"
                },
                "oci_core_internet_gateway.saltdemo-IGW": {
                    "type": "oci_core_internet_gateway",
                    "depends_on": [
                        "oci_core_virtual_network.saltdemo-VCN"
                    ],
                    "primary": {
                        "id": "ocid1.internetgateway.oc1.iad.aaaaaaaa633vxqu42gr2vfnu4dsu73bv5eftcjy2pxl4hlsx5whlgydxcefa",
                        "attributes": {
                            "compartment_id": "ocid1.compartment.oc1..aaaaaaaam6uvbmgb5nzmoiurkyds6cax35xddpwafpcuru25fs6que4oln6q",
                            "defined_tags.%": "0",
                            "display_name": "saltdemo-IGW",
                            "enabled": "true",
                            "freeform_tags.%": "0",
                            "id": "ocid1.internetgateway.oc1.iad.aaaaaaaa633vxqu42gr2vfnu4dsu73bv5eftcjy2pxl4hlsx5whlgydxcefa",
                            "state": "AVAILABLE",
                            "time_created": "2018-08-03 12:26:31.27 +0000 UTC",
                            "vcn_id": "ocid1.vcn.oc1.iad.aaaaaaaag4kjmla75hjowd5zjg6ndrefwr4bt7rc55ezfzoqztcervzuto2a"
                        },
                        "meta": {},
                        "tainted": false
                    },
                    "deposed": [],
                    "provider": "provider.oci"
                },
                "oci_core_route_table.saltdemo-lb-RT": {
                    "type": "oci_core_route_table",
                    "depends_on": [
                        "oci_core_internet_gateway.saltdemo-IGW",
                        "oci_core_virtual_network.saltdemo-VCN"
                    ],
                    "primary": {
                        "id": "ocid1.routetable.oc1.iad.aaaaaaaaofkjldfob6v4c3ir3hugpgffyai2kthgjhhzkozcf2qfhmzuryda",
                        "attributes": {
                            "compartment_id": "ocid1.compartment.oc1..aaaaaaaam6uvbmgb5nzmoiurkyds6cax35xddpwafpcuru25fs6que4oln6q",
                            "defined_tags.%": "0",
                            "display_name": "saltdemo-lb-RT",
                            "freeform_tags.%": "0",
                            "id": "ocid1.routetable.oc1.iad.aaaaaaaaofkjldfob6v4c3ir3hugpgffyai2kthgjhhzkozcf2qfhmzuryda",
                            "route_rules.#": "1",
                            "route_rules.2024710968.cidr_block": "0.0.0.0/0",
                            "route_rules.2024710968.destination": "0.0.0.0/0",
                            "route_rules.2024710968.destination_type": "CIDR_BLOCK",
                            "route_rules.2024710968.network_entity_id": "ocid1.internetgateway.oc1.iad.aaaaaaaa633vxqu42gr2vfnu4dsu73bv5eftcjy2pxl4hlsx5whlgydxcefa",
                            "state": "AVAILABLE",
                            "time_created": "2018-08-03 15:00:39.097 +0000 UTC",
                            "vcn_id": "ocid1.vcn.oc1.iad.aaaaaaaag4kjmla75hjowd5zjg6ndrefwr4bt7rc55ezfzoqztcervzuto2a"
                        },
                        "meta": {
                            "e2bfb730-ecaa-11e6-8f88-34363bc7c4c0": {
                                "create": 900000000000,
                                "delete": 900000000000,
                                "update": 900000000000
                            }
                        },
                        "tainted": false
                    },
                    "deposed": [],
                    "provider": "provider.oci"
                },
                "oci_core_route_table.saltdemo-ws-RT": {
                    "type": "oci_core_route_table",
                    "depends_on": [
                        "oci_core_internet_gateway.saltdemo-IGW",
                        "oci_core_virtual_network.saltdemo-VCN"
                    ],
                    "primary": {
                        "id": "ocid1.routetable.oc1.iad.aaaaaaaahbvzpba6rygtz5cimuod6k4tvuv6zcerrrm5jxwhj7s3fh3prgsq",
                        "attributes": {
                            "compartment_id": "ocid1.compartment.oc1..aaaaaaaam6uvbmgb5nzmoiurkyds6cax35xddpwafpcuru25fs6que4oln6q",
                            "defined_tags.%": "0",
                            "display_name": "saltdemo-lb-RT",
                            "freeform_tags.%": "0",
                            "id": "ocid1.routetable.oc1.iad.aaaaaaaahbvzpba6rygtz5cimuod6k4tvuv6zcerrrm5jxwhj7s3fh3prgsq",
                            "route_rules.#": "1",
                            "route_rules.2024710968.cidr_block": "0.0.0.0/0",
                            "route_rules.2024710968.destination": "0.0.0.0/0",
                            "route_rules.2024710968.destination_type": "CIDR_BLOCK",
                            "route_rules.2024710968.network_entity_id": "ocid1.internetgateway.oc1.iad.aaaaaaaa633vxqu42gr2vfnu4dsu73bv5eftcjy2pxl4hlsx5whlgydxcefa",
                            "state": "AVAILABLE",
                            "time_created": "2018-08-03 15:00:39.138 +0000 UTC",
                            "vcn_id": "ocid1.vcn.oc1.iad.aaaaaaaag4kjmla75hjowd5zjg6ndrefwr4bt7rc55ezfzoqztcervzuto2a"
                        },
                        "meta": {
                            "e2bfb730-ecaa-11e6-8f88-34363bc7c4c0": {
                                "create": 900000000000,
                                "delete": 900000000000,
                                "update": 900000000000
                            }
                        },
                        "tainted": false
                    },
                    "deposed": [],
                    "provider": "provider.oci"
                },
                "oci_core_security_list.saltdemo-lb-LIST": {
                    "type": "oci_core_security_list",
                    "depends_on": [
                        "oci_core_virtual_network.saltdemo-VCN"
                    ],
                    "primary": {
                        "id": "ocid1.securitylist.oc1.iad.aaaaaaaabqfjvof3k5p5e7wfv3tpkwkxjmqcomf273gqfsxvuaxt43bffpva",
                        "attributes": {
                            "compartment_id": "ocid1.compartment.oc1..aaaaaaaam6uvbmgb5nzmoiurkyds6cax35xddpwafpcuru25fs6que4oln6q",
                            "defined_tags.%": "0",
                            "display_name": "securitylist20180803150039",
                            "egress_security_rules.#": "1",
                            "egress_security_rules.799812519.destination": "0.0.0.0/0",
                            "egress_security_rules.799812519.destination_type": "CIDR_BLOCK",
                            "egress_security_rules.799812519.icmp_options.#": "0",
                            "egress_security_rules.799812519.protocol": "all",
                            "egress_security_rules.799812519.stateless": "false",
                            "egress_security_rules.799812519.tcp_options.#": "0",
                            "egress_security_rules.799812519.udp_options.#": "0",
                            "freeform_tags.%": "0",
                            "id": "ocid1.securitylist.oc1.iad.aaaaaaaabqfjvof3k5p5e7wfv3tpkwkxjmqcomf273gqfsxvuaxt43bffpva",
                            "ingress_security_rules.#": "3",
                            "ingress_security_rules.387897017.icmp_options.#": "0",
                            "ingress_security_rules.387897017.protocol": "6",
                            "ingress_security_rules.387897017.source": "0.0.0.0/0",
                            "ingress_security_rules.387897017.source_type": "CIDR_BLOCK",
                            "ingress_security_rules.387897017.stateless": "true",
                            "ingress_security_rules.387897017.tcp_options.#": "1",
                            "ingress_security_rules.387897017.tcp_options.0.max": "443",
                            "ingress_security_rules.387897017.tcp_options.0.min": "443",
                            "ingress_security_rules.387897017.tcp_options.0.source_port_range.#": "0",
                            "ingress_security_rules.387897017.udp_options.#": "0",
                            "ingress_security_rules.47193274.icmp_options.#": "0",
                            "ingress_security_rules.47193274.protocol": "6",
                            "ingress_security_rules.47193274.source": "0.0.0.0/0",
                            "ingress_security_rules.47193274.source_type": "CIDR_BLOCK",
                            "ingress_security_rules.47193274.stateless": "false",
                            "ingress_security_rules.47193274.tcp_options.#": "1",
                            "ingress_security_rules.47193274.tcp_options.0.max": "22",
                            "ingress_security_rules.47193274.tcp_options.0.min": "22",
                            "ingress_security_rules.47193274.tcp_options.0.source_port_range.#": "0",
                            "ingress_security_rules.47193274.udp_options.#": "0",
                            "ingress_security_rules.63198568.icmp_options.#": "0",
                            "ingress_security_rules.63198568.protocol": "6",
                            "ingress_security_rules.63198568.source": "0.0.0.0/0",
                            "ingress_security_rules.63198568.source_type": "CIDR_BLOCK",
                            "ingress_security_rules.63198568.stateless": "true",
                            "ingress_security_rules.63198568.tcp_options.#": "1",
                            "ingress_security_rules.63198568.tcp_options.0.max": "80",
                            "ingress_security_rules.63198568.tcp_options.0.min": "80",
                            "ingress_security_rules.63198568.tcp_options.0.source_port_range.#": "0",
                            "ingress_security_rules.63198568.udp_options.#": "0",
                            "state": "AVAILABLE",
                            "time_created": "2018-08-03 15:00:39.017 +0000 UTC",
                            "vcn_id": "ocid1.vcn.oc1.iad.aaaaaaaag4kjmla75hjowd5zjg6ndrefwr4bt7rc55ezfzoqztcervzuto2a"
                        },
                        "meta": {
                            "e2bfb730-ecaa-11e6-8f88-34363bc7c4c0": {
                                "create": 900000000000,
                                "delete": 900000000000,
                                "update": 900000000000
                            }
                        },
                        "tainted": false
                    },
                    "deposed": [],
                    "provider": "provider.oci"
                },
                "oci_core_subnet.saltdemo-subnet-lb1": {
                    "type": "oci_core_subnet",
                    "depends_on": [
                        "oci_core_route_table.saltdemo-lb-RT",
                        "oci_core_security_list.saltdemo-lb-LIST",
                        "oci_core_virtual_network.saltdemo-VCN"
                    ],
                    "primary": {
                        "id": "ocid1.subnet.oc1.iad.aaaaaaaa22hkgnopdxmfqeohlwew5lrje53jaxrefwnwuuk2io5cj7haiowa",
                        "attributes": {
                            "availability_domain": "aNUQ:US-ASHBURN-AD-1",
                            "cidr_block": "10.0.2.0/24",
                            "compartment_id": "ocid1.compartment.oc1..aaaaaaaam6uvbmgb5nzmoiurkyds6cax35xddpwafpcuru25fs6que4oln6q",
                            "defined_tags.%": "0",
                            "dhcp_options_id": "ocid1.dhcpoptions.oc1.iad.aaaaaaaahng2xwzfrxrlbxalws3osamvndqhhryi27gcwfqrlsnkdzyqkhba",
                            "display_name": "saltdemo-subnet-lb1",
                            "dns_label": "saltdemosnlb1",
                            "freeform_tags.%": "0",
                            "id": "ocid1.subnet.oc1.iad.aaaaaaaa22hkgnopdxmfqeohlwew5lrje53jaxrefwnwuuk2io5cj7haiowa",
                            "prohibit_public_ip_on_vnic": "false",
                            "route_table_id": "ocid1.routetable.oc1.iad.aaaaaaaaofkjldfob6v4c3ir3hugpgffyai2kthgjhhzkozcf2qfhmzuryda",
                            "security_list_ids.#": "1",
                            "security_list_ids.2142257483": "ocid1.securitylist.oc1.iad.aaaaaaaabqfjvof3k5p5e7wfv3tpkwkxjmqcomf273gqfsxvuaxt43bffpva",
                            "state": "AVAILABLE",
                            "subnet_domain_name": "saltdemosnlb1.saltdemovcn.oraclevcn.com",
                            "time_created": "2018-08-03 15:00:40.938 +0000 UTC",
                            "vcn_id": "ocid1.vcn.oc1.iad.aaaaaaaag4kjmla75hjowd5zjg6ndrefwr4bt7rc55ezfzoqztcervzuto2a",
                            "virtual_router_ip": "10.0.2.1",
                            "virtual_router_mac": "00:00:17:7E:74:83"
                        },
                        "meta": {
                            "e2bfb730-ecaa-11e6-8f88-34363bc7c4c0": {
                                "create": 900000000000,
                                "delete": 900000000000,
                                "update": 900000000000
                            }
                        },
                        "tainted": false
                    },
                    "deposed": [],
                    "provider": "provider.oci"
                },
                "oci_core_subnet.saltdemo-subnet-lb2": {
                    "type": "oci_core_subnet",
                    "depends_on": [
                        "oci_core_route_table.saltdemo-lb-RT",
                        "oci_core_security_list.saltdemo-lb-LIST",
                        "oci_core_virtual_network.saltdemo-VCN"
                    ],
                    "primary": {
                        "id": "ocid1.subnet.oc1.iad.aaaaaaaaedzvfvdo4iptjxngybozgxycjknzvg22tpzkz46mcklmx6yawowq",
                        "attributes": {
                            "availability_domain": "aNUQ:US-ASHBURN-AD-2",
                            "cidr_block": "10.0.3.0/24",
                            "compartment_id": "ocid1.compartment.oc1..aaaaaaaam6uvbmgb5nzmoiurkyds6cax35xddpwafpcuru25fs6que4oln6q",
                            "defined_tags.%": "0",
                            "dhcp_options_id": "ocid1.dhcpoptions.oc1.iad.aaaaaaaahng2xwzfrxrlbxalws3osamvndqhhryi27gcwfqrlsnkdzyqkhba",
                            "display_name": "saltdemo-subnet-lb2",
                            "dns_label": "saltdemosnlb2",
                            "freeform_tags.%": "0",
                            "id": "ocid1.subnet.oc1.iad.aaaaaaaaedzvfvdo4iptjxngybozgxycjknzvg22tpzkz46mcklmx6yawowq",
                            "prohibit_public_ip_on_vnic": "false",
                            "route_table_id": "ocid1.routetable.oc1.iad.aaaaaaaaofkjldfob6v4c3ir3hugpgffyai2kthgjhhzkozcf2qfhmzuryda",
                            "security_list_ids.#": "1",
                            "security_list_ids.2142257483": "ocid1.securitylist.oc1.iad.aaaaaaaabqfjvof3k5p5e7wfv3tpkwkxjmqcomf273gqfsxvuaxt43bffpva",
                            "state": "AVAILABLE",
                            "subnet_domain_name": "saltdemosnlb2.saltdemovcn.oraclevcn.com",
                            "time_created": "2018-08-03 15:00:41.204 +0000 UTC",
                            "vcn_id": "ocid1.vcn.oc1.iad.aaaaaaaag4kjmla75hjowd5zjg6ndrefwr4bt7rc55ezfzoqztcervzuto2a",
                            "virtual_router_ip": "10.0.3.1",
                            "virtual_router_mac": "00:00:17:7E:74:83"
                        },
                        "meta": {
                            "e2bfb730-ecaa-11e6-8f88-34363bc7c4c0": {
                                "create": 900000000000,
                                "delete": 900000000000,
                                "update": 900000000000
                            }
                        },
                        "tainted": false
                    },
                    "deposed": [],
                    "provider": "provider.oci"
                },
                "oci_core_subnet.saltdemo-subnet-ws1": {
                    "type": "oci_core_subnet",
                    "depends_on": [
                        "oci_core_route_table.saltdemo-ws-RT",
                        "oci_core_virtual_network.saltdemo-VCN"
                    ],
                    "primary": {
                        "id": "ocid1.subnet.oc1.iad.aaaaaaaakk74qvzu6om3rpwfdi4rsv4cc7rkf33xl55jeujbei43p4xzojbq",
                        "attributes": {
                            "availability_domain": "aNUQ:US-ASHBURN-AD-1",
                            "cidr_block": "10.0.0.0/24",
                            "compartment_id": "ocid1.compartment.oc1..aaaaaaaam6uvbmgb5nzmoiurkyds6cax35xddpwafpcuru25fs6que4oln6q",
                            "defined_tags.%": "0",
                            "dhcp_options_id": "ocid1.dhcpoptions.oc1.iad.aaaaaaaahng2xwzfrxrlbxalws3osamvndqhhryi27gcwfqrlsnkdzyqkhba",
                            "display_name": "saltdemo-subnet-ws1",
                            "dns_label": "saltdemosnws1",
                            "freeform_tags.%": "0",
                            "id": "ocid1.subnet.oc1.iad.aaaaaaaakk74qvzu6om3rpwfdi4rsv4cc7rkf33xl55jeujbei43p4xzojbq",
                            "prohibit_public_ip_on_vnic": "false",
                            "route_table_id": "ocid1.routetable.oc1.iad.aaaaaaaahbvzpba6rygtz5cimuod6k4tvuv6zcerrrm5jxwhj7s3fh3prgsq",
                            "security_list_ids.#": "1",
                            "security_list_ids.733578618": "ocid1.securitylist.oc1.iad.aaaaaaaa5pixbyk4rphmrr7hxrnqttdakpagrrb24sx5uhrcynsyeawjmgvq",
                            "state": "AVAILABLE",
                            "subnet_domain_name": "saltdemosnws1.saltdemovcn.oraclevcn.com",
                            "time_created": "2018-08-03 15:00:39.792 +0000 UTC",
                            "vcn_id": "ocid1.vcn.oc1.iad.aaaaaaaag4kjmla75hjowd5zjg6ndrefwr4bt7rc55ezfzoqztcervzuto2a",
                            "virtual_router_ip": "10.0.0.1",
                            "virtual_router_mac": "00:00:17:7E:74:83"
                        },
                        "meta": {
                            "e2bfb730-ecaa-11e6-8f88-34363bc7c4c0": {
                                "create": 900000000000,
                                "delete": 900000000000,
                                "update": 900000000000
                            }
                        },
                        "tainted": false
                    },
                    "deposed": [],
                    "provider": "provider.oci"
                },
                "oci_core_subnet.saltdemo-subnet-ws2": {
                    "type": "oci_core_subnet",
                    "depends_on": [
                        "oci_core_route_table.saltdemo-ws-RT",
                        "oci_core_virtual_network.saltdemo-VCN"
                    ],
                    "primary": {
                        "id": "ocid1.subnet.oc1.iad.aaaaaaaawdgfdmiirbexbqmrckpjwcn64hio6ljbclppvnxic26oo4moebda",
                        "attributes": {
                            "availability_domain": "aNUQ:US-ASHBURN-AD-2",
                            "cidr_block": "10.0.1.0/24",
                            "compartment_id": "ocid1.compartment.oc1..aaaaaaaam6uvbmgb5nzmoiurkyds6cax35xddpwafpcuru25fs6que4oln6q",
                            "defined_tags.%": "0",
                            "dhcp_options_id": "ocid1.dhcpoptions.oc1.iad.aaaaaaaahng2xwzfrxrlbxalws3osamvndqhhryi27gcwfqrlsnkdzyqkhba",
                            "display_name": "saltdemo-subnet-ws2",
                            "dns_label": "saltdemosnws2",
                            "freeform_tags.%": "0",
                            "id": "ocid1.subnet.oc1.iad.aaaaaaaawdgfdmiirbexbqmrckpjwcn64hio6ljbclppvnxic26oo4moebda",
                            "prohibit_public_ip_on_vnic": "false",
                            "route_table_id": "ocid1.routetable.oc1.iad.aaaaaaaahbvzpba6rygtz5cimuod6k4tvuv6zcerrrm5jxwhj7s3fh3prgsq",
                            "security_list_ids.#": "1",
                            "security_list_ids.733578618": "ocid1.securitylist.oc1.iad.aaaaaaaa5pixbyk4rphmrr7hxrnqttdakpagrrb24sx5uhrcynsyeawjmgvq",
                            "state": "AVAILABLE",
                            "subnet_domain_name": "saltdemosnws2.saltdemovcn.oraclevcn.com",
                            "time_created": "2018-08-03 15:00:40.05 +0000 UTC",
                            "vcn_id": "ocid1.vcn.oc1.iad.aaaaaaaag4kjmla75hjowd5zjg6ndrefwr4bt7rc55ezfzoqztcervzuto2a",
                            "virtual_router_ip": "10.0.1.1",
                            "virtual_router_mac": "00:00:17:7E:74:83"
                        },
                        "meta": {
                            "e2bfb730-ecaa-11e6-8f88-34363bc7c4c0": {
                                "create": 900000000000,
                                "delete": 900000000000,
                                "update": 900000000000
                            }
                        },
                        "tainted": false
                    },
                    "deposed": [],
                    "provider": "provider.oci"
                },
                "oci_core_virtual_network.saltdemo-VCN": {
                    "type": "oci_core_virtual_network",
                    "depends_on": [],
                    "primary": {
                        "id": "ocid1.vcn.oc1.iad.aaaaaaaag4kjmla75hjowd5zjg6ndrefwr4bt7rc55ezfzoqztcervzuto2a",
                        "attributes": {
                            "cidr_block": "10.0.0.0/16",
                            "compartment_id": "ocid1.compartment.oc1..aaaaaaaam6uvbmgb5nzmoiurkyds6cax35xddpwafpcuru25fs6que4oln6q",
                            "default_dhcp_options_id": "ocid1.dhcpoptions.oc1.iad.aaaaaaaahng2xwzfrxrlbxalws3osamvndqhhryi27gcwfqrlsnkdzyqkhba",
                            "default_route_table_id": "ocid1.routetable.oc1.iad.aaaaaaaaxcdcpnvyvzh4xfucvzwtekztmkse5a7kl2ph2k46zoimma2obura",
                            "default_security_list_id": "ocid1.securitylist.oc1.iad.aaaaaaaa5pixbyk4rphmrr7hxrnqttdakpagrrb24sx5uhrcynsyeawjmgvq",
                            "defined_tags.%": "0",
                            "display_name": "saltdemo-VCN",
                            "dns_label": "saltdemovcn",
                            "freeform_tags.%": "0",
                            "id": "ocid1.vcn.oc1.iad.aaaaaaaag4kjmla75hjowd5zjg6ndrefwr4bt7rc55ezfzoqztcervzuto2a",
                            "state": "AVAILABLE",
                            "time_created": "2018-08-03 12:26:27.272 +0000 UTC",
                            "vcn_domain_name": "saltdemovcn.oraclevcn.com"
                        },
                        "meta": {
                            "e2bfb730-ecaa-11e6-8f88-34363bc7c4c0": {
                                "create": 900000000000,
                                "delete": 900000000000,
                                "update": 900000000000
                            }
                        },
                        "tainted": false
                    },
                    "deposed": [],
                    "provider": "provider.oci"
                },
                "oci_load_balancer.saltdemo-lb1": {
                    "type": "oci_load_balancer",
                    "depends_on": [
                        "oci_core_subnet.saltdemo-subnet-lb1",
                        "oci_core_subnet.saltdemo-subnet-lb2"
                    ],
                    "primary": {
                        "id": "ocid1.loadbalancer.oc1.iad.aaaaaaaazjnbbl5gb34uboubuxxhgq4txrnzwwmnhtbqi6rzn3ijps2soe3a",
                        "attributes": {
                            "compartment_id": "ocid1.compartment.oc1..aaaaaaaam6uvbmgb5nzmoiurkyds6cax35xddpwafpcuru25fs6que4oln6q",
                            "display_name": "lb1",
                            "id": "ocid1.loadbalancer.oc1.iad.aaaaaaaazjnbbl5gb34uboubuxxhgq4txrnzwwmnhtbqi6rzn3ijps2soe3a",
                            "ip_addresses.#": "1",
                            "ip_addresses.0": "129.213.171.221",
                            "is_private": "false",
                            "shape": "100Mbps",
                            "state": "ACTIVE",
                            "subnet_ids.#": "2",
                            "subnet_ids.0": "ocid1.subnet.oc1.iad.aaaaaaaa22hkgnopdxmfqeohlwew5lrje53jaxrefwnwuuk2io5cj7haiowa",
                            "subnet_ids.1": "ocid1.subnet.oc1.iad.aaaaaaaaedzvfvdo4iptjxngybozgxycjknzvg22tpzkz46mcklmx6yawowq",
                            "time_created": "2018-08-03 15:00:41.617 +0000 UTC"
                        },
                        "meta": {},
                        "tainted": false
                    },
                    "deposed": [],
                    "provider": "provider.oci"
                },
                "oci_load_balancer_backend.saltdemo-lb-be1": {
                    "type": "oci_load_balancer_backend",
                    "depends_on": [
                        "oci_core_instance.saltdemo-ws1",
                        "oci_load_balancer.saltdemo-lb1",
                        "oci_load_balancer_backend_set.saltdemo-lb-bes1"
                    ],
                    "primary": {
                        "id": "10.0.0.2:80",
                        "attributes": {
                            "backendset_name": "saltdemo-lb-bes1",
                            "backup": "false",
                            "drain": "false",
                            "id": "10.0.0.2:80",
                            "ip_address": "10.0.0.2",
                            "load_balancer_id": "ocid1.loadbalancer.oc1.iad.aaaaaaaazjnbbl5gb34uboubuxxhgq4txrnzwwmnhtbqi6rzn3ijps2soe3a",
                            "name": "10.0.0.2:80",
                            "offline": "false",
                            "port": "80",
                            "state": "SUCCEEDED",
                            "weight": "1"
                        },
                        "meta": {},
                        "tainted": false
                    },
                    "deposed": [],
                    "provider": "provider.oci"
                },
                "oci_load_balancer_backend_set.saltdemo-lb-bes1": {
                    "type": "oci_load_balancer_backend_set",
                    "depends_on": [
                        "oci_load_balancer.saltdemo-lb1"
                    ],
                    "primary": {
                        "id": "saltdemo-lb-bes1",
                        "attributes": {
                            "backend.#": "1",
                            "backend.0.backup": "false",
                            "backend.0.drain": "false",
                            "backend.0.ip_address": "10.0.0.2",
                            "backend.0.name": "10.0.0.2:80",
                            "backend.0.offline": "false",
                            "backend.0.port": "80",
                            "backend.0.weight": "1",
                            "health_checker.#": "1",
                            "health_checker.0.interval_ms": "30000",
                            "health_checker.0.port": "80",
                            "health_checker.0.protocol": "HTTP",
                            "health_checker.0.response_body_regex": ".*",
                            "health_checker.0.retries": "3",
                            "health_checker.0.return_code": "200",
                            "health_checker.0.timeout_in_millis": "3000",
                            "health_checker.0.url_path": "/",
                            "id": "saltdemo-lb-bes1",
                            "load_balancer_id": "ocid1.loadbalancer.oc1.iad.aaaaaaaazjnbbl5gb34uboubuxxhgq4txrnzwwmnhtbqi6rzn3ijps2soe3a",
                            "name": "saltdemo-lb-bes1",
                            "policy": "ROUND_ROBIN",
                            "session_persistence_configuration.#": "0",
                            "ssl_configuration.#": "0",
                            "state": "SUCCEEDED"
                        },
                        "meta": {},
                        "tainted": false
                    },
                    "deposed": [],
                    "provider": "provider.oci"
                },
                "oci_load_balancer_hostname.saltdemo-lb-host1": {
                    "type": "oci_load_balancer_hostname",
                    "depends_on": [
                        "oci_load_balancer.saltdemo-lb1"
                    ],
                    "primary": {
                        "id": "hostname1",
                        "attributes": {
                            "hostname": "app.example.com",
                            "id": "hostname1",
                            "load_balancer_id": "ocid1.loadbalancer.oc1.iad.aaaaaaaazjnbbl5gb34uboubuxxhgq4txrnzwwmnhtbqi6rzn3ijps2soe3a",
                            "name": "hostname1",
                            "state": "SUCCEEDED"
                        },
                        "meta": {
                            "e2bfb730-ecaa-11e6-8f88-34363bc7c4c0": {
                                "create": 900000000000,
                                "delete": 900000000000,
                                "update": 900000000000
                            }
                        },
                        "tainted": false
                    },
                    "deposed": [],
                    "provider": "provider.oci"
                },
                "oci_load_balancer_hostname.saltdemo-lb-host2": {
                    "type": "oci_load_balancer_hostname",
                    "depends_on": [
                        "oci_load_balancer.saltdemo-lb1"
                    ],
                    "primary": {
                        "id": "hostname2",
                        "attributes": {
                            "hostname": "app2.example.com",
                            "id": "hostname2",
                            "load_balancer_id": "ocid1.loadbalancer.oc1.iad.aaaaaaaazjnbbl5gb34uboubuxxhgq4txrnzwwmnhtbqi6rzn3ijps2soe3a",
                            "name": "hostname2",
                            "state": "SUCCEEDED"
                        },
                        "meta": {
                            "e2bfb730-ecaa-11e6-8f88-34363bc7c4c0": {
                                "create": 900000000000,
                                "delete": 900000000000,
                                "update": 900000000000
                            }
                        },
                        "tainted": false
                    },
                    "deposed": [],
                    "provider": "provider.oci"
                },
                "oci_load_balancer_listener.lb-listener1": {
                    "type": "oci_load_balancer_listener",
                    "depends_on": [
                        "oci_load_balancer.saltdemo-lb1",
                        "oci_load_balancer_backend_set.saltdemo-lb-bes1",
                        "oci_load_balancer_hostname.saltdemo-lb-host1",
                        "oci_load_balancer_hostname.saltdemo-lb-host2"
                    ],
                    "primary": {
                        "id": "http",
                        "attributes": {
                            "connection_configuration.#": "1",
                            "connection_configuration.0.idle_timeout_in_seconds": "2",
                            "default_backend_set_name": "saltdemo-lb-bes1",
                            "hostname_names.#": "2",
                            "hostname_names.0": "hostname1",
                            "hostname_names.1": "hostname2",
                            "id": "http",
                            "load_balancer_id": "ocid1.loadbalancer.oc1.iad.aaaaaaaazjnbbl5gb34uboubuxxhgq4txrnzwwmnhtbqi6rzn3ijps2soe3a",
                            "name": "http",
                            "port": "80",
                            "protocol": "HTTP",
                            "ssl_configuration.#": "0",
                            "state": "SUCCEEDED"
                        },
                        "meta": {},
                        "tainted": false
                    },
                    "deposed": [],
                    "provider": "provider.oci"
                },
                "oci_load_balancer_path_route_set.test_path_route_set": {
                    "type": "oci_load_balancer_path_route_set",
                    "depends_on": [
                        "oci_load_balancer.saltdemo-lb1",
                        "oci_load_balancer_backend_set.saltdemo-lb-bes1"
                    ],
                    "primary": {
                        "id": "pr-set1",
                        "attributes": {
                            "id": "pr-set1",
                            "load_balancer_id": "ocid1.loadbalancer.oc1.iad.aaaaaaaazjnbbl5gb34uboubuxxhgq4txrnzwwmnhtbqi6rzn3ijps2soe3a",
                            "name": "pr-set1",
                            "path_routes.#": "1",
                            "path_routes.0.backend_set_name": "saltdemo-lb-bes1",
                            "path_routes.0.path": "/",
                            "path_routes.0.path_match_type.#": "1",
                            "path_routes.0.path_match_type.0.match_type": "EXACT_MATCH",
                            "state": "SUCCEEDED"
                        },
                        "meta": {
                            "e2bfb730-ecaa-11e6-8f88-34363bc7c4c0": {
                                "create": 900000000000,
                                "delete": 900000000000,
                                "update": 900000000000
                            }
                        },
                        "tainted": false
                    },
                    "deposed": [],
                    "provider": "provider.oci"
                }
            },
            "depends_on": []
        }
    ]
}
