{
    "version": 3,
    "terraform_version": "0.11.7",
    "serial": 6,
    "lineage": "e22f38a2-9bf9-e341-006f-6b456c14faee",
    "modules": [
        {
            "path": [
                "root"
            ],
            "outputs": {},
            "resources": {
                "oci_core_internet_gateway.Arne-IGW": {
                    "type": "oci_core_internet_gateway",
                    "depends_on": [
                        "oci_core_virtual_network.Arne-VCN"
                    ],
                    "primary": {
                        "id": "ocid1.internetgateway.oc1.iad.aaaaaaaax7yh4xn7xvwaatxplbhqcztwsz6ug4rerlkrt74ios2baxmdldra",
                        "attributes": {
                            "compartment_id": "ocid1.compartment.oc1..aaaaaaaaariv2gmeu5lf5kdxwjqu6ghoqzcizev3kusccb23kmuu25jkbtxa",
                            "defined_tags.%": "0",
                            "display_name": "Arne-IGW",
                            "enabled": "true",
                            "freeform_tags.%": "0",
                            "id": "ocid1.internetgateway.oc1.iad.aaaaaaaax7yh4xn7xvwaatxplbhqcztwsz6ug4rerlkrt74ios2baxmdldra",
                            "state": "AVAILABLE",
                            "time_created": "2018-07-30 21:08:01.571 +0000 UTC",
                            "vcn_id": "ocid1.vcn.oc1.iad.aaaaaaaarf3xvb5k7gw33q7jd6egzxqxiuy2vtf4xfo3oi7b4yrwk27wthsq"
                        },
                        "meta": {
                            "e2bfb730-ecaa-11e6-8f88-34363bc7c4c0": {
                                "create": 900000000000,
                                "delete": 900000000000,
                                "update": 900000000000
                            }
                        },
                        "tainted": false
                    },
                    "deposed": [],
                    "provider": "provider.oci"
                },
                "oci_core_route_table.Arne-RT": {
                    "type": "oci_core_route_table",
                    "depends_on": [
                        "oci_core_internet_gateway.Arne-IGW",
                        "oci_core_virtual_network.Arne-VCN"
                    ],
                    "primary": {
                        "id": "ocid1.routetable.oc1.iad.aaaaaaaatl3s5hgfl6mjjmt5ct3x6mhnl4mnvcn26gm3nhudn7dbcektho4q",
                        "attributes": {
                            "compartment_id": "ocid1.compartment.oc1..aaaaaaaaariv2gmeu5lf5kdxwjqu6ghoqzcizev3kusccb23kmuu25jkbtxa",
                            "defined_tags.%": "0",
                            "display_name": "Arne-RT",
                            "freeform_tags.%": "0",
                            "id": "ocid1.routetable.oc1.iad.aaaaaaaatl3s5hgfl6mjjmt5ct3x6mhnl4mnvcn26gm3nhudn7dbcektho4q",
                            "route_rules.#": "1",
                            "route_rules.600131321.cidr_block": "0.0.0.0/0",
                            "route_rules.600131321.destination": "0.0.0.0/0",
                            "route_rules.600131321.destination_type": "CIDR_BLOCK",
                            "route_rules.600131321.network_entity_id": "ocid1.internetgateway.oc1.iad.aaaaaaaax7yh4xn7xvwaatxplbhqcztwsz6ug4rerlkrt74ios2baxmdldra",
                            "state": "AVAILABLE",
                            "time_created": "2018-07-30 21:08:02.015 +0000 UTC",
                            "vcn_id": "ocid1.vcn.oc1.iad.aaaaaaaarf3xvb5k7gw33q7jd6egzxqxiuy2vtf4xfo3oi7b4yrwk27wthsq"
                        },
                        "meta": {
                            "e2bfb730-ecaa-11e6-8f88-34363bc7c4c0": {
                                "create": 900000000000,
                                "delete": 900000000000,
                                "update": 900000000000
                            }
                        },
                        "tainted": false
                    },
                    "deposed": [],
                    "provider": "provider.oci"
                },
                "oci_core_virtual_network.Arne-VCN": {
                    "type": "oci_core_virtual_network",
                    "depends_on": [],
                    "primary": {
                        "id": "ocid1.vcn.oc1.iad.aaaaaaaarf3xvb5k7gw33q7jd6egzxqxiuy2vtf4xfo3oi7b4yrwk27wthsq",
                        "attributes": {
                            "cidr_block": "10.0.0.0/16",
                            "compartment_id": "ocid1.compartment.oc1..aaaaaaaaariv2gmeu5lf5kdxwjqu6ghoqzcizev3kusccb23kmuu25jkbtxa",
                            "default_dhcp_options_id": "ocid1.dhcpoptions.oc1.iad.aaaaaaaaaojq4egwglxsxiwop5d65vhrtcrf3mlsxhz33njxzphsdoy3ww6q",
                            "default_route_table_id": "ocid1.routetable.oc1.iad.aaaaaaaalzrwbsnwzh7ukcb3km6qnvlgmhye5zmiqpw2o4tkmo65jgmjzwvq",
                            "default_security_list_id": "ocid1.securitylist.oc1.iad.aaaaaaaa75bjhvmliprj4oyfkgrg3zedqixlhhvyt7uwdwz3vkclg2cpmm4a",
                            "defined_tags.%": "0",
                            "display_name": "Arne-VCN",
                            "dns_label": "arnevcn",
                            "freeform_tags.%": "0",
                            "id": "ocid1.vcn.oc1.iad.aaaaaaaarf3xvb5k7gw33q7jd6egzxqxiuy2vtf4xfo3oi7b4yrwk27wthsq",
                            "state": "AVAILABLE",
                            "time_created": "2018-07-30 21:08:00.96 +0000 UTC",
                            "vcn_domain_name": "arnevcn.oraclevcn.com"
                        },
                        "meta": {
                            "e2bfb730-ecaa-11e6-8f88-34363bc7c4c0": {
                                "create": 900000000000,
                                "delete": 900000000000,
                                "update": 900000000000
                            }
                        },
                        "tainted": false
                    },
                    "deposed": [],
                    "provider": "provider.oci"
                }
            },
            "depends_on": []
        }
    ]
}
