{
    "version": 3,
    "terraform_version": "0.11.7",
    "serial": 14,
    "lineage": "e22f38a2-9bf9-e341-006f-6b456c14faee",
    "modules": [
        {
            "path": [
                "root"
            ],
            "outputs": {},
            "resources": {
                "oci_core_internet_gateway.saltdemo-IGW": {
                    "type": "oci_core_internet_gateway",
                    "depends_on": [
                        "oci_core_virtual_network.saltdemo-VCN"
                    ],
                    "primary": {
                        "id": "ocid1.internetgateway.oc1.iad.aaaaaaaad6sw7mh7ia46jdakg6bz57b6knbsruvtwptdqbojcvr4yujqr64a",
                        "attributes": {
                            "compartment_id": "ocid1.compartment.oc1..aaaaaaaam6uvbmgb5nzmoiurkyds6cax35xddpwafpcuru25fs6que4oln6q",
                            "defined_tags.%": "0",
                            "display_name": "saltdemo-IGW",
                            "enabled": "true",
                            "freeform_tags.%": "0",
                            "id": "ocid1.internetgateway.oc1.iad.aaaaaaaad6sw7mh7ia46jdakg6bz57b6knbsruvtwptdqbojcvr4yujqr64a",
                            "state": "AVAILABLE",
                            "time_created": "2018-08-02 19:01:37.202 +0000 UTC",
                            "vcn_id": "ocid1.vcn.oc1.iad.aaaaaaaavy4b3nd77rdjaitin42egzzrtzsbrokesy35c75o3m3v3674j5nq"
                        },
                        "meta": {
                            "e2bfb730-ecaa-11e6-8f88-34363bc7c4c0": {
                                "create": 900000000000,
                                "delete": 900000000000,
                                "update": 900000000000
                            }
                        },
                        "tainted": false
                    },
                    "deposed": [],
                    "provider": "provider.oci"
                },
                "oci_core_route_table.saltdemoLB-RT": {
                    "type": "oci_core_route_table",
                    "depends_on": [
                        "oci_core_internet_gateway.saltdemo-IGW",
                        "oci_core_virtual_network.saltdemo-VCN"
                    ],
                    "primary": {
                        "id": "ocid1.routetable.oc1.iad.aaaaaaaaqy2d2ftn2nv4sligofspcfokmslyqcpt6xlrlpjss5qcy5vwybda",
                        "attributes": {
                            "compartment_id": "ocid1.compartment.oc1..aaaaaaaam6uvbmgb5nzmoiurkyds6cax35xddpwafpcuru25fs6que4oln6q",
                            "defined_tags.%": "0",
                            "display_name": "saltdemoLB-RT",
                            "freeform_tags.%": "0",
                            "id": "ocid1.routetable.oc1.iad.aaaaaaaaqy2d2ftn2nv4sligofspcfokmslyqcpt6xlrlpjss5qcy5vwybda",
                            "route_rules.#": "1",
                            "route_rules.81459454.cidr_block": "0.0.0.0/0",
                            "route_rules.81459454.destination": "0.0.0.0/0",
                            "route_rules.81459454.destination_type": "CIDR_BLOCK",
                            "route_rules.81459454.network_entity_id": "ocid1.internetgateway.oc1.iad.aaaaaaaad6sw7mh7ia46jdakg6bz57b6knbsruvtwptdqbojcvr4yujqr64a",
                            "state": "AVAILABLE",
                            "time_created": "2018-08-02 19:01:40.87 +0000 UTC",
                            "vcn_id": "ocid1.vcn.oc1.iad.aaaaaaaavy4b3nd77rdjaitin42egzzrtzsbrokesy35c75o3m3v3674j5nq"
                        },
                        "meta": {
                            "e2bfb730-ecaa-11e6-8f88-34363bc7c4c0": {
                                "create": 900000000000,
                                "delete": 900000000000,
                                "update": 900000000000
                            }
                        },
                        "tainted": false
                    },
                    "deposed": [],
                    "provider": "provider.oci"
                },
                "oci_core_subnet.saltdemo-subnet-ws1": {
                    "type": "oci_core_subnet",
                    "depends_on": [
                        "oci_core_virtual_network.saltdemo-VCN"
                    ],
                    "primary": {
                        "id": "ocid1.subnet.oc1.iad.aaaaaaaaigwwb2cczh3vo5dbo5hcoh5ra5vrovz6d2we5siou2maeok2hw4a",
                        "attributes": {
                            "availability_domain": "aNUQ:US-ASHBURN-AD-1",
                            "cidr_block": "10.0.0.0/24",
                            "compartment_id": "ocid1.compartment.oc1..aaaaaaaam6uvbmgb5nzmoiurkyds6cax35xddpwafpcuru25fs6que4oln6q",
                            "defined_tags.%": "0",
                            "dhcp_options_id": "ocid1.dhcpoptions.oc1.iad.aaaaaaaaljat2vrmtpl4pjiil6to22vwfyzphj5opr2bc6ogykt7gdx3q3fq",
                            "display_name": "subnet20180802190137",
                            "freeform_tags.%": "0",
                            "id": "ocid1.subnet.oc1.iad.aaaaaaaaigwwb2cczh3vo5dbo5hcoh5ra5vrovz6d2we5siou2maeok2hw4a",
                            "prohibit_public_ip_on_vnic": "false",
                            "route_table_id": "ocid1.routetable.oc1.iad.aaaaaaaa5ypyblzgia4jjataryn5o7z4kmd7vg5au77uhgkjgvat6d5hr54q",
                            "security_list_ids.#": "1",
                            "security_list_ids.1083245861": "ocid1.securitylist.oc1.iad.aaaaaaaavg76pwgwd3uulebikeh5y7tvdha6ggalykjkhi6xoluf3pogncnq",
                            "state": "AVAILABLE",
                            "time_created": "2018-08-02 19:01:37.71 +0000 UTC",
                            "vcn_id": "ocid1.vcn.oc1.iad.aaaaaaaavy4b3nd77rdjaitin42egzzrtzsbrokesy35c75o3m3v3674j5nq",
                            "virtual_router_ip": "10.0.0.1",
                            "virtual_router_mac": "00:00:17:4F:06:56"
                        },
                        "meta": {
                            "e2bfb730-ecaa-11e6-8f88-34363bc7c4c0": {
                                "create": 900000000000,
                                "delete": 900000000000,
                                "update": 900000000000
                            }
                        },
                        "tainted": false
                    },
                    "deposed": [],
                    "provider": "provider.oci"
                },
                "oci_core_subnet.saltdemo-subnet-ws2": {
                    "type": "oci_core_subnet",
                    "depends_on": [
                        "oci_core_virtual_network.saltdemo-VCN"
                    ],
                    "primary": {
                        "id": "ocid1.subnet.oc1.iad.aaaaaaaad7o3kauquu32tl4zqdjdecijzxpcozcxd4lh5bl5ryf3xxawhvia",
                        "attributes": {
                            "availability_domain": "aNUQ:US-ASHBURN-AD-2",
                            "cidr_block": "10.0.1.0/24",
                            "compartment_id": "ocid1.compartment.oc1..aaaaaaaam6uvbmgb5nzmoiurkyds6cax35xddpwafpcuru25fs6que4oln6q",
                            "defined_tags.%": "0",
                            "dhcp_options_id": "ocid1.dhcpoptions.oc1.iad.aaaaaaaaljat2vrmtpl4pjiil6to22vwfyzphj5opr2bc6ogykt7gdx3q3fq",
                            "display_name": "subnet20180802190137",
                            "freeform_tags.%": "0",
                            "id": "ocid1.subnet.oc1.iad.aaaaaaaad7o3kauquu32tl4zqdjdecijzxpcozcxd4lh5bl5ryf3xxawhvia",
                            "prohibit_public_ip_on_vnic": "false",
                            "route_table_id": "ocid1.routetable.oc1.iad.aaaaaaaa5ypyblzgia4jjataryn5o7z4kmd7vg5au77uhgkjgvat6d5hr54q",
                            "security_list_ids.#": "1",
                            "security_list_ids.1083245861": "ocid1.securitylist.oc1.iad.aaaaaaaavg76pwgwd3uulebikeh5y7tvdha6ggalykjkhi6xoluf3pogncnq",
                            "state": "AVAILABLE",
                            "time_created": "2018-08-02 19:01:37.832 +0000 UTC",
                            "vcn_id": "ocid1.vcn.oc1.iad.aaaaaaaavy4b3nd77rdjaitin42egzzrtzsbrokesy35c75o3m3v3674j5nq",
                            "virtual_router_ip": "10.0.1.1",
                            "virtual_router_mac": "00:00:17:4F:06:56"
                        },
                        "meta": {
                            "e2bfb730-ecaa-11e6-8f88-34363bc7c4c0": {
                                "create": 900000000000,
                                "delete": 900000000000,
                                "update": 900000000000
                            }
                        },
                        "tainted": false
                    },
                    "deposed": [],
                    "provider": "provider.oci"
                },
                "oci_core_virtual_network.saltdemo-VCN": {
                    "type": "oci_core_virtual_network",
                    "depends_on": [],
                    "primary": {
                        "id": "ocid1.vcn.oc1.iad.aaaaaaaavy4b3nd77rdjaitin42egzzrtzsbrokesy35c75o3m3v3674j5nq",
                        "attributes": {
                            "cidr_block": "10.0.0.0/16",
                            "compartment_id": "ocid1.compartment.oc1..aaaaaaaam6uvbmgb5nzmoiurkyds6cax35xddpwafpcuru25fs6que4oln6q",
                            "default_dhcp_options_id": "ocid1.dhcpoptions.oc1.iad.aaaaaaaaljat2vrmtpl4pjiil6to22vwfyzphj5opr2bc6ogykt7gdx3q3fq",
                            "default_route_table_id": "ocid1.routetable.oc1.iad.aaaaaaaa5ypyblzgia4jjataryn5o7z4kmd7vg5au77uhgkjgvat6d5hr54q",
                            "default_security_list_id": "ocid1.securitylist.oc1.iad.aaaaaaaavg76pwgwd3uulebikeh5y7tvdha6ggalykjkhi6xoluf3pogncnq",
                            "defined_tags.%": "0",
                            "display_name": "saltdemo-VCN",
                            "dns_label": "saltdemovcn",
                            "freeform_tags.%": "0",
                            "id": "ocid1.vcn.oc1.iad.aaaaaaaavy4b3nd77rdjaitin42egzzrtzsbrokesy35c75o3m3v3674j5nq",
                            "state": "AVAILABLE",
                            "time_created": "2018-08-02 19:01:33.562 +0000 UTC",
                            "vcn_domain_name": "saltdemovcn.oraclevcn.com"
                        },
                        "meta": {
                            "e2bfb730-ecaa-11e6-8f88-34363bc7c4c0": {
                                "create": 900000000000,
                                "delete": 900000000000,
                                "update": 900000000000
                            }
                        },
                        "tainted": false
                    },
                    "deposed": [],
                    "provider": "provider.oci"
                }
            },
            "depends_on": []
        }
    ]
}
