{
    "version": 3,
    "terraform_version": "0.11.7",
    "serial": 162,
    "lineage": "e22f38a2-9bf9-e341-006f-6b456c14faee",
    "modules": [
        {
            "path": [
                "root"
            ],
            "outputs": {
                "saltdemo-salt-minion01": {
                    "sensitive": false,
                    "type": "string",
                    "value": "129.213.130.200"
                },
                "saltdemo-salt-minion02": {
                    "sensitive": false,
                    "type": "string",
                    "value": "129.213.161.104"
                },
                "saltdemo-saltmaster": {
                    "sensitive": false,
                    "type": "string",
                    "value": "129.213.149.132"
                },
                "saltdemo-ws1": {
                    "sensitive": false,
                    "type": "string",
                    "value": "129.213.150.252"
                },
                "saltdemo-ws2": {
                    "sensitive": false,
                    "type": "string",
                    "value": "129.213.50.201"
                }
            },
            "resources": {
                "data.oci_identity_availability_domains.ADs": {
                    "type": "oci_identity_availability_domains",
                    "depends_on": [],
                    "primary": {
                        "id": "2018-08-08 11:12:29.497433 +0000 UTC",
                        "attributes": {
                            "availability_domains.#": "3",
                            "availability_domains.0.compartment_id": "ocid1.tenancy.oc1..aaaaaaaavuoskfzznzlnuipywsmiz6cazwefnaawnuqb3thmhgwlgxnoxgiq",
                            "availability_domains.0.name": "aNUQ:US-ASHBURN-AD-1",
                            "availability_domains.1.compartment_id": "ocid1.tenancy.oc1..aaaaaaaavuoskfzznzlnuipywsmiz6cazwefnaawnuqb3thmhgwlgxnoxgiq",
                            "availability_domains.1.name": "aNUQ:US-ASHBURN-AD-2",
                            "availability_domains.2.compartment_id": "ocid1.tenancy.oc1..aaaaaaaavuoskfzznzlnuipywsmiz6cazwefnaawnuqb3thmhgwlgxnoxgiq",
                            "availability_domains.2.name": "aNUQ:US-ASHBURN-AD-3",
                            "compartment_id": "ocid1.tenancy.oc1..aaaaaaaavuoskfzznzlnuipywsmiz6cazwefnaawnuqb3thmhgwlgxnoxgiq",
                            "id": "2018-08-08 11:12:29.497433 +0000 UTC"
                        },
                        "meta": {},
                        "tainted": false
                    },
                    "deposed": [],
                    "provider": "provider.oci"
                },
                "oci_core_instance.saltdemo-salt-minion01": {
                    "type": "oci_core_instance",
                    "depends_on": [
                        "oci_core_instance.saltdemo-saltmaster",
                        "oci_core_subnet.saltdemo-subnet-lb1"
                    ],
                    "primary": {
                        "id": "ocid1.instance.oc1.iad.abuwcljrogzt372il5pmy5tdzimfzypse6efhhc3uvmfltg4auo2wplnknna",
                        "attributes": {
                            "availability_domain": "aNUQ:US-ASHBURN-AD-1",
                            "boot_volume_id": "ocid1.bootvolume.oc1.iad.abuwcljre6o7oap7ja7gdnkuyqrkazrjl2b73jdrljkxj3nhylybwsyo6s7q",
                            "compartment_id": "ocid1.compartment.oc1..aaaaaaaam6uvbmgb5nzmoiurkyds6cax35xddpwafpcuru25fs6que4oln6q",
                            "create_vnic_details.#": "1",
                            "create_vnic_details.0.assign_public_ip": "true",
                            "create_vnic_details.0.defined_tags.%": "0",
                            "create_vnic_details.0.display_name": "primaryvnic",
                            "create_vnic_details.0.freeform_tags.%": "0",
                            "create_vnic_details.0.hostname_label": "saltminion01",
                            "create_vnic_details.0.private_ip": "10.0.2.8",
                            "create_vnic_details.0.skip_source_dest_check": "false",
                            "create_vnic_details.0.subnet_id": "ocid1.subnet.oc1.iad.aaaaaaaadiiclckpfdjjwg2bfvkex3ewxnb6n6f4x5gl6tswalxt2q542fba",
                            "defined_tags.%": "0",
                            "display_name": "saltminion01",
                            "freeform_tags.%": "0",
                            "hostname_label": "saltminion01",
                            "id": "ocid1.instance.oc1.iad.abuwcljrogzt372il5pmy5tdzimfzypse6efhhc3uvmfltg4auo2wplnknna",
                            "image": "ocid1.image.oc1.iad.aaaaaaaagqwnrno6c35vplndep6hu5gevyiqqag37muue3ich7g6tbs5aq4q",
                            "launch_mode": "NATIVE",
                            "launch_options.#": "1",
                            "launch_options.0.boot_volume_type": "ISCSI",
                            "launch_options.0.firmware": "UEFI_64",
                            "launch_options.0.network_type": "VFIO",
                            "launch_options.0.remote_data_volume_type": "PARAVIRTUALIZED",
                            "metadata.%": "2",
                            "metadata.ssh_authorized_keys": "ssh-rsa AAAAB3NzaC1yc2EAAAADAQABAAABAQC4tJPnV15IvVHywFglq7i5yFEhVUmXqS8Cb7nw+nNO/vHrl6rekw3+jTCi1kmjOYC5YWzfbdl3Brcxcu3hn7Az+TCLBzxVDLu3327iUkw08bDzQITnvHnQqPS94HQxNbsfPX8vACKXbK/4OvMw9VlMz7zsG9R6JcO8KvCO7L2zUxN/mZHMr6jPzUt4oAS2DWsTGqPqqRi/Vl4Plpus1CWFGjQk68Rsu1lR4eHwdDOJCWl8DDMKTkilRdHydEu1P9zpNYJDaoiwJ+sQs8uAZe+6QZpP/4asyagZ53a5woiT5+sxZ+7Cqv+IwUQOh4f6yO2JFJtPG4iUm6zBsVdjbMPl wildahunden@Daniels-MacBook-Pro-2.local",
                            "metadata.user_data": "I2Nsb3VkLWNvbmZpZwpvdXRwdXQ6IHthbGw6ICd8IHRlZSAtYSAvdmFyL2xvZy9jbG91ZC1pbml0LW91dHB1dC5sb2cnfQp5dW1fcmVwb3M6CiAgc2FsdHN0YWNrOgogICAgbmFtZTogICAgICBTYWx0U3RhY2sgcmVwbyBmb3IgUmVkIEhhdCBFbnRlcnByaXNlIExpbnV4ICRyZWxlYXNldmVyCiAgICBiYXNldXJsOiAgIGh0dHBzOi8vcmVwby5zYWx0c3RhY2suY29tL3l1bS9yZWRoYXQvJHJlbGVhc2V2ZXIvJGJhc2VhcmNoL2xhdGVzdAogICAgZW5hYmxlZDogICAxCiAgICBncGdjaGVjazogIHRydWUKICAgIGdwZ2tleTogICAgaHR0cHM6Ly9yZXBvLnNhbHRzdGFjay5jb20veXVtL3JlZGhhdC8kcmVsZWFzZXZlci8kYmFzZWFyY2gvbGF0ZXN0L1NBTFRTVEFDSy1HUEctS0VZLnB1YgpwYWNrYWdlczoKIC0gZmlnbGV0CiAtIGh0b3AKIC0gdmltCiAtIGdpdAogLSB0bXV4CiAtIHdnZXQKIC0gdW56aXAKIC0gc2FsdC1taW5pb24KIC0gc2FsdC1jbG91ZAogLSBzYWx0LWRvYwogLSBubWFwCnJ1bmNtZDoKIC0gWyBzaCwgLXhjLCAic3lzdGVtY3RsIGVuYWJsZSBzYWx0LW1pbmlvbi5zZXJ2aWNlIiBdCiAtIFsgc2gsIC14YywgInN5c3RlbWN0bCBkaXNhYmxlIGZpcmV3YWxsZC5zZXJ2aWNlIiBdCiAtIFsgc2gsIC14YywgInN5c3RlbWN0bCBzdG9wIGZpcmV3YWxsZC5zZXJ2aWNlIiBdCiAtIFsgc2gsIC14YywgImZpcmV3YWxsLW9mZmxpbmUtY21kIC0tcGVybWFuZW50IC0tYWRkLXBvcnQ9ODAvdGNwIiBdCiAtIFsgc2gsIC14YywgImZpcmV3YWxsLW9mZmxpbmUtY21kIC0tcGVybWFuZW50IC0tYWRkLXBvcnQ9NDQzL3RjcCIgXQogLSBbIHNoLCAteGMsICJzeXN0ZW1jdGwgZW5hYmxlIGh0dHBkLnNlcnZpY2UiIF0KIC0gWyBzaCwgLXhjLCAic3lzdGVtY3RsIHN0YXJ0IGh0dHBkLnNlcnZpY2UiIF0KIC0gWyBzaCwgLXhjLCAiZWNobyAnPGh0bWw+PGhlYWQ+PC9oZWFkPjxib2R5PjxwcmU+PGNvZGU+JyA+IC92YXIvd3d3L2h0bWwvaW5kZXguaHRtbCIgXQogLSBbIHNoLCAteGMsICJob3N0bmFtZSA+PiAvdmFyL3d3dy9odG1sL2luZGV4Lmh0bWwiIF0KIC0gWyBzaCwgLXhjLCAiZWNobyAnJyA+PiAvdmFyL3d3dy9odG1sL2luZGV4Lmh0bWwiIF0KIC0gWyBzaCwgLXhjLCAiY2F0IC9ldGMvb3MtcmVsZWFzZSA+PiAvdmFyL3d3dy9odG1sL2luZGV4Lmh0bWwiIF0KIC0gWyBzaCwgLXhjLCAiZWNobyAnPC9jb2RlPjwvcHJlPjwvYm9keT48L2h0bWw+JyA+PiAvdmFyL3d3dy9odG1sL2luZGV4Lmh0bWwiIF0KIC0gWyBzaCwgLXhjLCAiaXBhZGRyZXNzPWBnZXRlbnQgaG9zdHMgc2FsdG1hc3Rlci5zYWx0ZGVtb3NubGIxLnNhbHRkZW1vdmNuLm9yYWNsZXZjbi5jb21gOyBpcGFkZHJlc3M9YGVjaG8gJGlwYWRkcmVzcyB8IGF3ayAne3ByaW50ICQxfSdgOyBlY2hvICRpcGFkZHJlc3M7IHNlZCAtaSAtZSBcInMvI21hc3Rlcjogc2FsdC9tYXN0ZXI6ICRpcGFkZHJlc3MvXCIgL2V0Yy9zYWx0L21pbmlvbiIgXQogLSBbIHNoLCAteGMsICJlY2hvIFwiaWQ6IGBob3N0bmFtZSAtc2BcIiA+PiAvZXRjL3NhbHQvbWluaW9uIiBdCiAtIFsgc2gsIC14YywgInN5c3RlbWN0bCBzdGFydCBzYWx0LW1pbmlvbi5zZXJ2aWNlIiBdCg==",
                            "private_ip": "10.0.2.8",
                            "public_ip": "129.213.130.200",
                            "region": "iad",
                            "shape": "VM.Standard1.2",
                            "source_details.#": "1",
                            "source_details.0.boot_volume_size_in_gbs": "47",
                            "source_details.0.source_id": "ocid1.image.oc1.iad.aaaaaaaagqwnrno6c35vplndep6hu5gevyiqqag37muue3ich7g6tbs5aq4q",
                            "source_details.0.source_type": "image",
                            "state": "RUNNING",
                            "subnet_id": "ocid1.subnet.oc1.iad.aaaaaaaadiiclckpfdjjwg2bfvkex3ewxnb6n6f4x5gl6tswalxt2q542fba",
                            "time_created": "2018-08-07 19:02:44.996 +0000 UTC"
                        },
                        "meta": {
                            "e2bfb730-ecaa-11e6-8f88-34363bc7c4c0": {
                                "create": 7200000000000,
                                "delete": 7200000000000,
                                "update": 7200000000000
                            }
                        },
                        "tainted": false
                    },
                    "deposed": [],
                    "provider": "provider.oci"
                },
                "oci_core_instance.saltdemo-salt-minion02": {
                    "type": "oci_core_instance",
                    "depends_on": [
                        "oci_core_instance.saltdemo-saltmaster",
                        "oci_core_subnet.saltdemo-subnet-lb2"
                    ],
                    "primary": {
                        "id": "ocid1.instance.oc1.iad.abuwcljt4iqk5wjojr3l46bihegivpsqir24ia7boevxdqzzynqvjjgulfra",
                        "attributes": {
                            "availability_domain": "aNUQ:US-ASHBURN-AD-2",
                            "boot_volume_id": "ocid1.bootvolume.oc1.iad.abuwcljtvbwsyejxzhdr4aesn6ywzyuxmejj2qb2f2nk2plocvqbhflgbjxa",
                            "compartment_id": "ocid1.compartment.oc1..aaaaaaaam6uvbmgb5nzmoiurkyds6cax35xddpwafpcuru25fs6que4oln6q",
                            "create_vnic_details.#": "1",
                            "create_vnic_details.0.assign_public_ip": "true",
                            "create_vnic_details.0.defined_tags.%": "0",
                            "create_vnic_details.0.display_name": "primaryvnic",
                            "create_vnic_details.0.freeform_tags.%": "0",
                            "create_vnic_details.0.hostname_label": "saltminion02",
                            "create_vnic_details.0.private_ip": "10.0.3.5",
                            "create_vnic_details.0.skip_source_dest_check": "false",
                            "create_vnic_details.0.subnet_id": "ocid1.subnet.oc1.iad.aaaaaaaal7cprybkv2hoi44jjy2cidgy4q4hb2q3hfutybqjziyc3jszxjma",
                            "defined_tags.%": "0",
                            "display_name": "saltminion02",
                            "freeform_tags.%": "0",
                            "hostname_label": "saltminion02",
                            "id": "ocid1.instance.oc1.iad.abuwcljt4iqk5wjojr3l46bihegivpsqir24ia7boevxdqzzynqvjjgulfra",
                            "image": "ocid1.image.oc1.iad.aaaaaaaagqwnrno6c35vplndep6hu5gevyiqqag37muue3ich7g6tbs5aq4q",
                            "launch_mode": "NATIVE",
                            "launch_options.#": "1",
                            "launch_options.0.boot_volume_type": "ISCSI",
                            "launch_options.0.firmware": "UEFI_64",
                            "launch_options.0.network_type": "VFIO",
                            "launch_options.0.remote_data_volume_type": "PARAVIRTUALIZED",
                            "metadata.%": "2",
                            "metadata.ssh_authorized_keys": "ssh-rsa AAAAB3NzaC1yc2EAAAADAQABAAABAQC4tJPnV15IvVHywFglq7i5yFEhVUmXqS8Cb7nw+nNO/vHrl6rekw3+jTCi1kmjOYC5YWzfbdl3Brcxcu3hn7Az+TCLBzxVDLu3327iUkw08bDzQITnvHnQqPS94HQxNbsfPX8vACKXbK/4OvMw9VlMz7zsG9R6JcO8KvCO7L2zUxN/mZHMr6jPzUt4oAS2DWsTGqPqqRi/Vl4Plpus1CWFGjQk68Rsu1lR4eHwdDOJCWl8DDMKTkilRdHydEu1P9zpNYJDaoiwJ+sQs8uAZe+6QZpP/4asyagZ53a5woiT5+sxZ+7Cqv+IwUQOh4f6yO2JFJtPG4iUm6zBsVdjbMPl wildahunden@Daniels-MacBook-Pro-2.local",
                            "metadata.user_data": "I2Nsb3VkLWNvbmZpZwpvdXRwdXQ6IHthbGw6ICd8IHRlZSAtYSAvdmFyL2xvZy9jbG91ZC1pbml0LW91dHB1dC5sb2cnfQp5dW1fcmVwb3M6CiAgc2FsdHN0YWNrOgogICAgbmFtZTogICAgICBTYWx0U3RhY2sgcmVwbyBmb3IgUmVkIEhhdCBFbnRlcnByaXNlIExpbnV4ICRyZWxlYXNldmVyCiAgICBiYXNldXJsOiAgIGh0dHBzOi8vcmVwby5zYWx0c3RhY2suY29tL3l1bS9yZWRoYXQvJHJlbGVhc2V2ZXIvJGJhc2VhcmNoL2xhdGVzdAogICAgZW5hYmxlZDogICAxCiAgICBncGdjaGVjazogIHRydWUKICAgIGdwZ2tleTogICAgaHR0cHM6Ly9yZXBvLnNhbHRzdGFjay5jb20veXVtL3JlZGhhdC8kcmVsZWFzZXZlci8kYmFzZWFyY2gvbGF0ZXN0L1NBTFRTVEFDSy1HUEctS0VZLnB1YgpwYWNrYWdlczoKIC0gZmlnbGV0CiAtIGh0b3AKIC0gdmltCiAtIGdpdAogLSB0bXV4CiAtIHdnZXQKIC0gdW56aXAKIC0gc2FsdC1taW5pb24KIC0gc2FsdC1jbG91ZAogLSBzYWx0LWRvYwogLSBubWFwCnJ1bmNtZDoKIC0gWyBzaCwgLXhjLCAic3lzdGVtY3RsIGVuYWJsZSBzYWx0LW1pbmlvbi5zZXJ2aWNlIiBdCiAtIFsgc2gsIC14YywgInN5c3RlbWN0bCBkaXNhYmxlIGZpcmV3YWxsZC5zZXJ2aWNlIiBdCiAtIFsgc2gsIC14YywgInN5c3RlbWN0bCBzdG9wIGZpcmV3YWxsZC5zZXJ2aWNlIiBdCiAtIFsgc2gsIC14YywgImZpcmV3YWxsLW9mZmxpbmUtY21kIC0tcGVybWFuZW50IC0tYWRkLXBvcnQ9ODAvdGNwIiBdCiAtIFsgc2gsIC14YywgImZpcmV3YWxsLW9mZmxpbmUtY21kIC0tcGVybWFuZW50IC0tYWRkLXBvcnQ9NDQzL3RjcCIgXQogLSBbIHNoLCAteGMsICJzeXN0ZW1jdGwgZW5hYmxlIGh0dHBkLnNlcnZpY2UiIF0KIC0gWyBzaCwgLXhjLCAic3lzdGVtY3RsIHN0YXJ0IGh0dHBkLnNlcnZpY2UiIF0KIC0gWyBzaCwgLXhjLCAiZWNobyAnPGh0bWw+PGhlYWQ+PC9oZWFkPjxib2R5PjxwcmU+PGNvZGU+JyA+IC92YXIvd3d3L2h0bWwvaW5kZXguaHRtbCIgXQogLSBbIHNoLCAteGMsICJob3N0bmFtZSA+PiAvdmFyL3d3dy9odG1sL2luZGV4Lmh0bWwiIF0KIC0gWyBzaCwgLXhjLCAiZWNobyAnJyA+PiAvdmFyL3d3dy9odG1sL2luZGV4Lmh0bWwiIF0KIC0gWyBzaCwgLXhjLCAiY2F0IC9ldGMvb3MtcmVsZWFzZSA+PiAvdmFyL3d3dy9odG1sL2luZGV4Lmh0bWwiIF0KIC0gWyBzaCwgLXhjLCAiZWNobyAnPC9jb2RlPjwvcHJlPjwvYm9keT48L2h0bWw+JyA+PiAvdmFyL3d3dy9odG1sL2luZGV4Lmh0bWwiIF0KIC0gWyBzaCwgLXhjLCAiaXBhZGRyZXNzPWBnZXRlbnQgaG9zdHMgc2FsdG1hc3Rlci5zYWx0ZGVtb3NubGIxLnNhbHRkZW1vdmNuLm9yYWNsZXZjbi5jb21gOyBpcGFkZHJlc3M9YGVjaG8gJGlwYWRkcmVzcyB8IGF3ayAne3ByaW50ICQxfSdgOyBlY2hvICRpcGFkZHJlc3M7IHNlZCAtaSAtZSBcInMvI21hc3Rlcjogc2FsdC9tYXN0ZXI6ICRpcGFkZHJlc3MvXCIgL2V0Yy9zYWx0L21pbmlvbiIgXQogLSBbIHNoLCAteGMsICJlY2hvIFwiaWQ6IGBob3N0bmFtZSAtc2BcIiA+PiAvZXRjL3NhbHQvbWluaW9uIiBdCiAtIFsgc2gsIC14YywgInN5c3RlbWN0bCBzdGFydCBzYWx0LW1pbmlvbi5zZXJ2aWNlIiBdCg==",
                            "private_ip": "10.0.3.5",
                            "public_ip": "129.213.161.104",
                            "region": "iad",
                            "shape": "VM.Standard1.2",
                            "source_details.#": "1",
                            "source_details.0.boot_volume_size_in_gbs": "47",
                            "source_details.0.source_id": "ocid1.image.oc1.iad.aaaaaaaagqwnrno6c35vplndep6hu5gevyiqqag37muue3ich7g6tbs5aq4q",
                            "source_details.0.source_type": "image",
                            "state": "RUNNING",
                            "subnet_id": "ocid1.subnet.oc1.iad.aaaaaaaal7cprybkv2hoi44jjy2cidgy4q4hb2q3hfutybqjziyc3jszxjma",
                            "time_created": "2018-08-07 19:02:43.154 +0000 UTC"
                        },
                        "meta": {
                            "e2bfb730-ecaa-11e6-8f88-34363bc7c4c0": {
                                "create": 7200000000000,
                                "delete": 7200000000000,
                                "update": 7200000000000
                            }
                        },
                        "tainted": false
                    },
                    "deposed": [],
                    "provider": "provider.oci"
                },
                "oci_core_instance.saltdemo-saltmaster": {
                    "type": "oci_core_instance",
                    "depends_on": [
                        "oci_core_subnet.saltdemo-subnet-lb1"
                    ],
                    "primary": {
                        "id": "ocid1.instance.oc1.iad.abuwcljryrzzf7oby6rib7iqpk4yjw5fxnkr6gyp52kuf7ypawc5yskkwhla",
                        "attributes": {
                            "availability_domain": "aNUQ:US-ASHBURN-AD-1",
                            "boot_volume_id": "ocid1.bootvolume.oc1.iad.abuwcljrjzxxsl7pyezlnspvfnryn2ldhqls25gwg5wcds7qryughfg4gysq",
                            "compartment_id": "ocid1.compartment.oc1..aaaaaaaam6uvbmgb5nzmoiurkyds6cax35xddpwafpcuru25fs6que4oln6q",
                            "create_vnic_details.#": "1",
                            "create_vnic_details.0.assign_public_ip": "true",
                            "create_vnic_details.0.defined_tags.%": "0",
                            "create_vnic_details.0.display_name": "primaryvnic",
                            "create_vnic_details.0.freeform_tags.%": "0",
                            "create_vnic_details.0.hostname_label": "saltmaster",
                            "create_vnic_details.0.private_ip": "10.0.2.6",
                            "create_vnic_details.0.skip_source_dest_check": "false",
                            "create_vnic_details.0.subnet_id": "ocid1.subnet.oc1.iad.aaaaaaaadiiclckpfdjjwg2bfvkex3ewxnb6n6f4x5gl6tswalxt2q542fba",
                            "defined_tags.%": "0",
                            "display_name": "saltmaster",
                            "freeform_tags.%": "0",
                            "hostname_label": "saltmaster",
                            "id": "ocid1.instance.oc1.iad.abuwcljryrzzf7oby6rib7iqpk4yjw5fxnkr6gyp52kuf7ypawc5yskkwhla",
                            "image": "ocid1.image.oc1.iad.aaaaaaaagqwnrno6c35vplndep6hu5gevyiqqag37muue3ich7g6tbs5aq4q",
                            "launch_mode": "NATIVE",
                            "launch_options.#": "1",
                            "launch_options.0.boot_volume_type": "ISCSI",
                            "launch_options.0.firmware": "UEFI_64",
                            "launch_options.0.network_type": "VFIO",
                            "launch_options.0.remote_data_volume_type": "PARAVIRTUALIZED",
                            "metadata.%": "2",
                            "metadata.ssh_authorized_keys": "ssh-rsa AAAAB3NzaC1yc2EAAAADAQABAAABAQC4tJPnV15IvVHywFglq7i5yFEhVUmXqS8Cb7nw+nNO/vHrl6rekw3+jTCi1kmjOYC5YWzfbdl3Brcxcu3hn7Az+TCLBzxVDLu3327iUkw08bDzQITnvHnQqPS94HQxNbsfPX8vACKXbK/4OvMw9VlMz7zsG9R6JcO8KvCO7L2zUxN/mZHMr6jPzUt4oAS2DWsTGqPqqRi/Vl4Plpus1CWFGjQk68Rsu1lR4eHwdDOJCWl8DDMKTkilRdHydEu1P9zpNYJDaoiwJ+sQs8uAZe+6QZpP/4asyagZ53a5woiT5+sxZ+7Cqv+IwUQOh4f6yO2JFJtPG4iUm6zBsVdjbMPl wildahunden@Daniels-MacBook-Pro-2.local",
                            "metadata.user_data": "I2Nsb3VkLWNvbmZpZwpvdXRwdXQ6IHthbGw6ICd8IHRlZSAtYSAvdmFyL2xvZy9jbG91ZC1pbml0LW91dHB1dC5sb2cnfQp5dW1fcmVwb3M6CiAgc2FsdHN0YWNrOgogICAgbmFtZTogICAgICBTYWx0U3RhY2sgcmVwbyBmb3IgUmVkIEhhdCBFbnRlcnByaXNlIExpbnV4ICRyZWxlYXNldmVyCiAgICBiYXNldXJsOiAgIGh0dHBzOi8vcmVwby5zYWx0c3RhY2suY29tL3l1bS9yZWRoYXQvJHJlbGVhc2V2ZXIvJGJhc2VhcmNoL2xhdGVzdAogICAgZW5hYmxlZDogICAxCiAgICBncGdjaGVjazogIHRydWUKICAgIGdwZ2tleTogICAgaHR0cHM6Ly9yZXBvLnNhbHRzdGFjay5jb20veXVtL3JlZGhhdC8kcmVsZWFzZXZlci8kYmFzZWFyY2gvbGF0ZXN0L1NBTFRTVEFDSy1HUEctS0VZLnB1YgpwYWNrYWdlczoKIC0gaHR0cGQKIC0gZmlnbGV0CiAtIGh0b3AKIC0gdmltCiAtIGdpdAogLSB0bXV4CiAtIHdnZXQKIC0gdW56aXAKIC0gc2FsdC1tYXN0ZXIKIC0gc2FsdC1jbG91ZAogLSBzYWx0LWRvYwogLSBubWFwCnJ1bmNtZDoKIC0gWyBzaCwgLXhjLCAic3lzdGVtY3RsIGVuYWJsZSBzYWx0LW1hc3Rlci5zZXJ2aWNlIiBdCiAtIFsgc2gsIC14YywgInN5c3RlbWN0bCBkaXNhYmxlIGZpcmV3YWxsZC5zZXJ2aWNlIiBdCiAtIFsgc2gsIC14YywgInN5c3RlbWN0bCBzdG9wIGZpcmV3YWxsZC5zZXJ2aWNlIiBdCiAtIFsgc2gsIC14YywgImZpcmV3YWxsLW9mZmxpbmUtY21kIC0tcGVybWFuZW50IC0tYWRkLXBvcnQ9ODAvdGNwIiBdCiAtIFsgc2gsIC14YywgImZpcmV3YWxsLW9mZmxpbmUtY21kIC0tcGVybWFuZW50IC0tYWRkLXBvcnQ9NDQzL3RjcCIgXQogLSBbIHNoLCAteGMsICJzeXN0ZW1jdGwgZW5hYmxlIGh0dHBkLnNlcnZpY2UiIF0KIC0gWyBzaCwgLXhjLCAic3lzdGVtY3RsIHN0YXJ0IGh0dHBkLnNlcnZpY2UiIF0KIC0gWyBzaCwgLXhjLCAiZWNobyAnPGh0bWw+PGhlYWQ+PC9oZWFkPjxib2R5PjxwcmU+PGNvZGU+JyA+IC92YXIvd3d3L2h0bWwvaW5kZXguaHRtbCIgXQogLSBbIHNoLCAteGMsICJob3N0bmFtZSA+PiAvdmFyL3d3dy9odG1sL2luZGV4Lmh0bWwiIF0KIC0gWyBzaCwgLXhjLCAiZWNobyAnJyA+PiAvdmFyL3d3dy9odG1sL2luZGV4Lmh0bWwiIF0KIC0gWyBzaCwgLXhjLCAiY2F0IC9ldGMvb3MtcmVsZWFzZSA+PiAvdmFyL3d3dy9odG1sL2luZGV4Lmh0bWwiIF0KIC0gWyBzaCwgLXhjLCAiZWNobyAnPC9jb2RlPjwvcHJlPjwvYm9keT48L2h0bWw+JyA+PiAvdmFyL3d3dy9odG1sL2luZGV4Lmh0bWwiIF0KIC0gWyBzaCwgLXhjLCAiZ2l0IGNsb25lIGh0dHBzOi8vZ2l0aHViLmNvbS93aWxkYWh1bmRlbi9zYWx0ZGVtby5naXQgL29wdC9zYWx0ZGVtbyIgXQogLSBbIHNoLCAteGMsICJjcCAtUiAvb3B0L3NhbHRkZW1vL3NhbHQtY29kZS9zYWx0LyogL3NydiIgXQogLSBbIHNoLCAteGMsICJjcCAtUiAvb3B0L3NhbHRkZW1vL3NhbHQtY29kZS9tYXN0ZXIgL2V0Yy9zYWx0L21hc3RlciIgXQogLSBbIHNoLCAteGMsICJzZWQgLWkgLWUgXCJzLyNpbnRlcmZhY2U6IDAuMC4wLjAvaW50ZXJmYWNlOiAkKGhvc3RuYW1lIC1pKS9cIiAvZXRjL3NhbHQvbWFzdGVyIiBdCiAtIFsgc2gsIC14YywgInN5c3RlbWN0bCBzdGFydCBzYWx0LW1hc3Rlci5zZXJ2aWNlIiBdCg==",
                            "private_ip": "10.0.2.6",
                            "public_ip": "129.213.149.132",
                            "region": "iad",
                            "shape": "VM.Standard1.2",
                            "source_details.#": "1",
                            "source_details.0.boot_volume_size_in_gbs": "47",
                            "source_details.0.source_id": "ocid1.image.oc1.iad.aaaaaaaagqwnrno6c35vplndep6hu5gevyiqqag37muue3ich7g6tbs5aq4q",
                            "source_details.0.source_type": "image",
                            "state": "RUNNING",
                            "subnet_id": "ocid1.subnet.oc1.iad.aaaaaaaadiiclckpfdjjwg2bfvkex3ewxnb6n6f4x5gl6tswalxt2q542fba",
                            "time_created": "2018-08-07 12:40:48.92 +0000 UTC"
                        },
                        "meta": {
                            "e2bfb730-ecaa-11e6-8f88-34363bc7c4c0": {
                                "create": 7200000000000,
                                "delete": 7200000000000,
                                "update": 7200000000000
                            }
                        },
                        "tainted": false
                    },
                    "deposed": [],
                    "provider": "provider.oci"
                },
                "oci_core_instance.saltdemo-ws1": {
                    "type": "oci_core_instance",
                    "depends_on": [
                        "oci_core_subnet.saltdemo-subnet-ws1"
                    ],
                    "primary": {
                        "id": "ocid1.instance.oc1.iad.abuwcljruv5jqvn7qkp3j7lppc4kjaiynu7cxdkkojzl4x5pnhopdp3neuwq",
                        "attributes": {
                            "availability_domain": "aNUQ:US-ASHBURN-AD-1",
                            "boot_volume_id": "ocid1.bootvolume.oc1.iad.abuwcljrmmrijbkvog3b23bvcauahzufvwloifwe4rx3hw3km5fguvhik2ga",
                            "compartment_id": "ocid1.compartment.oc1..aaaaaaaam6uvbmgb5nzmoiurkyds6cax35xddpwafpcuru25fs6que4oln6q",
                            "create_vnic_details.#": "1",
                            "create_vnic_details.0.assign_public_ip": "true",
                            "create_vnic_details.0.defined_tags.%": "0",
                            "create_vnic_details.0.display_name": "primaryvnic",
                            "create_vnic_details.0.freeform_tags.%": "0",
                            "create_vnic_details.0.hostname_label": "webserver1",
                            "create_vnic_details.0.private_ip": "10.0.0.2",
                            "create_vnic_details.0.skip_source_dest_check": "false",
                            "create_vnic_details.0.subnet_id": "ocid1.subnet.oc1.iad.aaaaaaaakgaq6fjnxvk3essd3dakiifd37deheeqjz7zp2u63a6xnvgpwdca",
                            "defined_tags.%": "0",
                            "display_name": "webserver1",
                            "freeform_tags.%": "0",
                            "hostname_label": "webserver1",
                            "id": "ocid1.instance.oc1.iad.abuwcljruv5jqvn7qkp3j7lppc4kjaiynu7cxdkkojzl4x5pnhopdp3neuwq",
                            "image": "ocid1.image.oc1.iad.aaaaaaaagqwnrno6c35vplndep6hu5gevyiqqag37muue3ich7g6tbs5aq4q",
                            "launch_mode": "NATIVE",
                            "launch_options.#": "1",
                            "launch_options.0.boot_volume_type": "ISCSI",
                            "launch_options.0.firmware": "UEFI_64",
                            "launch_options.0.network_type": "VFIO",
                            "launch_options.0.remote_data_volume_type": "PARAVIRTUALIZED",
                            "metadata.%": "2",
                            "metadata.ssh_authorized_keys": "ssh-rsa AAAAB3NzaC1yc2EAAAADAQABAAABAQC4tJPnV15IvVHywFglq7i5yFEhVUmXqS8Cb7nw+nNO/vHrl6rekw3+jTCi1kmjOYC5YWzfbdl3Brcxcu3hn7Az+TCLBzxVDLu3327iUkw08bDzQITnvHnQqPS94HQxNbsfPX8vACKXbK/4OvMw9VlMz7zsG9R6JcO8KvCO7L2zUxN/mZHMr6jPzUt4oAS2DWsTGqPqqRi/Vl4Plpus1CWFGjQk68Rsu1lR4eHwdDOJCWl8DDMKTkilRdHydEu1P9zpNYJDaoiwJ+sQs8uAZe+6QZpP/4asyagZ53a5woiT5+sxZ+7Cqv+IwUQOh4f6yO2JFJtPG4iUm6zBsVdjbMPl wildahunden@Daniels-MacBook-Pro-2.local",
                            "metadata.user_data": "I2Nsb3VkLWNvbmZpZwpvdXRwdXQ6IHthbGw6ICd8IHRlZSAtYSAvdmFyL2xvZy9jbG91ZC1pbml0LW91dHB1dC5sb2cnfQpwYWNrYWdlczoKIC0gaHR0cGQKIC0gZmlnbGV0CiAtIGh0b3AKIC0gdmltCiAtIGdpdAogLSB0bXV4CiAtIHdnZXQKIC0gdW56aXAKcnVuY21kOgogLSBbIHNoLCAteGMsICJzeXN0ZW1jdGwgZGlzYWJsZSBmaXJld2FsbGQuc2VydmljZSIgXQogLSBbIHNoLCAteGMsICJzeXN0ZW1jdGwgc3RvcCBmaXJld2FsbGQuc2VydmljZSIgXQogLSBbIHNoLCAteGMsICJmaXJld2FsbC1vZmZsaW5lLWNtZCAtLXBlcm1hbmVudCAtLWFkZC1wb3J0PTgwL3RjcCIgXQogLSBbIHNoLCAteGMsICJmaXJld2FsbC1vZmZsaW5lLWNtZCAtLXBlcm1hbmVudCAtLWFkZC1wb3J0PTQ0My90Y3AiIF0KIC0gWyBzaCwgLXhjLCAic3lzdGVtY3RsIGVuYWJsZSBodHRwZC5zZXJ2aWNlIiBdCiAtIFsgc2gsIC14YywgInN5c3RlbWN0bCBzdGFydCBodHRwZC5zZXJ2aWNlIiBdCiAtIFsgc2gsIC14YywgImVjaG8gJzxodG1sPjxoZWFkPjwvaGVhZD48Ym9keT48cHJlPjxjb2RlPicgPiAvdmFyL3d3dy9odG1sL2luZGV4Lmh0bWwiIF0KIC0gWyBzaCwgLXhjLCAiaG9zdG5hbWUgPj4gL3Zhci93d3cvaHRtbC9pbmRleC5odG1sIiBdCiAtIFsgc2gsIC14YywgImVjaG8gJycgPj4gL3Zhci93d3cvaHRtbC9pbmRleC5odG1sIiBdCiAtIFsgc2gsIC14YywgImNhdCAvZXRjL29zLXJlbGVhc2UgPj4gL3Zhci93d3cvaHRtbC9pbmRleC5odG1sIiBdCiAtIFsgc2gsIC14YywgImVjaG8gJzwvY29kZT48L3ByZT48L2JvZHk+PC9odG1sPicgPj4gL3Zhci93d3cvaHRtbC9pbmRleC5odG1sIiBdCg==",
                            "private_ip": "10.0.0.2",
                            "public_ip": "129.213.150.252",
                            "region": "iad",
                            "shape": "VM.Standard1.2",
                            "source_details.#": "1",
                            "source_details.0.boot_volume_size_in_gbs": "47",
                            "source_details.0.source_id": "ocid1.image.oc1.iad.aaaaaaaagqwnrno6c35vplndep6hu5gevyiqqag37muue3ich7g6tbs5aq4q",
                            "source_details.0.source_type": "image",
                            "state": "RUNNING",
                            "subnet_id": "ocid1.subnet.oc1.iad.aaaaaaaakgaq6fjnxvk3essd3dakiifd37deheeqjz7zp2u63a6xnvgpwdca",
                            "time_created": "2018-08-07 11:23:31.438 +0000 UTC"
                        },
                        "meta": {
                            "e2bfb730-ecaa-11e6-8f88-34363bc7c4c0": {
                                "create": 7200000000000,
                                "delete": 7200000000000,
                                "update": 7200000000000
                            }
                        },
                        "tainted": false
                    },
                    "deposed": [],
                    "provider": "provider.oci"
                },
                "oci_core_instance.saltdemo-ws2": {
                    "type": "oci_core_instance",
                    "depends_on": [
                        "oci_core_subnet.saltdemo-subnet-ws2"
                    ],
                    "primary": {
                        "id": "ocid1.instance.oc1.iad.abuwcljtofezwazubzaoljx4gwqrb6yed63ira27a2xdoznkpyxpwtelczcq",
                        "attributes": {
                            "availability_domain": "aNUQ:US-ASHBURN-AD-2",
                            "boot_volume_id": "ocid1.bootvolume.oc1.iad.abuwcljtiepwhivtqtisbaccr26ruepa2jzizi2n46gvb35ed2xmjasg7raq",
                            "compartment_id": "ocid1.compartment.oc1..aaaaaaaam6uvbmgb5nzmoiurkyds6cax35xddpwafpcuru25fs6que4oln6q",
                            "create_vnic_details.#": "1",
                            "create_vnic_details.0.assign_public_ip": "true",
                            "create_vnic_details.0.defined_tags.%": "0",
                            "create_vnic_details.0.display_name": "primaryvnic",
                            "create_vnic_details.0.freeform_tags.%": "0",
                            "create_vnic_details.0.hostname_label": "webserver2",
                            "create_vnic_details.0.private_ip": "10.0.1.2",
                            "create_vnic_details.0.skip_source_dest_check": "false",
                            "create_vnic_details.0.subnet_id": "ocid1.subnet.oc1.iad.aaaaaaaavrwqfvcivxkxvlmlqzcwkpt57qxpfsbvtuxwd4rfyxjlskw34vwq",
                            "defined_tags.%": "0",
                            "display_name": "webserver1",
                            "freeform_tags.%": "0",
                            "hostname_label": "webserver2",
                            "id": "ocid1.instance.oc1.iad.abuwcljtofezwazubzaoljx4gwqrb6yed63ira27a2xdoznkpyxpwtelczcq",
                            "image": "ocid1.image.oc1.iad.aaaaaaaagqwnrno6c35vplndep6hu5gevyiqqag37muue3ich7g6tbs5aq4q",
                            "launch_mode": "NATIVE",
                            "launch_options.#": "1",
                            "launch_options.0.boot_volume_type": "ISCSI",
                            "launch_options.0.firmware": "UEFI_64",
                            "launch_options.0.network_type": "VFIO",
                            "launch_options.0.remote_data_volume_type": "PARAVIRTUALIZED",
                            "metadata.%": "2",
                            "metadata.ssh_authorized_keys": "ssh-rsa AAAAB3NzaC1yc2EAAAADAQABAAABAQC4tJPnV15IvVHywFglq7i5yFEhVUmXqS8Cb7nw+nNO/vHrl6rekw3+jTCi1kmjOYC5YWzfbdl3Brcxcu3hn7Az+TCLBzxVDLu3327iUkw08bDzQITnvHnQqPS94HQxNbsfPX8vACKXbK/4OvMw9VlMz7zsG9R6JcO8KvCO7L2zUxN/mZHMr6jPzUt4oAS2DWsTGqPqqRi/Vl4Plpus1CWFGjQk68Rsu1lR4eHwdDOJCWl8DDMKTkilRdHydEu1P9zpNYJDaoiwJ+sQs8uAZe+6QZpP/4asyagZ53a5woiT5+sxZ+7Cqv+IwUQOh4f6yO2JFJtPG4iUm6zBsVdjbMPl wildahunden@Daniels-MacBook-Pro-2.local",
                            "metadata.user_data": "I2Nsb3VkLWNvbmZpZwpvdXRwdXQ6IHthbGw6ICd8IHRlZSAtYSAvdmFyL2xvZy9jbG91ZC1pbml0LW91dHB1dC5sb2cnfQpwYWNrYWdlczoKIC0gaHR0cGQKIC0gZmlnbGV0CiAtIGh0b3AKIC0gdmltCiAtIGdpdAogLSB0bXV4CiAtIHdnZXQKIC0gdW56aXAKcnVuY21kOgogLSBbIHNoLCAteGMsICJzeXN0ZW1jdGwgZGlzYWJsZSBmaXJld2FsbGQuc2VydmljZSIgXQogLSBbIHNoLCAteGMsICJzeXN0ZW1jdGwgc3RvcCBmaXJld2FsbGQuc2VydmljZSIgXQogLSBbIHNoLCAteGMsICJmaXJld2FsbC1vZmZsaW5lLWNtZCAtLXBlcm1hbmVudCAtLWFkZC1wb3J0PTgwL3RjcCIgXQogLSBbIHNoLCAteGMsICJmaXJld2FsbC1vZmZsaW5lLWNtZCAtLXBlcm1hbmVudCAtLWFkZC1wb3J0PTQ0My90Y3AiIF0KIC0gWyBzaCwgLXhjLCAic3lzdGVtY3RsIGVuYWJsZSBodHRwZC5zZXJ2aWNlIiBdCiAtIFsgc2gsIC14YywgInN5c3RlbWN0bCBzdGFydCBodHRwZC5zZXJ2aWNlIiBdCiAtIFsgc2gsIC14YywgImVjaG8gJzxodG1sPjxoZWFkPjwvaGVhZD48Ym9keT48cHJlPjxjb2RlPicgPiAvdmFyL3d3dy9odG1sL2luZGV4Lmh0bWwiIF0KIC0gWyBzaCwgLXhjLCAiaG9zdG5hbWUgPj4gL3Zhci93d3cvaHRtbC9pbmRleC5odG1sIiBdCiAtIFsgc2gsIC14YywgImVjaG8gJycgPj4gL3Zhci93d3cvaHRtbC9pbmRleC5odG1sIiBdCiAtIFsgc2gsIC14YywgImNhdCAvZXRjL29zLXJlbGVhc2UgPj4gL3Zhci93d3cvaHRtbC9pbmRleC5odG1sIiBdCiAtIFsgc2gsIC14YywgImVjaG8gJzwvY29kZT48L3ByZT48L2JvZHk+PC9odG1sPicgPj4gL3Zhci93d3cvaHRtbC9pbmRleC5odG1sIiBdCg==",
                            "private_ip": "10.0.1.2",
                            "public_ip": "129.213.50.201",
                            "region": "iad",
                            "shape": "VM.Standard1.2",
                            "source_details.#": "1",
                            "source_details.0.boot_volume_size_in_gbs": "47",
                            "source_details.0.source_id": "ocid1.image.oc1.iad.aaaaaaaagqwnrno6c35vplndep6hu5gevyiqqag37muue3ich7g6tbs5aq4q",
                            "source_details.0.source_type": "image",
                            "state": "RUNNING",
                            "subnet_id": "ocid1.subnet.oc1.iad.aaaaaaaavrwqfvcivxkxvlmlqzcwkpt57qxpfsbvtuxwd4rfyxjlskw34vwq",
                            "time_created": "2018-08-07 11:23:30.96 +0000 UTC"
                        },
                        "meta": {
                            "e2bfb730-ecaa-11e6-8f88-34363bc7c4c0": {
                                "create": 7200000000000,
                                "delete": 7200000000000,
                                "update": 7200000000000
                            }
                        },
                        "tainted": false
                    },
                    "deposed": [],
                    "provider": "provider.oci"
                },
                "oci_core_internet_gateway.saltdemo-IGW": {
                    "type": "oci_core_internet_gateway",
                    "depends_on": [
                        "oci_core_virtual_network.saltdemo-VCN"
                    ],
                    "primary": {
                        "id": "ocid1.internetgateway.oc1.iad.aaaaaaaa3vn5afjlvjsl7jykq6v3zbsyu5jhn5xerc7xh7uphjin4eo4yknq",
                        "attributes": {
                            "compartment_id": "ocid1.compartment.oc1..aaaaaaaam6uvbmgb5nzmoiurkyds6cax35xddpwafpcuru25fs6que4oln6q",
                            "defined_tags.%": "0",
                            "display_name": "saltdemo-IGW",
                            "enabled": "true",
                            "freeform_tags.%": "0",
                            "id": "ocid1.internetgateway.oc1.iad.aaaaaaaa3vn5afjlvjsl7jykq6v3zbsyu5jhn5xerc7xh7uphjin4eo4yknq",
                            "state": "AVAILABLE",
                            "time_created": "2018-08-07 11:23:25.585 +0000 UTC",
                            "vcn_id": "ocid1.vcn.oc1.iad.aaaaaaaal4f7n7ryr3hz46upf5rr5rtgf7z4ue352dp3kh4yqdra4ztevnmq"
                        },
                        "meta": {
                            "e2bfb730-ecaa-11e6-8f88-34363bc7c4c0": {
                                "create": 900000000000,
                                "delete": 900000000000,
                                "update": 900000000000
                            }
                        },
                        "tainted": false
                    },
                    "deposed": [],
                    "provider": "provider.oci"
                },
                "oci_core_route_table.saltdemo-lb-RT": {
                    "type": "oci_core_route_table",
                    "depends_on": [
                        "oci_core_internet_gateway.saltdemo-IGW",
                        "oci_core_virtual_network.saltdemo-VCN"
                    ],
                    "primary": {
                        "id": "ocid1.routetable.oc1.iad.aaaaaaaatstgl2h6qzo36hkzecfrsxnojsoqza6kmd2egcyr73l35ph3sn5a",
                        "attributes": {
                            "compartment_id": "ocid1.compartment.oc1..aaaaaaaam6uvbmgb5nzmoiurkyds6cax35xddpwafpcuru25fs6que4oln6q",
                            "defined_tags.%": "0",
                            "display_name": "saltdemo-lb-RT",
                            "freeform_tags.%": "0",
                            "id": "ocid1.routetable.oc1.iad.aaaaaaaatstgl2h6qzo36hkzecfrsxnojsoqza6kmd2egcyr73l35ph3sn5a",
                            "route_rules.#": "1",
                            "route_rules.2037575462.cidr_block": "0.0.0.0/0",
                            "route_rules.2037575462.destination": "0.0.0.0/0",
                            "route_rules.2037575462.destination_type": "CIDR_BLOCK",
                            "route_rules.2037575462.network_entity_id": "ocid1.internetgateway.oc1.iad.aaaaaaaa3vn5afjlvjsl7jykq6v3zbsyu5jhn5xerc7xh7uphjin4eo4yknq",
                            "state": "AVAILABLE",
                            "time_created": "2018-08-07 11:23:27.286 +0000 UTC",
                            "vcn_id": "ocid1.vcn.oc1.iad.aaaaaaaal4f7n7ryr3hz46upf5rr5rtgf7z4ue352dp3kh4yqdra4ztevnmq"
                        },
                        "meta": {
                            "e2bfb730-ecaa-11e6-8f88-34363bc7c4c0": {
                                "create": 900000000000,
                                "delete": 900000000000,
                                "update": 900000000000
                            }
                        },
                        "tainted": false
                    },
                    "deposed": [],
                    "provider": "provider.oci"
                },
                "oci_core_route_table.saltdemo-ws-RT": {
                    "type": "oci_core_route_table",
                    "depends_on": [
                        "oci_core_internet_gateway.saltdemo-IGW",
                        "oci_core_virtual_network.saltdemo-VCN"
                    ],
                    "primary": {
                        "id": "ocid1.routetable.oc1.iad.aaaaaaaagxlqxlqlgaobclcvyfsbjni2invkbyfbhdfbedjxcr2xdr3jgw4q",
                        "attributes": {
                            "compartment_id": "ocid1.compartment.oc1..aaaaaaaam6uvbmgb5nzmoiurkyds6cax35xddpwafpcuru25fs6que4oln6q",
                            "defined_tags.%": "0",
                            "display_name": "saltdemo-lb-RT",
                            "freeform_tags.%": "0",
                            "id": "ocid1.routetable.oc1.iad.aaaaaaaagxlqxlqlgaobclcvyfsbjni2invkbyfbhdfbedjxcr2xdr3jgw4q",
                            "route_rules.#": "1",
                            "route_rules.2037575462.cidr_block": "0.0.0.0/0",
                            "route_rules.2037575462.destination": "0.0.0.0/0",
                            "route_rules.2037575462.destination_type": "CIDR_BLOCK",
                            "route_rules.2037575462.network_entity_id": "ocid1.internetgateway.oc1.iad.aaaaaaaa3vn5afjlvjsl7jykq6v3zbsyu5jhn5xerc7xh7uphjin4eo4yknq",
                            "state": "AVAILABLE",
                            "time_created": "2018-08-07 11:23:27.448 +0000 UTC",
                            "vcn_id": "ocid1.vcn.oc1.iad.aaaaaaaal4f7n7ryr3hz46upf5rr5rtgf7z4ue352dp3kh4yqdra4ztevnmq"
                        },
                        "meta": {
                            "e2bfb730-ecaa-11e6-8f88-34363bc7c4c0": {
                                "create": 900000000000,
                                "delete": 900000000000,
                                "update": 900000000000
                            }
                        },
                        "tainted": false
                    },
                    "deposed": [],
                    "provider": "provider.oci"
                },
                "oci_core_security_list.saltdemo-lb-LIST": {
                    "type": "oci_core_security_list",
                    "depends_on": [
                        "oci_core_virtual_network.saltdemo-VCN"
                    ],
                    "primary": {
                        "id": "ocid1.securitylist.oc1.iad.aaaaaaaa2rpnl4nm6wbh6rzzrdrh4imupbbqul6kbi2bzpxahhdcnlv6hwwq",
                        "attributes": {
                            "compartment_id": "ocid1.compartment.oc1..aaaaaaaam6uvbmgb5nzmoiurkyds6cax35xddpwafpcuru25fs6que4oln6q",
                            "defined_tags.%": "0",
                            "display_name": "saltdemo-lb-LIST",
                            "egress_security_rules.#": "3",
                            "egress_security_rules.1526331121.destination": "10.0.1.0/24",
                            "egress_security_rules.1526331121.destination_type": "CIDR_BLOCK",
                            "egress_security_rules.1526331121.icmp_options.#": "0",
                            "egress_security_rules.1526331121.protocol": "6",
                            "egress_security_rules.1526331121.stateless": "false",
                            "egress_security_rules.1526331121.tcp_options.#": "1",
                            "egress_security_rules.1526331121.tcp_options.0.max": "80",
                            "egress_security_rules.1526331121.tcp_options.0.min": "80",
                            "egress_security_rules.1526331121.tcp_options.0.source_port_range.#": "0",
                            "egress_security_rules.1526331121.udp_options.#": "0",
                            "egress_security_rules.473672169.destination": "0.0.0.0/0",
                            "egress_security_rules.473672169.destination_type": "CIDR_BLOCK",
                            "egress_security_rules.473672169.icmp_options.#": "0",
                            "egress_security_rules.473672169.protocol": "6",
                            "egress_security_rules.473672169.stateless": "false",
                            "egress_security_rules.473672169.tcp_options.#": "0",
                            "egress_security_rules.473672169.udp_options.#": "0",
                            "egress_security_rules.71273953.destination": "10.0.0.0/24",
                            "egress_security_rules.71273953.destination_type": "CIDR_BLOCK",
                            "egress_security_rules.71273953.icmp_options.#": "0",
                            "egress_security_rules.71273953.protocol": "6",
                            "egress_security_rules.71273953.stateless": "false",
                            "egress_security_rules.71273953.tcp_options.#": "1",
                            "egress_security_rules.71273953.tcp_options.0.max": "80",
                            "egress_security_rules.71273953.tcp_options.0.min": "80",
                            "egress_security_rules.71273953.tcp_options.0.source_port_range.#": "0",
                            "egress_security_rules.71273953.udp_options.#": "0",
                            "freeform_tags.%": "0",
                            "id": "ocid1.securitylist.oc1.iad.aaaaaaaa2rpnl4nm6wbh6rzzrdrh4imupbbqul6kbi2bzpxahhdcnlv6hwwq",
                            "ingress_security_rules.#": "6",
                            "ingress_security_rules.1166929008.icmp_options.#": "1",
                            "ingress_security_rules.1166929008.icmp_options.0.code": "-1",
                            "ingress_security_rules.1166929008.icmp_options.0.type": "3",
                            "ingress_security_rules.1166929008.protocol": "1",
                            "ingress_security_rules.1166929008.source": "10.0.0.0/16",
                            "ingress_security_rules.1166929008.source_type": "CIDR_BLOCK",
                            "ingress_security_rules.1166929008.stateless": "false",
                            "ingress_security_rules.1166929008.tcp_options.#": "0",
                            "ingress_security_rules.1166929008.udp_options.#": "0",
                            "ingress_security_rules.1277982996.icmp_options.#": "1",
                            "ingress_security_rules.1277982996.icmp_options.0.code": "4",
                            "ingress_security_rules.1277982996.icmp_options.0.type": "3",
                            "ingress_security_rules.1277982996.protocol": "1",
                            "ingress_security_rules.1277982996.source": "0.0.0.0/0",
                            "ingress_security_rules.1277982996.source_type": "CIDR_BLOCK",
                            "ingress_security_rules.1277982996.stateless": "false",
                            "ingress_security_rules.1277982996.tcp_options.#": "0",
                            "ingress_security_rules.1277982996.udp_options.#": "0",
                            "ingress_security_rules.1370456583.icmp_options.#": "0",
                            "ingress_security_rules.1370456583.protocol": "6",
                            "ingress_security_rules.1370456583.source": "10.0.2.0/24",
                            "ingress_security_rules.1370456583.source_type": "CIDR_BLOCK",
                            "ingress_security_rules.1370456583.stateless": "false",
                            "ingress_security_rules.1370456583.tcp_options.#": "1",
                            "ingress_security_rules.1370456583.tcp_options.0.max": "4506",
                            "ingress_security_rules.1370456583.tcp_options.0.min": "4505",
                            "ingress_security_rules.1370456583.tcp_options.0.source_port_range.#": "0",
                            "ingress_security_rules.1370456583.udp_options.#": "0",
                            "ingress_security_rules.433419288.icmp_options.#": "0",
                            "ingress_security_rules.433419288.protocol": "6",
                            "ingress_security_rules.433419288.source": "0.0.0.0/0",
                            "ingress_security_rules.433419288.source_type": "CIDR_BLOCK",
                            "ingress_security_rules.433419288.stateless": "false",
                            "ingress_security_rules.433419288.tcp_options.#": "1",
                            "ingress_security_rules.433419288.tcp_options.0.max": "80",
                            "ingress_security_rules.433419288.tcp_options.0.min": "80",
                            "ingress_security_rules.433419288.tcp_options.0.source_port_range.#": "0",
                            "ingress_security_rules.433419288.udp_options.#": "0",
                            "ingress_security_rules.47193274.icmp_options.#": "0",
                            "ingress_security_rules.47193274.protocol": "6",
                            "ingress_security_rules.47193274.source": "0.0.0.0/0",
                            "ingress_security_rules.47193274.source_type": "CIDR_BLOCK",
                            "ingress_security_rules.47193274.stateless": "false",
                            "ingress_security_rules.47193274.tcp_options.#": "1",
                            "ingress_security_rules.47193274.tcp_options.0.max": "22",
                            "ingress_security_rules.47193274.tcp_options.0.min": "22",
                            "ingress_security_rules.47193274.tcp_options.0.source_port_range.#": "0",
                            "ingress_security_rules.47193274.udp_options.#": "0",
                            "ingress_security_rules.778443156.icmp_options.#": "0",
                            "ingress_security_rules.778443156.protocol": "6",
                            "ingress_security_rules.778443156.source": "10.0.3.0/24",
                            "ingress_security_rules.778443156.source_type": "CIDR_BLOCK",
                            "ingress_security_rules.778443156.stateless": "false",
                            "ingress_security_rules.778443156.tcp_options.#": "1",
                            "ingress_security_rules.778443156.tcp_options.0.max": "4506",
                            "ingress_security_rules.778443156.tcp_options.0.min": "4505",
                            "ingress_security_rules.778443156.tcp_options.0.source_port_range.#": "0",
                            "ingress_security_rules.778443156.udp_options.#": "0",
                            "state": "AVAILABLE",
                            "time_created": "2018-08-07 11:23:26.623 +0000 UTC",
                            "vcn_id": "ocid1.vcn.oc1.iad.aaaaaaaal4f7n7ryr3hz46upf5rr5rtgf7z4ue352dp3kh4yqdra4ztevnmq"
                        },
                        "meta": {
                            "e2bfb730-ecaa-11e6-8f88-34363bc7c4c0": {
                                "create": 900000000000,
                                "delete": 900000000000,
                                "update": 900000000000
                            }
                        },
                        "tainted": false
                    },
                    "deposed": [],
                    "provider": "provider.oci"
                },
                "oci_core_security_list.saltdemo-ws-LIST": {
                    "type": "oci_core_security_list",
                    "depends_on": [
                        "oci_core_virtual_network.saltdemo-VCN"
                    ],
                    "primary": {
                        "id": "ocid1.securitylist.oc1.iad.aaaaaaaar3lnxewn6jgq6dccrbpemcgi7iveuuupnwzj3nufcumhl5ksfe7a",
                        "attributes": {
                            "compartment_id": "ocid1.compartment.oc1..aaaaaaaam6uvbmgb5nzmoiurkyds6cax35xddpwafpcuru25fs6que4oln6q",
                            "defined_tags.%": "0",
                            "display_name": "saltdemo-ws-LIST",
                            "egress_security_rules.#": "1",
                            "egress_security_rules.473672169.destination": "0.0.0.0/0",
                            "egress_security_rules.473672169.destination_type": "CIDR_BLOCK",
                            "egress_security_rules.473672169.icmp_options.#": "0",
                            "egress_security_rules.473672169.protocol": "6",
                            "egress_security_rules.473672169.stateless": "false",
                            "egress_security_rules.473672169.tcp_options.#": "0",
                            "egress_security_rules.473672169.udp_options.#": "0",
                            "freeform_tags.%": "0",
                            "id": "ocid1.securitylist.oc1.iad.aaaaaaaar3lnxewn6jgq6dccrbpemcgi7iveuuupnwzj3nufcumhl5ksfe7a",
                            "ingress_security_rules.#": "5",
                            "ingress_security_rules.1006896788.icmp_options.#": "0",
                            "ingress_security_rules.1006896788.protocol": "6",
                            "ingress_security_rules.1006896788.source": "10.0.3.0/24",
                            "ingress_security_rules.1006896788.source_type": "CIDR_BLOCK",
                            "ingress_security_rules.1006896788.stateless": "false",
                            "ingress_security_rules.1006896788.tcp_options.#": "1",
                            "ingress_security_rules.1006896788.tcp_options.0.max": "80",
                            "ingress_security_rules.1006896788.tcp_options.0.min": "80",
                            "ingress_security_rules.1006896788.tcp_options.0.source_port_range.#": "0",
                            "ingress_security_rules.1006896788.udp_options.#": "0",
                            "ingress_security_rules.1166929008.icmp_options.#": "1",
                            "ingress_security_rules.1166929008.icmp_options.0.code": "-1",
                            "ingress_security_rules.1166929008.icmp_options.0.type": "3",
                            "ingress_security_rules.1166929008.protocol": "1",
                            "ingress_security_rules.1166929008.source": "10.0.0.0/16",
                            "ingress_security_rules.1166929008.source_type": "CIDR_BLOCK",
                            "ingress_security_rules.1166929008.stateless": "false",
                            "ingress_security_rules.1166929008.tcp_options.#": "0",
                            "ingress_security_rules.1166929008.udp_options.#": "0",
                            "ingress_security_rules.1277982996.icmp_options.#": "1",
                            "ingress_security_rules.1277982996.icmp_options.0.code": "4",
                            "ingress_security_rules.1277982996.icmp_options.0.type": "3",
                            "ingress_security_rules.1277982996.protocol": "1",
                            "ingress_security_rules.1277982996.source": "0.0.0.0/0",
                            "ingress_security_rules.1277982996.source_type": "CIDR_BLOCK",
                            "ingress_security_rules.1277982996.stateless": "false",
                            "ingress_security_rules.1277982996.tcp_options.#": "0",
                            "ingress_security_rules.1277982996.udp_options.#": "0",
                            "ingress_security_rules.1656913282.icmp_options.#": "0",
                            "ingress_security_rules.1656913282.protocol": "6",
                            "ingress_security_rules.1656913282.source": "10.0.2.0/24",
                            "ingress_security_rules.1656913282.source_type": "CIDR_BLOCK",
                            "ingress_security_rules.1656913282.stateless": "false",
                            "ingress_security_rules.1656913282.tcp_options.#": "1",
                            "ingress_security_rules.1656913282.tcp_options.0.max": "80",
                            "ingress_security_rules.1656913282.tcp_options.0.min": "80",
                            "ingress_security_rules.1656913282.tcp_options.0.source_port_range.#": "0",
                            "ingress_security_rules.1656913282.udp_options.#": "0",
                            "ingress_security_rules.47193274.icmp_options.#": "0",
                            "ingress_security_rules.47193274.protocol": "6",
                            "ingress_security_rules.47193274.source": "0.0.0.0/0",
                            "ingress_security_rules.47193274.source_type": "CIDR_BLOCK",
                            "ingress_security_rules.47193274.stateless": "false",
                            "ingress_security_rules.47193274.tcp_options.#": "1",
                            "ingress_security_rules.47193274.tcp_options.0.max": "22",
                            "ingress_security_rules.47193274.tcp_options.0.min": "22",
                            "ingress_security_rules.47193274.tcp_options.0.source_port_range.#": "0",
                            "ingress_security_rules.47193274.udp_options.#": "0",
                            "state": "AVAILABLE",
                            "time_created": "2018-08-07 11:23:26.305 +0000 UTC",
                            "vcn_id": "ocid1.vcn.oc1.iad.aaaaaaaal4f7n7ryr3hz46upf5rr5rtgf7z4ue352dp3kh4yqdra4ztevnmq"
                        },
                        "meta": {
                            "e2bfb730-ecaa-11e6-8f88-34363bc7c4c0": {
                                "create": 900000000000,
                                "delete": 900000000000,
                                "update": 900000000000
                            }
                        },
                        "tainted": false
                    },
                    "deposed": [],
                    "provider": "provider.oci"
                },
                "oci_core_subnet.saltdemo-subnet-lb1": {
                    "type": "oci_core_subnet",
                    "depends_on": [
                        "oci_core_route_table.saltdemo-lb-RT",
                        "oci_core_security_list.saltdemo-lb-LIST",
                        "oci_core_virtual_network.saltdemo-VCN"
                    ],
                    "primary": {
                        "id": "ocid1.subnet.oc1.iad.aaaaaaaadiiclckpfdjjwg2bfvkex3ewxnb6n6f4x5gl6tswalxt2q542fba",
                        "attributes": {
                            "availability_domain": "aNUQ:US-ASHBURN-AD-1",
                            "cidr_block": "10.0.2.0/24",
                            "compartment_id": "ocid1.compartment.oc1..aaaaaaaam6uvbmgb5nzmoiurkyds6cax35xddpwafpcuru25fs6que4oln6q",
                            "defined_tags.%": "0",
                            "dhcp_options_id": "ocid1.dhcpoptions.oc1.iad.aaaaaaaaeuucfeyug24wiowj545itwdo2hg6r4o5ajswmqcvf4favsdcte5a",
                            "display_name": "saltdemo-subnet-lb1",
                            "dns_label": "saltdemosnlb1",
                            "freeform_tags.%": "0",
                            "id": "ocid1.subnet.oc1.iad.aaaaaaaadiiclckpfdjjwg2bfvkex3ewxnb6n6f4x5gl6tswalxt2q542fba",
                            "prohibit_public_ip_on_vnic": "false",
                            "route_table_id": "ocid1.routetable.oc1.iad.aaaaaaaatstgl2h6qzo36hkzecfrsxnojsoqza6kmd2egcyr73l35ph3sn5a",
                            "security_list_ids.#": "1",
                            "security_list_ids.3223772": "ocid1.securitylist.oc1.iad.aaaaaaaa2rpnl4nm6wbh6rzzrdrh4imupbbqul6kbi2bzpxahhdcnlv6hwwq",
                            "state": "AVAILABLE",
                            "subnet_domain_name": "saltdemosnlb1.saltdemovcn.oraclevcn.com",
                            "time_created": "2018-08-07 11:23:28.318 +0000 UTC",
                            "vcn_id": "ocid1.vcn.oc1.iad.aaaaaaaal4f7n7ryr3hz46upf5rr5rtgf7z4ue352dp3kh4yqdra4ztevnmq",
                            "virtual_router_ip": "10.0.2.1",
                            "virtual_router_mac": "00:00:17:C3:73:F0"
                        },
                        "meta": {
                            "e2bfb730-ecaa-11e6-8f88-34363bc7c4c0": {
                                "create": 900000000000,
                                "delete": 900000000000,
                                "update": 900000000000
                            }
                        },
                        "tainted": false
                    },
                    "deposed": [],
                    "provider": "provider.oci"
                },
                "oci_core_subnet.saltdemo-subnet-lb2": {
                    "type": "oci_core_subnet",
                    "depends_on": [
                        "oci_core_route_table.saltdemo-lb-RT",
                        "oci_core_security_list.saltdemo-lb-LIST",
                        "oci_core_virtual_network.saltdemo-VCN"
                    ],
                    "primary": {
                        "id": "ocid1.subnet.oc1.iad.aaaaaaaal7cprybkv2hoi44jjy2cidgy4q4hb2q3hfutybqjziyc3jszxjma",
                        "attributes": {
                            "availability_domain": "aNUQ:US-ASHBURN-AD-2",
                            "cidr_block": "10.0.3.0/24",
                            "compartment_id": "ocid1.compartment.oc1..aaaaaaaam6uvbmgb5nzmoiurkyds6cax35xddpwafpcuru25fs6que4oln6q",
                            "defined_tags.%": "0",
                            "dhcp_options_id": "ocid1.dhcpoptions.oc1.iad.aaaaaaaaeuucfeyug24wiowj545itwdo2hg6r4o5ajswmqcvf4favsdcte5a",
                            "display_name": "saltdemo-subnet-lb2",
                            "dns_label": "saltdemosnlb2",
                            "freeform_tags.%": "0",
                            "id": "ocid1.subnet.oc1.iad.aaaaaaaal7cprybkv2hoi44jjy2cidgy4q4hb2q3hfutybqjziyc3jszxjma",
                            "prohibit_public_ip_on_vnic": "false",
                            "route_table_id": "ocid1.routetable.oc1.iad.aaaaaaaatstgl2h6qzo36hkzecfrsxnojsoqza6kmd2egcyr73l35ph3sn5a",
                            "security_list_ids.#": "1",
                            "security_list_ids.3223772": "ocid1.securitylist.oc1.iad.aaaaaaaa2rpnl4nm6wbh6rzzrdrh4imupbbqul6kbi2bzpxahhdcnlv6hwwq",
                            "state": "AVAILABLE",
                            "subnet_domain_name": "saltdemosnlb2.saltdemovcn.oraclevcn.com",
                            "time_created": "2018-08-07 11:23:29.11 +0000 UTC",
                            "vcn_id": "ocid1.vcn.oc1.iad.aaaaaaaal4f7n7ryr3hz46upf5rr5rtgf7z4ue352dp3kh4yqdra4ztevnmq",
                            "virtual_router_ip": "10.0.3.1",
                            "virtual_router_mac": "00:00:17:C3:73:F0"
                        },
                        "meta": {
                            "e2bfb730-ecaa-11e6-8f88-34363bc7c4c0": {
                                "create": 900000000000,
                                "delete": 900000000000,
                                "update": 900000000000
                            }
                        },
                        "tainted": false
                    },
                    "deposed": [],
                    "provider": "provider.oci"
                },
                "oci_core_subnet.saltdemo-subnet-ws1": {
                    "type": "oci_core_subnet",
                    "depends_on": [
                        "oci_core_route_table.saltdemo-ws-RT",
                        "oci_core_security_list.saltdemo-ws-LIST",
                        "oci_core_virtual_network.saltdemo-VCN"
                    ],
                    "primary": {
                        "id": "ocid1.subnet.oc1.iad.aaaaaaaakgaq6fjnxvk3essd3dakiifd37deheeqjz7zp2u63a6xnvgpwdca",
                        "attributes": {
                            "availability_domain": "aNUQ:US-ASHBURN-AD-1",
                            "cidr_block": "10.0.0.0/24",
                            "compartment_id": "ocid1.compartment.oc1..aaaaaaaam6uvbmgb5nzmoiurkyds6cax35xddpwafpcuru25fs6que4oln6q",
                            "defined_tags.%": "0",
                            "dhcp_options_id": "ocid1.dhcpoptions.oc1.iad.aaaaaaaaeuucfeyug24wiowj545itwdo2hg6r4o5ajswmqcvf4favsdcte5a",
                            "display_name": "saltdemo-subnet-ws1",
                            "dns_label": "saltdemosnws1",
                            "freeform_tags.%": "0",
                            "id": "ocid1.subnet.oc1.iad.aaaaaaaakgaq6fjnxvk3essd3dakiifd37deheeqjz7zp2u63a6xnvgpwdca",
                            "prohibit_public_ip_on_vnic": "false",
                            "route_table_id": "ocid1.routetable.oc1.iad.aaaaaaaagxlqxlqlgaobclcvyfsbjni2invkbyfbhdfbedjxcr2xdr3jgw4q",
                            "security_list_ids.#": "1",
                            "security_list_ids.1172858856": "ocid1.securitylist.oc1.iad.aaaaaaaar3lnxewn6jgq6dccrbpemcgi7iveuuupnwzj3nufcumhl5ksfe7a",
                            "state": "AVAILABLE",
                            "subnet_domain_name": "saltdemosnws1.saltdemovcn.oraclevcn.com",
                            "time_created": "2018-08-07 11:23:27.875 +0000 UTC",
                            "vcn_id": "ocid1.vcn.oc1.iad.aaaaaaaal4f7n7ryr3hz46upf5rr5rtgf7z4ue352dp3kh4yqdra4ztevnmq",
                            "virtual_router_ip": "10.0.0.1",
                            "virtual_router_mac": "00:00:17:C3:73:F0"
                        },
                        "meta": {
                            "e2bfb730-ecaa-11e6-8f88-34363bc7c4c0": {
                                "create": 900000000000,
                                "delete": 900000000000,
                                "update": 900000000000
                            }
                        },
                        "tainted": false
                    },
                    "deposed": [],
                    "provider": "provider.oci"
                },
                "oci_core_subnet.saltdemo-subnet-ws2": {
                    "type": "oci_core_subnet",
                    "depends_on": [
                        "oci_core_route_table.saltdemo-ws-RT",
                        "oci_core_security_list.saltdemo-ws-LIST",
                        "oci_core_virtual_network.saltdemo-VCN"
                    ],
                    "primary": {
                        "id": "ocid1.subnet.oc1.iad.aaaaaaaavrwqfvcivxkxvlmlqzcwkpt57qxpfsbvtuxwd4rfyxjlskw34vwq",
                        "attributes": {
                            "availability_domain": "aNUQ:US-ASHBURN-AD-2",
                            "cidr_block": "10.0.1.0/24",
                            "compartment_id": "ocid1.compartment.oc1..aaaaaaaam6uvbmgb5nzmoiurkyds6cax35xddpwafpcuru25fs6que4oln6q",
                            "defined_tags.%": "0",
                            "dhcp_options_id": "ocid1.dhcpoptions.oc1.iad.aaaaaaaaeuucfeyug24wiowj545itwdo2hg6r4o5ajswmqcvf4favsdcte5a",
                            "display_name": "saltdemo-subnet-ws2",
                            "dns_label": "saltdemosnws2",
                            "freeform_tags.%": "0",
                            "id": "ocid1.subnet.oc1.iad.aaaaaaaavrwqfvcivxkxvlmlqzcwkpt57qxpfsbvtuxwd4rfyxjlskw34vwq",
                            "prohibit_public_ip_on_vnic": "false",
                            "route_table_id": "ocid1.routetable.oc1.iad.aaaaaaaagxlqxlqlgaobclcvyfsbjni2invkbyfbhdfbedjxcr2xdr3jgw4q",
                            "security_list_ids.#": "1",
                            "security_list_ids.1172858856": "ocid1.securitylist.oc1.iad.aaaaaaaar3lnxewn6jgq6dccrbpemcgi7iveuuupnwzj3nufcumhl5ksfe7a",
                            "state": "AVAILABLE",
                            "subnet_domain_name": "saltdemosnws2.saltdemovcn.oraclevcn.com",
                            "time_created": "2018-08-07 11:23:28.844 +0000 UTC",
                            "vcn_id": "ocid1.vcn.oc1.iad.aaaaaaaal4f7n7ryr3hz46upf5rr5rtgf7z4ue352dp3kh4yqdra4ztevnmq",
                            "virtual_router_ip": "10.0.1.1",
                            "virtual_router_mac": "00:00:17:C3:73:F0"
                        },
                        "meta": {
                            "e2bfb730-ecaa-11e6-8f88-34363bc7c4c0": {
                                "create": 900000000000,
                                "delete": 900000000000,
                                "update": 900000000000
                            }
                        },
                        "tainted": false
                    },
                    "deposed": [],
                    "provider": "provider.oci"
                },
                "oci_core_virtual_network.saltdemo-VCN": {
                    "type": "oci_core_virtual_network",
                    "depends_on": [],
                    "primary": {
                        "id": "ocid1.vcn.oc1.iad.aaaaaaaal4f7n7ryr3hz46upf5rr5rtgf7z4ue352dp3kh4yqdra4ztevnmq",
                        "attributes": {
                            "cidr_block": "10.0.0.0/16",
                            "compartment_id": "ocid1.compartment.oc1..aaaaaaaam6uvbmgb5nzmoiurkyds6cax35xddpwafpcuru25fs6que4oln6q",
                            "default_dhcp_options_id": "ocid1.dhcpoptions.oc1.iad.aaaaaaaaeuucfeyug24wiowj545itwdo2hg6r4o5ajswmqcvf4favsdcte5a",
                            "default_route_table_id": "ocid1.routetable.oc1.iad.aaaaaaaafwjanvrqypkx7ibasterzt72oqrttguui3piuzselbldhcmpjnqq",
                            "default_security_list_id": "ocid1.securitylist.oc1.iad.aaaaaaaay2b7zkeqwgtazzx7dplydrekqmncw7tqtdouufpqp74quby44h7q",
                            "defined_tags.%": "0",
                            "display_name": "saltdemo-VCN",
                            "dns_label": "saltdemovcn",
                            "freeform_tags.%": "0",
                            "id": "ocid1.vcn.oc1.iad.aaaaaaaal4f7n7ryr3hz46upf5rr5rtgf7z4ue352dp3kh4yqdra4ztevnmq",
                            "state": "AVAILABLE",
                            "time_created": "2018-08-07 11:23:24.106 +0000 UTC",
                            "vcn_domain_name": "saltdemovcn.oraclevcn.com"
                        },
                        "meta": {
                            "e2bfb730-ecaa-11e6-8f88-34363bc7c4c0": {
                                "create": 900000000000,
                                "delete": 900000000000,
                                "update": 900000000000
                            }
                        },
                        "tainted": false
                    },
                    "deposed": [],
                    "provider": "provider.oci"
                },
                "oci_load_balancer.saltdemo-lb1": {
                    "type": "oci_load_balancer",
                    "depends_on": [
                        "oci_core_subnet.saltdemo-subnet-lb1",
                        "oci_core_subnet.saltdemo-subnet-lb2"
                    ],
                    "primary": {
                        "id": "ocid1.loadbalancer.oc1.iad.aaaaaaaa4iekhyejzal74fevzf4lppdrisr7iqkuc2uslrimmj4ftrtrpgbq",
                        "attributes": {
                            "compartment_id": "ocid1.compartment.oc1..aaaaaaaam6uvbmgb5nzmoiurkyds6cax35xddpwafpcuru25fs6que4oln6q",
                            "display_name": "saltdemo-lb1",
                            "id": "ocid1.loadbalancer.oc1.iad.aaaaaaaa4iekhyejzal74fevzf4lppdrisr7iqkuc2uslrimmj4ftrtrpgbq",
                            "ip_addresses.#": "1",
                            "ip_addresses.0": "129.213.182.202",
                            "is_private": "false",
                            "shape": "100Mbps",
                            "state": "ACTIVE",
                            "subnet_ids.#": "2",
                            "subnet_ids.0": "ocid1.subnet.oc1.iad.aaaaaaaadiiclckpfdjjwg2bfvkex3ewxnb6n6f4x5gl6tswalxt2q542fba",
                            "subnet_ids.1": "ocid1.subnet.oc1.iad.aaaaaaaal7cprybkv2hoi44jjy2cidgy4q4hb2q3hfutybqjziyc3jszxjma",
                            "time_created": "2018-08-07 11:23:33.121 +0000 UTC"
                        },
                        "meta": {},
                        "tainted": false
                    },
                    "deposed": [],
                    "provider": "provider.oci"
                },
                "oci_load_balancer_backend.saltdemo-lb-be1": {
                    "type": "oci_load_balancer_backend",
                    "depends_on": [
                        "oci_core_instance.saltdemo-ws1",
                        "oci_load_balancer.saltdemo-lb1",
                        "oci_load_balancer_backend_set.saltdemo-lb-bes1"
                    ],
                    "primary": {
                        "id": "10.0.0.2:80",
                        "attributes": {
                            "backendset_name": "saltdemo-lb-bes1",
                            "backup": "false",
                            "drain": "false",
                            "id": "10.0.0.2:80",
                            "ip_address": "10.0.0.2",
                            "load_balancer_id": "ocid1.loadbalancer.oc1.iad.aaaaaaaa4iekhyejzal74fevzf4lppdrisr7iqkuc2uslrimmj4ftrtrpgbq",
                            "name": "10.0.0.2:80",
                            "offline": "false",
                            "port": "80",
                            "state": "SUCCEEDED",
                            "weight": "1"
                        },
                        "meta": {},
                        "tainted": false
                    },
                    "deposed": [],
                    "provider": "provider.oci"
                },
                "oci_load_balancer_backend.saltdemo-lb-be2": {
                    "type": "oci_load_balancer_backend",
                    "depends_on": [
                        "oci_core_instance.saltdemo-ws2",
                        "oci_load_balancer.saltdemo-lb1",
                        "oci_load_balancer_backend_set.saltdemo-lb-bes1"
                    ],
                    "primary": {
                        "id": "10.0.1.2:80",
                        "attributes": {
                            "backendset_name": "saltdemo-lb-bes1",
                            "backup": "false",
                            "drain": "false",
                            "id": "10.0.1.2:80",
                            "ip_address": "10.0.1.2",
                            "load_balancer_id": "ocid1.loadbalancer.oc1.iad.aaaaaaaa4iekhyejzal74fevzf4lppdrisr7iqkuc2uslrimmj4ftrtrpgbq",
                            "name": "10.0.1.2:80",
                            "offline": "false",
                            "port": "80",
                            "state": "SUCCEEDED",
                            "weight": "1"
                        },
                        "meta": {},
                        "tainted": false
                    },
                    "deposed": [],
                    "provider": "provider.oci"
                },
                "oci_load_balancer_backend_set.saltdemo-lb-bes1": {
                    "type": "oci_load_balancer_backend_set",
                    "depends_on": [
                        "oci_load_balancer.saltdemo-lb1"
                    ],
                    "primary": {
                        "id": "saltdemo-lb-bes1",
                        "attributes": {
                            "backend.#": "2",
                            "backend.0.backup": "false",
                            "backend.0.drain": "false",
                            "backend.0.ip_address": "10.0.0.2",
                            "backend.0.name": "10.0.0.2:80",
                            "backend.0.offline": "false",
                            "backend.0.port": "80",
                            "backend.0.weight": "1",
                            "backend.1.backup": "false",
                            "backend.1.drain": "false",
                            "backend.1.ip_address": "10.0.1.2",
                            "backend.1.name": "10.0.1.2:80",
                            "backend.1.offline": "false",
                            "backend.1.port": "80",
                            "backend.1.weight": "1",
                            "health_checker.#": "1",
                            "health_checker.0.interval_ms": "30000",
                            "health_checker.0.port": "80",
                            "health_checker.0.protocol": "HTTP",
                            "health_checker.0.response_body_regex": ".*",
                            "health_checker.0.retries": "3",
                            "health_checker.0.return_code": "200",
                            "health_checker.0.timeout_in_millis": "3000",
                            "health_checker.0.url_path": "/",
                            "id": "saltdemo-lb-bes1",
                            "load_balancer_id": "ocid1.loadbalancer.oc1.iad.aaaaaaaa4iekhyejzal74fevzf4lppdrisr7iqkuc2uslrimmj4ftrtrpgbq",
                            "name": "saltdemo-lb-bes1",
                            "policy": "ROUND_ROBIN",
                            "session_persistence_configuration.#": "0",
                            "ssl_configuration.#": "0",
                            "state": "SUCCEEDED"
                        },
                        "meta": {},
                        "tainted": false
                    },
                    "deposed": [],
                    "provider": "provider.oci"
                },
                "oci_load_balancer_hostname.saltdemo-lb-host1": {
                    "type": "oci_load_balancer_hostname",
                    "depends_on": [
                        "oci_load_balancer.saltdemo-lb1"
                    ],
                    "primary": {
                        "id": "hostname1",
                        "attributes": {
                            "hostname": "app.example.com",
                            "id": "hostname1",
                            "load_balancer_id": "ocid1.loadbalancer.oc1.iad.aaaaaaaa4iekhyejzal74fevzf4lppdrisr7iqkuc2uslrimmj4ftrtrpgbq",
                            "name": "hostname1",
                            "state": "SUCCEEDED"
                        },
                        "meta": {
                            "e2bfb730-ecaa-11e6-8f88-34363bc7c4c0": {
                                "create": 900000000000,
                                "delete": 900000000000,
                                "update": 900000000000
                            }
                        },
                        "tainted": false
                    },
                    "deposed": [],
                    "provider": "provider.oci"
                },
                "oci_load_balancer_hostname.saltdemo-lb-host2": {
                    "type": "oci_load_balancer_hostname",
                    "depends_on": [
                        "oci_load_balancer.saltdemo-lb1"
                    ],
                    "primary": {
                        "id": "hostname2",
                        "attributes": {
                            "hostname": "app2.example.com",
                            "id": "hostname2",
                            "load_balancer_id": "ocid1.loadbalancer.oc1.iad.aaaaaaaa4iekhyejzal74fevzf4lppdrisr7iqkuc2uslrimmj4ftrtrpgbq",
                            "name": "hostname2",
                            "state": "SUCCEEDED"
                        },
                        "meta": {
                            "e2bfb730-ecaa-11e6-8f88-34363bc7c4c0": {
                                "create": 900000000000,
                                "delete": 900000000000,
                                "update": 900000000000
                            }
                        },
                        "tainted": false
                    },
                    "deposed": [],
                    "provider": "provider.oci"
                },
                "oci_load_balancer_listener.lb-listener1": {
                    "type": "oci_load_balancer_listener",
                    "depends_on": [
                        "oci_load_balancer.saltdemo-lb1",
                        "oci_load_balancer_backend_set.saltdemo-lb-bes1",
                        "oci_load_balancer_hostname.saltdemo-lb-host1",
                        "oci_load_balancer_hostname.saltdemo-lb-host2"
                    ],
                    "primary": {
                        "id": "http",
                        "attributes": {
                            "connection_configuration.#": "1",
                            "connection_configuration.0.idle_timeout_in_seconds": "2",
                            "default_backend_set_name": "saltdemo-lb-bes1",
                            "hostname_names.#": "2",
                            "hostname_names.0": "hostname1",
                            "hostname_names.1": "hostname2",
                            "id": "http",
                            "load_balancer_id": "ocid1.loadbalancer.oc1.iad.aaaaaaaa4iekhyejzal74fevzf4lppdrisr7iqkuc2uslrimmj4ftrtrpgbq",
                            "name": "http",
                            "port": "80",
                            "protocol": "HTTP",
                            "ssl_configuration.#": "0",
                            "state": "SUCCEEDED"
                        },
                        "meta": {},
                        "tainted": false
                    },
                    "deposed": [],
                    "provider": "provider.oci"
                },
                "oci_load_balancer_path_route_set.test_path_route_set": {
                    "type": "oci_load_balancer_path_route_set",
                    "depends_on": [
                        "oci_load_balancer.saltdemo-lb1",
                        "oci_load_balancer_backend_set.saltdemo-lb-bes1"
                    ],
                    "primary": {
                        "id": "pr-set1",
                        "attributes": {
                            "id": "pr-set1",
                            "load_balancer_id": "ocid1.loadbalancer.oc1.iad.aaaaaaaa4iekhyejzal74fevzf4lppdrisr7iqkuc2uslrimmj4ftrtrpgbq",
                            "name": "pr-set1",
                            "path_routes.#": "1",
                            "path_routes.0.backend_set_name": "saltdemo-lb-bes1",
                            "path_routes.0.path": "/",
                            "path_routes.0.path_match_type.#": "1",
                            "path_routes.0.path_match_type.0.match_type": "EXACT_MATCH",
                            "state": "SUCCEEDED"
                        },
                        "meta": {
                            "e2bfb730-ecaa-11e6-8f88-34363bc7c4c0": {
                                "create": 900000000000,
                                "delete": 900000000000,
                                "update": 900000000000
                            }
                        },
                        "tainted": false
                    },
                    "deposed": [],
                    "provider": "provider.oci"
                }
            },
            "depends_on": []
        }
    ]
}
