{
    "version": 3,
    "terraform_version": "0.11.7",
    "serial": 22,
    "lineage": "e22f38a2-9bf9-e341-006f-6b456c14faee",
    "modules": [
        {
            "path": [
                "root"
            ],
            "outputs": {},
            "resources": {
                "oci_core_internet_gateway.saltdemo-IGW": {
                    "type": "oci_core_internet_gateway",
                    "depends_on": [
                        "oci_core_virtual_network.saltdemo-VCN"
                    ],
                    "primary": {
                        "id": "ocid1.internetgateway.oc1.iad.aaaaaaaa2gbbknqtlt5oaw6mjr5bogvdufiywh4itykyjznskuh6xpwxkhza",
                        "attributes": {
                            "compartment_id": "ocid1.compartment.oc1..aaaaaaaam6uvbmgb5nzmoiurkyds6cax35xddpwafpcuru25fs6que4oln6q",
                            "defined_tags.%": "0",
                            "display_name": "saltdemo-IGW",
                            "enabled": "true",
                            "freeform_tags.%": "0",
                            "id": "ocid1.internetgateway.oc1.iad.aaaaaaaa2gbbknqtlt5oaw6mjr5bogvdufiywh4itykyjznskuh6xpwxkhza",
                            "state": "AVAILABLE",
                            "time_created": "2018-08-02 19:37:52.581 +0000 UTC",
                            "vcn_id": "ocid1.vcn.oc1.iad.aaaaaaaah2epxt5wpkhf6uxddxiyuerif4rwajqvvzusdbfgndgdn5ko5ojq"
                        },
                        "meta": {
                            "e2bfb730-ecaa-11e6-8f88-34363bc7c4c0": {
                                "create": 900000000000,
                                "delete": 900000000000,
                                "update": 900000000000
                            }
                        },
                        "tainted": false
                    },
                    "deposed": [],
                    "provider": "provider.oci"
                },
                "oci_core_route_table.saltdemo-lb-RT": {
                    "type": "oci_core_route_table",
                    "depends_on": [
                        "oci_core_internet_gateway.saltdemo-IGW",
                        "oci_core_virtual_network.saltdemo-VCN"
                    ],
                    "primary": {
                        "id": "ocid1.routetable.oc1.iad.aaaaaaaawwpxlubyar25k2oepp7rwnkyzb4y5kmov4ikmpb3g4cuqfaktvyq",
                        "attributes": {
                            "compartment_id": "ocid1.compartment.oc1..aaaaaaaam6uvbmgb5nzmoiurkyds6cax35xddpwafpcuru25fs6que4oln6q",
                            "defined_tags.%": "0",
                            "display_name": "saltdemo-lb-RT",
                            "freeform_tags.%": "0",
                            "id": "ocid1.routetable.oc1.iad.aaaaaaaawwpxlubyar25k2oepp7rwnkyzb4y5kmov4ikmpb3g4cuqfaktvyq",
                            "route_rules.#": "1",
                            "route_rules.1093497111.cidr_block": "0.0.0.0/0",
                            "route_rules.1093497111.destination": "0.0.0.0/0",
                            "route_rules.1093497111.destination_type": "CIDR_BLOCK",
                            "route_rules.1093497111.network_entity_id": "ocid1.internetgateway.oc1.iad.aaaaaaaa2gbbknqtlt5oaw6mjr5bogvdufiywh4itykyjznskuh6xpwxkhza",
                            "state": "AVAILABLE",
                            "time_created": "2018-08-02 19:37:53.064 +0000 UTC",
                            "vcn_id": "ocid1.vcn.oc1.iad.aaaaaaaah2epxt5wpkhf6uxddxiyuerif4rwajqvvzusdbfgndgdn5ko5ojq"
                        },
                        "meta": {
                            "e2bfb730-ecaa-11e6-8f88-34363bc7c4c0": {
                                "create": 900000000000,
                                "delete": 900000000000,
                                "update": 900000000000
                            }
                        },
                        "tainted": false
                    },
                    "deposed": [],
                    "provider": "provider.oci"
                },
                "oci_core_security_list.saltdemo-lb-LIST": {
                    "type": "oci_core_security_list",
                    "depends_on": [
                        "oci_core_virtual_network.saltdemo-VCN"
                    ],
                    "primary": {
                        "id": "ocid1.securitylist.oc1.iad.aaaaaaaafexvfx4mhtekhmc6qrwfpkvmwmgqebdgedulsntsyibnjf34snxq",
                        "attributes": {
                            "compartment_id": "ocid1.compartment.oc1..aaaaaaaam6uvbmgb5nzmoiurkyds6cax35xddpwafpcuru25fs6que4oln6q",
                            "defined_tags.%": "0",
                            "display_name": "securitylist20180802193752",
                            "egress_security_rules.#": "0",
                            "freeform_tags.%": "0",
                            "id": "ocid1.securitylist.oc1.iad.aaaaaaaafexvfx4mhtekhmc6qrwfpkvmwmgqebdgedulsntsyibnjf34snxq",
                            "ingress_security_rules.#": "1",
                            "ingress_security_rules.433419288.icmp_options.#": "0",
                            "ingress_security_rules.433419288.protocol": "6",
                            "ingress_security_rules.433419288.source": "0.0.0.0/0",
                            "ingress_security_rules.433419288.source_type": "CIDR_BLOCK",
                            "ingress_security_rules.433419288.stateless": "false",
                            "ingress_security_rules.433419288.tcp_options.#": "1",
                            "ingress_security_rules.433419288.tcp_options.0.max": "80",
                            "ingress_security_rules.433419288.tcp_options.0.min": "80",
                            "ingress_security_rules.433419288.tcp_options.0.source_port_range.#": "0",
                            "ingress_security_rules.433419288.udp_options.#": "0",
                            "state": "AVAILABLE",
                            "time_created": "2018-08-02 19:37:52.58 +0000 UTC",
                            "vcn_id": "ocid1.vcn.oc1.iad.aaaaaaaah2epxt5wpkhf6uxddxiyuerif4rwajqvvzusdbfgndgdn5ko5ojq"
                        },
                        "meta": {
                            "e2bfb730-ecaa-11e6-8f88-34363bc7c4c0": {
                                "create": 900000000000,
                                "delete": 900000000000,
                                "update": 900000000000
                            }
                        },
                        "tainted": false
                    },
                    "deposed": [],
                    "provider": "provider.oci"
                },
                "oci_core_subnet.saltdemo-subnet-lb1": {
                    "type": "oci_core_subnet",
                    "depends_on": [
                        "oci_core_route_table.saltdemo-lb-RT",
                        "oci_core_security_list.saltdemo-lb-LIST",
                        "oci_core_virtual_network.saltdemo-VCN"
                    ],
                    "primary": {
                        "id": "ocid1.subnet.oc1.iad.aaaaaaaaeg5zp6noz266ygz2oncdf2nutmw73lwdkge4ajplgqnbwxihp4uq",
                        "attributes": {
                            "availability_domain": "aNUQ:US-ASHBURN-AD-2",
                            "cidr_block": "10.0.2.0/24",
                            "compartment_id": "ocid1.compartment.oc1..aaaaaaaam6uvbmgb5nzmoiurkyds6cax35xddpwafpcuru25fs6que4oln6q",
                            "defined_tags.%": "0",
                            "dhcp_options_id": "ocid1.dhcpoptions.oc1.iad.aaaaaaaa2rqtg24vqiy44kfctzm4qbqwv7kiqe7qxt4pxy3npwwwjesq2zka",
                            "display_name": "subnet20180802194647",
                            "freeform_tags.%": "0",
                            "id": "ocid1.subnet.oc1.iad.aaaaaaaaeg5zp6noz266ygz2oncdf2nutmw73lwdkge4ajplgqnbwxihp4uq",
                            "prohibit_public_ip_on_vnic": "false",
                            "route_table_id": "ocid1.routetable.oc1.iad.aaaaaaaawwpxlubyar25k2oepp7rwnkyzb4y5kmov4ikmpb3g4cuqfaktvyq",
                            "security_list_ids.#": "1",
                            "security_list_ids.190797896": "ocid1.securitylist.oc1.iad.aaaaaaaafexvfx4mhtekhmc6qrwfpkvmwmgqebdgedulsntsyibnjf34snxq",
                            "state": "AVAILABLE",
                            "time_created": "2018-08-02 19:46:47.731 +0000 UTC",
                            "vcn_id": "ocid1.vcn.oc1.iad.aaaaaaaah2epxt5wpkhf6uxddxiyuerif4rwajqvvzusdbfgndgdn5ko5ojq",
                            "virtual_router_ip": "10.0.2.1",
                            "virtual_router_mac": "00:00:17:2F:63:3E"
                        },
                        "meta": {
                            "e2bfb730-ecaa-11e6-8f88-34363bc7c4c0": {
                                "create": 900000000000,
                                "delete": 900000000000,
                                "update": 900000000000
                            }
                        },
                        "tainted": false
                    },
                    "deposed": [],
                    "provider": "provider.oci"
                },
                "oci_core_subnet.saltdemo-subnet-lb2": {
                    "type": "oci_core_subnet",
                    "depends_on": [
                        "oci_core_route_table.saltdemo-lb-RT",
                        "oci_core_security_list.saltdemo-lb-LIST",
                        "oci_core_virtual_network.saltdemo-VCN"
                    ],
                    "primary": {
                        "id": "ocid1.subnet.oc1.iad.aaaaaaaa2xfartlssgb6lwr63aqhhfc3rja23ut2n5pt3ezlwqhvocntwk7a",
                        "attributes": {
                            "availability_domain": "aNUQ:US-ASHBURN-AD-2",
                            "cidr_block": "10.0.3.0/24",
                            "compartment_id": "ocid1.compartment.oc1..aaaaaaaam6uvbmgb5nzmoiurkyds6cax35xddpwafpcuru25fs6que4oln6q",
                            "defined_tags.%": "0",
                            "dhcp_options_id": "ocid1.dhcpoptions.oc1.iad.aaaaaaaa2rqtg24vqiy44kfctzm4qbqwv7kiqe7qxt4pxy3npwwwjesq2zka",
                            "display_name": "subnet20180802194647",
                            "freeform_tags.%": "0",
                            "id": "ocid1.subnet.oc1.iad.aaaaaaaa2xfartlssgb6lwr63aqhhfc3rja23ut2n5pt3ezlwqhvocntwk7a",
                            "prohibit_public_ip_on_vnic": "false",
                            "route_table_id": "ocid1.routetable.oc1.iad.aaaaaaaawwpxlubyar25k2oepp7rwnkyzb4y5kmov4ikmpb3g4cuqfaktvyq",
                            "security_list_ids.#": "1",
                            "security_list_ids.190797896": "ocid1.securitylist.oc1.iad.aaaaaaaafexvfx4mhtekhmc6qrwfpkvmwmgqebdgedulsntsyibnjf34snxq",
                            "state": "AVAILABLE",
                            "time_created": "2018-08-02 19:46:47.973 +0000 UTC",
                            "vcn_id": "ocid1.vcn.oc1.iad.aaaaaaaah2epxt5wpkhf6uxddxiyuerif4rwajqvvzusdbfgndgdn5ko5ojq",
                            "virtual_router_ip": "10.0.3.1",
                            "virtual_router_mac": "00:00:17:2F:63:3E"
                        },
                        "meta": {
                            "e2bfb730-ecaa-11e6-8f88-34363bc7c4c0": {
                                "create": 900000000000,
                                "delete": 900000000000,
                                "update": 900000000000
                            }
                        },
                        "tainted": false
                    },
                    "deposed": [],
                    "provider": "provider.oci"
                },
                "oci_core_subnet.saltdemo-subnet-ws1": {
                    "type": "oci_core_subnet",
                    "depends_on": [
                        "oci_core_virtual_network.saltdemo-VCN"
                    ],
                    "primary": {
                        "id": "ocid1.subnet.oc1.iad.aaaaaaaahia226ayjwopg5vrqfev2i7dujcxezrixha7khn473xzu6mcxreq",
                        "attributes": {
                            "availability_domain": "aNUQ:US-ASHBURN-AD-1",
                            "cidr_block": "10.0.0.0/24",
                            "compartment_id": "ocid1.compartment.oc1..aaaaaaaam6uvbmgb5nzmoiurkyds6cax35xddpwafpcuru25fs6que4oln6q",
                            "defined_tags.%": "0",
                            "dhcp_options_id": "ocid1.dhcpoptions.oc1.iad.aaaaaaaa2rqtg24vqiy44kfctzm4qbqwv7kiqe7qxt4pxy3npwwwjesq2zka",
                            "display_name": "subnet20180802193752",
                            "freeform_tags.%": "0",
                            "id": "ocid1.subnet.oc1.iad.aaaaaaaahia226ayjwopg5vrqfev2i7dujcxezrixha7khn473xzu6mcxreq",
                            "prohibit_public_ip_on_vnic": "false",
                            "route_table_id": "ocid1.routetable.oc1.iad.aaaaaaaajqswkhlhzmcjz5yi7mfcnvo2wpghjyehqyekac3zsjlb3rburzlq",
                            "security_list_ids.#": "1",
                            "security_list_ids.1762224851": "ocid1.securitylist.oc1.iad.aaaaaaaaw7dzb7g3zyauwyjrnkstdl3dwsoy7s65a2kt5hg7vt4dn2xnyj2a",
                            "state": "AVAILABLE",
                            "time_created": "2018-08-02 19:37:52.462 +0000 UTC",
                            "vcn_id": "ocid1.vcn.oc1.iad.aaaaaaaah2epxt5wpkhf6uxddxiyuerif4rwajqvvzusdbfgndgdn5ko5ojq",
                            "virtual_router_ip": "10.0.0.1",
                            "virtual_router_mac": "00:00:17:2F:63:3E"
                        },
                        "meta": {
                            "e2bfb730-ecaa-11e6-8f88-34363bc7c4c0": {
                                "create": 900000000000,
                                "delete": 900000000000,
                                "update": 900000000000
                            }
                        },
                        "tainted": false
                    },
                    "deposed": [],
                    "provider": "provider.oci"
                },
                "oci_core_subnet.saltdemo-subnet-ws2": {
                    "type": "oci_core_subnet",
                    "depends_on": [
                        "oci_core_virtual_network.saltdemo-VCN"
                    ],
                    "primary": {
                        "id": "ocid1.subnet.oc1.iad.aaaaaaaat3efqxmop2iovtf25keb7uyk5vkmck6yjyl3og46sdai73fqj7tq",
                        "attributes": {
                            "availability_domain": "aNUQ:US-ASHBURN-AD-2",
                            "cidr_block": "10.0.1.0/24",
                            "compartment_id": "ocid1.compartment.oc1..aaaaaaaam6uvbmgb5nzmoiurkyds6cax35xddpwafpcuru25fs6que4oln6q",
                            "defined_tags.%": "0",
                            "dhcp_options_id": "ocid1.dhcpoptions.oc1.iad.aaaaaaaa2rqtg24vqiy44kfctzm4qbqwv7kiqe7qxt4pxy3npwwwjesq2zka",
                            "display_name": "subnet20180802193752",
                            "freeform_tags.%": "0",
                            "id": "ocid1.subnet.oc1.iad.aaaaaaaat3efqxmop2iovtf25keb7uyk5vkmck6yjyl3og46sdai73fqj7tq",
                            "prohibit_public_ip_on_vnic": "false",
                            "route_table_id": "ocid1.routetable.oc1.iad.aaaaaaaajqswkhlhzmcjz5yi7mfcnvo2wpghjyehqyekac3zsjlb3rburzlq",
                            "security_list_ids.#": "1",
                            "security_list_ids.1762224851": "ocid1.securitylist.oc1.iad.aaaaaaaaw7dzb7g3zyauwyjrnkstdl3dwsoy7s65a2kt5hg7vt4dn2xnyj2a",
                            "state": "AVAILABLE",
                            "time_created": "2018-08-02 19:37:52.874 +0000 UTC",
                            "vcn_id": "ocid1.vcn.oc1.iad.aaaaaaaah2epxt5wpkhf6uxddxiyuerif4rwajqvvzusdbfgndgdn5ko5ojq",
                            "virtual_router_ip": "10.0.1.1",
                            "virtual_router_mac": "00:00:17:2F:63:3E"
                        },
                        "meta": {
                            "e2bfb730-ecaa-11e6-8f88-34363bc7c4c0": {
                                "create": 900000000000,
                                "delete": 900000000000,
                                "update": 900000000000
                            }
                        },
                        "tainted": false
                    },
                    "deposed": [],
                    "provider": "provider.oci"
                },
                "oci_core_virtual_network.saltdemo-VCN": {
                    "type": "oci_core_virtual_network",
                    "depends_on": [],
                    "primary": {
                        "id": "ocid1.vcn.oc1.iad.aaaaaaaah2epxt5wpkhf6uxddxiyuerif4rwajqvvzusdbfgndgdn5ko5ojq",
                        "attributes": {
                            "cidr_block": "10.0.0.0/16",
                            "compartment_id": "ocid1.compartment.oc1..aaaaaaaam6uvbmgb5nzmoiurkyds6cax35xddpwafpcuru25fs6que4oln6q",
                            "default_dhcp_options_id": "ocid1.dhcpoptions.oc1.iad.aaaaaaaa2rqtg24vqiy44kfctzm4qbqwv7kiqe7qxt4pxy3npwwwjesq2zka",
                            "default_route_table_id": "ocid1.routetable.oc1.iad.aaaaaaaajqswkhlhzmcjz5yi7mfcnvo2wpghjyehqyekac3zsjlb3rburzlq",
                            "default_security_list_id": "ocid1.securitylist.oc1.iad.aaaaaaaaw7dzb7g3zyauwyjrnkstdl3dwsoy7s65a2kt5hg7vt4dn2xnyj2a",
                            "defined_tags.%": "0",
                            "display_name": "saltdemo-VCN",
                            "dns_label": "saltdemovcn",
                            "freeform_tags.%": "0",
                            "id": "ocid1.vcn.oc1.iad.aaaaaaaah2epxt5wpkhf6uxddxiyuerif4rwajqvvzusdbfgndgdn5ko5ojq",
                            "state": "AVAILABLE",
                            "time_created": "2018-08-02 19:37:51.859 +0000 UTC",
                            "vcn_domain_name": "saltdemovcn.oraclevcn.com"
                        },
                        "meta": {
                            "e2bfb730-ecaa-11e6-8f88-34363bc7c4c0": {
                                "create": 900000000000,
                                "delete": 900000000000,
                                "update": 900000000000
                            }
                        },
                        "tainted": false
                    },
                    "deposed": [],
                    "provider": "provider.oci"
                }
            },
            "depends_on": []
        }
    ]
}
