{
    "version": 3,
    "terraform_version": "0.11.7",
    "serial": 19,
    "lineage": "e22f38a2-9bf9-e341-006f-6b456c14faee",
    "modules": [
        {
            "path": [
                "root"
            ],
            "outputs": {},
            "resources": {
                "oci_core_internet_gateway.saltdemo-IGW": {
                    "type": "oci_core_internet_gateway",
                    "depends_on": [
                        "oci_core_virtual_network.saltdemo-VCN"
                    ],
                    "primary": {
                        "id": "ocid1.internetgateway.oc1.iad.aaaaaaaasood3ys4frr6etazw3qpmufw5bi7kjtocfznphc6tm2dch2hustq",
                        "attributes": {
                            "compartment_id": "ocid1.compartment.oc1..aaaaaaaam6uvbmgb5nzmoiurkyds6cax35xddpwafpcuru25fs6que4oln6q",
                            "defined_tags.%": "0",
                            "display_name": "saltdemo-IGW",
                            "enabled": "true",
                            "freeform_tags.%": "0",
                            "id": "ocid1.internetgateway.oc1.iad.aaaaaaaasood3ys4frr6etazw3qpmufw5bi7kjtocfznphc6tm2dch2hustq",
                            "state": "AVAILABLE",
                            "time_created": "2018-08-02 19:20:52.546 +0000 UTC",
                            "vcn_id": "ocid1.vcn.oc1.iad.aaaaaaaas2se2diiqhhgheps6oy6dlpfaf35cttdsgmoukjxtkehn7obfioa"
                        },
                        "meta": {
                            "e2bfb730-ecaa-11e6-8f88-34363bc7c4c0": {
                                "create": 900000000000,
                                "delete": 900000000000,
                                "update": 900000000000
                            }
                        },
                        "tainted": false
                    },
                    "deposed": [],
                    "provider": "provider.oci"
                },
                "oci_core_route_table.saltdemo-lb-RT": {
                    "type": "oci_core_route_table",
                    "depends_on": [
                        "oci_core_internet_gateway.saltdemo-IGW",
                        "oci_core_virtual_network.saltdemo-VCN"
                    ],
                    "primary": {
                        "id": "ocid1.routetable.oc1.iad.aaaaaaaail6hy2cxzxwpucfh3vtajjb7ze7dw4zjelmnhrkzgrej3clxcsrq",
                        "attributes": {
                            "compartment_id": "ocid1.compartment.oc1..aaaaaaaam6uvbmgb5nzmoiurkyds6cax35xddpwafpcuru25fs6que4oln6q",
                            "defined_tags.%": "0",
                            "display_name": "saltdemo-lb-RT",
                            "freeform_tags.%": "0",
                            "id": "ocid1.routetable.oc1.iad.aaaaaaaail6hy2cxzxwpucfh3vtajjb7ze7dw4zjelmnhrkzgrej3clxcsrq",
                            "route_rules.#": "1",
                            "route_rules.695725325.cidr_block": "0.0.0.0/0",
                            "route_rules.695725325.destination": "0.0.0.0/0",
                            "route_rules.695725325.destination_type": "CIDR_BLOCK",
                            "route_rules.695725325.network_entity_id": "ocid1.internetgateway.oc1.iad.aaaaaaaasood3ys4frr6etazw3qpmufw5bi7kjtocfznphc6tm2dch2hustq",
                            "state": "AVAILABLE",
                            "time_created": "2018-08-02 19:20:53.244 +0000 UTC",
                            "vcn_id": "ocid1.vcn.oc1.iad.aaaaaaaas2se2diiqhhgheps6oy6dlpfaf35cttdsgmoukjxtkehn7obfioa"
                        },
                        "meta": {
                            "e2bfb730-ecaa-11e6-8f88-34363bc7c4c0": {
                                "create": 900000000000,
                                "delete": 900000000000,
                                "update": 900000000000
                            }
                        },
                        "tainted": false
                    },
                    "deposed": [],
                    "provider": "provider.oci"
                },
                "oci_core_security_list.saltdemo-lb-LIST": {
                    "type": "oci_core_security_list",
                    "depends_on": [
                        "oci_core_virtual_network.saltdemo-VCN"
                    ],
                    "primary": {
                        "id": "ocid1.securitylist.oc1.iad.aaaaaaaag5yltdrmzdetrs7vddz5gofhj2ubudj33eyl6zb7bpr4cjrvky6q",
                        "attributes": {
                            "compartment_id": "ocid1.compartment.oc1..aaaaaaaam6uvbmgb5nzmoiurkyds6cax35xddpwafpcuru25fs6que4oln6q",
                            "defined_tags.%": "0",
                            "display_name": "securitylist20180802192337",
                            "egress_security_rules.#": "0",
                            "freeform_tags.%": "0",
                            "id": "ocid1.securitylist.oc1.iad.aaaaaaaag5yltdrmzdetrs7vddz5gofhj2ubudj33eyl6zb7bpr4cjrvky6q",
                            "ingress_security_rules.#": "1",
                            "ingress_security_rules.433419288.icmp_options.#": "0",
                            "ingress_security_rules.433419288.protocol": "6",
                            "ingress_security_rules.433419288.source": "0.0.0.0/0",
                            "ingress_security_rules.433419288.source_type": "CIDR_BLOCK",
                            "ingress_security_rules.433419288.stateless": "false",
                            "ingress_security_rules.433419288.tcp_options.#": "1",
                            "ingress_security_rules.433419288.tcp_options.0.max": "80",
                            "ingress_security_rules.433419288.tcp_options.0.min": "80",
                            "ingress_security_rules.433419288.tcp_options.0.source_port_range.#": "0",
                            "ingress_security_rules.433419288.udp_options.#": "0",
                            "state": "AVAILABLE",
                            "time_created": "2018-08-02 19:23:37.81 +0000 UTC",
                            "vcn_id": "ocid1.vcn.oc1.iad.aaaaaaaas2se2diiqhhgheps6oy6dlpfaf35cttdsgmoukjxtkehn7obfioa"
                        },
                        "meta": {
                            "e2bfb730-ecaa-11e6-8f88-34363bc7c4c0": {
                                "create": 900000000000,
                                "delete": 900000000000,
                                "update": 900000000000
                            }
                        },
                        "tainted": false
                    },
                    "deposed": [],
                    "provider": "provider.oci"
                },
                "oci_core_subnet.saltdemo-subnet-ws1": {
                    "type": "oci_core_subnet",
                    "depends_on": [
                        "oci_core_virtual_network.saltdemo-VCN"
                    ],
                    "primary": {
                        "id": "ocid1.subnet.oc1.iad.aaaaaaaaq33swqdh6wunchnnswokvrxhkt46yvqev33bek5mtbkomc46ikga",
                        "attributes": {
                            "availability_domain": "aNUQ:US-ASHBURN-AD-1",
                            "cidr_block": "10.0.0.0/24",
                            "compartment_id": "ocid1.compartment.oc1..aaaaaaaam6uvbmgb5nzmoiurkyds6cax35xddpwafpcuru25fs6que4oln6q",
                            "defined_tags.%": "0",
                            "dhcp_options_id": "ocid1.dhcpoptions.oc1.iad.aaaaaaaasd4wtjgkix6tyxwp4izxqf3qwoslsgfkfffc2rdyposuwbjniswq",
                            "display_name": "subnet20180802192052",
                            "freeform_tags.%": "0",
                            "id": "ocid1.subnet.oc1.iad.aaaaaaaaq33swqdh6wunchnnswokvrxhkt46yvqev33bek5mtbkomc46ikga",
                            "prohibit_public_ip_on_vnic": "false",
                            "route_table_id": "ocid1.routetable.oc1.iad.aaaaaaaavt7bfophuoa64j52bzuaxcfi32ydgx4kjuwtf72y7z7g67ks7uoa",
                            "security_list_ids.#": "1",
                            "security_list_ids.287239715": "ocid1.securitylist.oc1.iad.aaaaaaaafiam77zu4b7cgtguzoarecyluqjcweoohqgopdhzl4wpyi5mb7oq",
                            "state": "AVAILABLE",
                            "time_created": "2018-08-02 19:20:52.329 +0000 UTC",
                            "vcn_id": "ocid1.vcn.oc1.iad.aaaaaaaas2se2diiqhhgheps6oy6dlpfaf35cttdsgmoukjxtkehn7obfioa",
                            "virtual_router_ip": "10.0.0.1",
                            "virtual_router_mac": "00:00:17:8E:E2:50"
                        },
                        "meta": {
                            "e2bfb730-ecaa-11e6-8f88-34363bc7c4c0": {
                                "create": 900000000000,
                                "delete": 900000000000,
                                "update": 900000000000
                            }
                        },
                        "tainted": false
                    },
                    "deposed": [],
                    "provider": "provider.oci"
                },
                "oci_core_subnet.saltdemo-subnet-ws2": {
                    "type": "oci_core_subnet",
                    "depends_on": [
                        "oci_core_virtual_network.saltdemo-VCN"
                    ],
                    "primary": {
                        "id": "ocid1.subnet.oc1.iad.aaaaaaaaihiw4btlqabue4il4zlpxhf2wix2jxjubhp2h5kz6j7pdah5m6pa",
                        "attributes": {
                            "availability_domain": "aNUQ:US-ASHBURN-AD-2",
                            "cidr_block": "10.0.1.0/24",
                            "compartment_id": "ocid1.compartment.oc1..aaaaaaaam6uvbmgb5nzmoiurkyds6cax35xddpwafpcuru25fs6que4oln6q",
                            "defined_tags.%": "0",
                            "dhcp_options_id": "ocid1.dhcpoptions.oc1.iad.aaaaaaaasd4wtjgkix6tyxwp4izxqf3qwoslsgfkfffc2rdyposuwbjniswq",
                            "display_name": "subnet20180802192052",
                            "freeform_tags.%": "0",
                            "id": "ocid1.subnet.oc1.iad.aaaaaaaaihiw4btlqabue4il4zlpxhf2wix2jxjubhp2h5kz6j7pdah5m6pa",
                            "prohibit_public_ip_on_vnic": "false",
                            "route_table_id": "ocid1.routetable.oc1.iad.aaaaaaaavt7bfophuoa64j52bzuaxcfi32ydgx4kjuwtf72y7z7g67ks7uoa",
                            "security_list_ids.#": "1",
                            "security_list_ids.287239715": "ocid1.securitylist.oc1.iad.aaaaaaaafiam77zu4b7cgtguzoarecyluqjcweoohqgopdhzl4wpyi5mb7oq",
                            "state": "AVAILABLE",
                            "time_created": "2018-08-02 19:20:52.673 +0000 UTC",
                            "vcn_id": "ocid1.vcn.oc1.iad.aaaaaaaas2se2diiqhhgheps6oy6dlpfaf35cttdsgmoukjxtkehn7obfioa",
                            "virtual_router_ip": "10.0.1.1",
                            "virtual_router_mac": "00:00:17:8E:E2:50"
                        },
                        "meta": {
                            "e2bfb730-ecaa-11e6-8f88-34363bc7c4c0": {
                                "create": 900000000000,
                                "delete": 900000000000,
                                "update": 900000000000
                            }
                        },
                        "tainted": false
                    },
                    "deposed": [],
                    "provider": "provider.oci"
                },
                "oci_core_virtual_network.saltdemo-VCN": {
                    "type": "oci_core_virtual_network",
                    "depends_on": [],
                    "primary": {
                        "id": "ocid1.vcn.oc1.iad.aaaaaaaas2se2diiqhhgheps6oy6dlpfaf35cttdsgmoukjxtkehn7obfioa",
                        "attributes": {
                            "cidr_block": "10.0.0.0/16",
                            "compartment_id": "ocid1.compartment.oc1..aaaaaaaam6uvbmgb5nzmoiurkyds6cax35xddpwafpcuru25fs6que4oln6q",
                            "default_dhcp_options_id": "ocid1.dhcpoptions.oc1.iad.aaaaaaaasd4wtjgkix6tyxwp4izxqf3qwoslsgfkfffc2rdyposuwbjniswq",
                            "default_route_table_id": "ocid1.routetable.oc1.iad.aaaaaaaavt7bfophuoa64j52bzuaxcfi32ydgx4kjuwtf72y7z7g67ks7uoa",
                            "default_security_list_id": "ocid1.securitylist.oc1.iad.aaaaaaaafiam77zu4b7cgtguzoarecyluqjcweoohqgopdhzl4wpyi5mb7oq",
                            "defined_tags.%": "0",
                            "display_name": "saltdemo-VCN",
                            "dns_label": "saltdemovcn",
                            "freeform_tags.%": "0",
                            "id": "ocid1.vcn.oc1.iad.aaaaaaaas2se2diiqhhgheps6oy6dlpfaf35cttdsgmoukjxtkehn7obfioa",
                            "state": "AVAILABLE",
                            "time_created": "2018-08-02 19:20:51.964 +0000 UTC",
                            "vcn_domain_name": "saltdemovcn.oraclevcn.com"
                        },
                        "meta": {
                            "e2bfb730-ecaa-11e6-8f88-34363bc7c4c0": {
                                "create": 900000000000,
                                "delete": 900000000000,
                                "update": 900000000000
                            }
                        },
                        "tainted": false
                    },
                    "deposed": [],
                    "provider": "provider.oci"
                }
            },
            "depends_on": []
        }
    ]
}
