{
    "version": 3,
    "terraform_version": "0.11.7",
    "serial": 141,
    "lineage": "e22f38a2-9bf9-e341-006f-6b456c14faee",
    "modules": [
        {
            "path": [
                "root"
            ],
            "outputs": {
                "saltdemo-salt-minion01": {
                    "sensitive": false,
                    "type": "string",
                    "value": "129.213.85.158"
                },
                "saltdemo-salt-minion02": {
                    "sensitive": false,
                    "type": "string",
                    "value": "129.213.126.144"
                },
                "saltdemo-saltmaster": {
                    "sensitive": false,
                    "type": "string",
                    "value": "129.213.16.201"
                },
                "saltdemo-ws1": {
                    "sensitive": false,
                    "type": "string",
                    "value": "129.213.90.70"
                },
                "saltdemo-ws2": {
                    "sensitive": false,
                    "type": "string",
                    "value": "129.213.58.244"
                }
            },
            "resources": {
                "data.oci_identity_availability_domains.ADs": {
                    "type": "oci_identity_availability_domains",
                    "depends_on": [],
                    "primary": {
                        "id": "2018-08-06 19:49:31.268882 +0000 UTC",
                        "attributes": {
                            "availability_domains.#": "3",
                            "availability_domains.0.compartment_id": "ocid1.tenancy.oc1..aaaaaaaavuoskfzznzlnuipywsmiz6cazwefnaawnuqb3thmhgwlgxnoxgiq",
                            "availability_domains.0.name": "aNUQ:US-ASHBURN-AD-1",
                            "availability_domains.1.compartment_id": "ocid1.tenancy.oc1..aaaaaaaavuoskfzznzlnuipywsmiz6cazwefnaawnuqb3thmhgwlgxnoxgiq",
                            "availability_domains.1.name": "aNUQ:US-ASHBURN-AD-2",
                            "availability_domains.2.compartment_id": "ocid1.tenancy.oc1..aaaaaaaavuoskfzznzlnuipywsmiz6cazwefnaawnuqb3thmhgwlgxnoxgiq",
                            "availability_domains.2.name": "aNUQ:US-ASHBURN-AD-3",
                            "compartment_id": "ocid1.tenancy.oc1..aaaaaaaavuoskfzznzlnuipywsmiz6cazwefnaawnuqb3thmhgwlgxnoxgiq",
                            "id": "2018-08-06 19:49:31.268882 +0000 UTC"
                        },
                        "meta": {},
                        "tainted": false
                    },
                    "deposed": [],
                    "provider": "provider.oci"
                },
                "oci_core_instance.saltdemo-salt-minion01": {
                    "type": "oci_core_instance",
                    "depends_on": [
                        "oci_core_subnet.saltdemo-subnet-lb1"
                    ],
                    "primary": {
                        "id": "ocid1.instance.oc1.iad.abuwcljrp75obsr4dvv3als3swp5dgly5kziumbkog4xpreke44bqge3thwq",
                        "attributes": {
                            "availability_domain": "aNUQ:US-ASHBURN-AD-1",
                            "boot_volume_id": "ocid1.bootvolume.oc1.iad.abuwcljr3yg7nvcwoyjtjfrs6ungjgoar4fs4cq4dcckwooypepsdqtqilra",
                            "compartment_id": "ocid1.compartment.oc1..aaaaaaaam6uvbmgb5nzmoiurkyds6cax35xddpwafpcuru25fs6que4oln6q",
                            "create_vnic_details.#": "1",
                            "create_vnic_details.0.assign_public_ip": "true",
                            "create_vnic_details.0.defined_tags.%": "0",
                            "create_vnic_details.0.display_name": "primaryvnic",
                            "create_vnic_details.0.freeform_tags.%": "0",
                            "create_vnic_details.0.hostname_label": "saltminion01",
                            "create_vnic_details.0.private_ip": "10.0.2.20",
                            "create_vnic_details.0.skip_source_dest_check": "false",
                            "create_vnic_details.0.subnet_id": "ocid1.subnet.oc1.iad.aaaaaaaawwwnr3bnl2lqcifnbbckvcr7jjgs4cjfu2pf2jnbulkubyizdfaa",
                            "defined_tags.%": "0",
                            "display_name": "saltminion01",
                            "freeform_tags.%": "0",
                            "hostname_label": "saltminion01",
                            "id": "ocid1.instance.oc1.iad.abuwcljrp75obsr4dvv3als3swp5dgly5kziumbkog4xpreke44bqge3thwq",
                            "image": "ocid1.image.oc1.iad.aaaaaaaagqwnrno6c35vplndep6hu5gevyiqqag37muue3ich7g6tbs5aq4q",
                            "launch_mode": "NATIVE",
                            "launch_options.#": "1",
                            "launch_options.0.boot_volume_type": "ISCSI",
                            "launch_options.0.firmware": "UEFI_64",
                            "launch_options.0.network_type": "VFIO",
                            "launch_options.0.remote_data_volume_type": "PARAVIRTUALIZED",
                            "metadata.%": "2",
                            "metadata.ssh_authorized_keys": "ssh-rsa AAAAB3NzaC1yc2EAAAADAQABAAABAQC4tJPnV15IvVHywFglq7i5yFEhVUmXqS8Cb7nw+nNO/vHrl6rekw3+jTCi1kmjOYC5YWzfbdl3Brcxcu3hn7Az+TCLBzxVDLu3327iUkw08bDzQITnvHnQqPS94HQxNbsfPX8vACKXbK/4OvMw9VlMz7zsG9R6JcO8KvCO7L2zUxN/mZHMr6jPzUt4oAS2DWsTGqPqqRi/Vl4Plpus1CWFGjQk68Rsu1lR4eHwdDOJCWl8DDMKTkilRdHydEu1P9zpNYJDaoiwJ+sQs8uAZe+6QZpP/4asyagZ53a5woiT5+sxZ+7Cqv+IwUQOh4f6yO2JFJtPG4iUm6zBsVdjbMPl wildahunden@Daniels-MacBook-Pro-2.local",
                            "metadata.user_data": "I2Nsb3VkLWNvbmZpZwpvdXRwdXQ6IHthbGw6ICd8IHRlZSAtYSAvdmFyL2xvZy9jbG91ZC1pbml0LW91dHB1dC5sb2cnfQp5dW1fcmVwb3M6CiAgc2FsdHN0YWNrOgogICAgbmFtZTogICAgICBTYWx0U3RhY2sgcmVwbyBmb3IgUmVkIEhhdCBFbnRlcnByaXNlIExpbnV4ICRyZWxlYXNldmVyCiAgICBiYXNldXJsOiAgIGh0dHBzOi8vcmVwby5zYWx0c3RhY2suY29tL3l1bS9yZWRoYXQvJHJlbGVhc2V2ZXIvJGJhc2VhcmNoL2xhdGVzdAogICAgZW5hYmxlZDogICAxCiAgICBncGdjaGVjazogIHRydWUKICAgIGdwZ2tleTogICAgaHR0cHM6Ly9yZXBvLnNhbHRzdGFjay5jb20veXVtL3JlZGhhdC8kcmVsZWFzZXZlci8kYmFzZWFyY2gvbGF0ZXN0L1NBTFRTVEFDSy1HUEctS0VZLnB1YgpwYWNrYWdlczoKIC0gaHR0cGQKIC0gZmlnbGV0CiAtIGh0b3AKIC0gdmltCiAtIGdpdAogLSB0bXV4CiAtIHdnZXQKIC0gdW56aXAKIC0gc2FsdC1taW5pb24KcnVuY21kOgogLSBbIHNoLCAteGMsICJzeXN0ZW1jdGwgZW5hYmxlIHNhbHQtbWluaW9uLnNlcnZpY2UiIF0KIC0gWyBzaCwgLXhjLCAic3lzdGVtY3RsIHN0YXJ0IHNhbHQtbWluaW9uLnNlcnZpY2UiIF0KIC0gWyBzaCwgLXhjLCAic3lzdGVtY3RsIGRpc2FibGUgZmlyZXdhbGxkLnNlcnZpY2UiIF0KIC0gWyBzaCwgLXhjLCAic3lzdGVtY3RsIHN0b3AgZmlyZXdhbGxkLnNlcnZpY2UiIF0KIC0gWyBzaCwgLXhjLCAiZmlyZXdhbGwtb2ZmbGluZS1jbWQgLS1wZXJtYW5lbnQgLS1hZGQtcG9ydD04MC90Y3AiIF0KIC0gWyBzaCwgLXhjLCAiZmlyZXdhbGwtb2ZmbGluZS1jbWQgLS1wZXJtYW5lbnQgLS1hZGQtcG9ydD00NDMvdGNwIiBdCiAtIFsgc2gsIC14YywgInN5c3RlbWN0bCBlbmFibGUgaHR0cGQuc2VydmljZSIgXQogLSBbIHNoLCAteGMsICJzeXN0ZW1jdGwgc3RhcnQgaHR0cGQuc2VydmljZSIgXQogLSBbIHNoLCAteGMsICJlY2hvICc8aHRtbD48aGVhZD48L2hlYWQ+PGJvZHk+PHByZT48Y29kZT4nID4gL3Zhci93d3cvaHRtbC9pbmRleC5odG1sIiBdCiAtIFsgc2gsIC14YywgImhvc3RuYW1lID4+IC92YXIvd3d3L2h0bWwvaW5kZXguaHRtbCIgXQogLSBbIHNoLCAteGMsICJlY2hvICcnID4+IC92YXIvd3d3L2h0bWwvaW5kZXguaHRtbCIgXQogLSBbIHNoLCAteGMsICJjYXQgL2V0Yy9vcy1yZWxlYXNlID4+IC92YXIvd3d3L2h0bWwvaW5kZXguaHRtbCIgXQogLSBbIHNoLCAteGMsICJlY2hvICc8L2NvZGU+PC9wcmU+PC9ib2R5PjwvaHRtbD4nID4+IC92YXIvd3d3L2h0bWwvaW5kZXguaHRtbCIgXQo=",
                            "private_ip": "10.0.2.20",
                            "public_ip": "129.213.85.158",
                            "region": "iad",
                            "shape": "VM.Standard1.2",
                            "source_details.#": "1",
                            "source_details.0.boot_volume_size_in_gbs": "47",
                            "source_details.0.source_id": "ocid1.image.oc1.iad.aaaaaaaagqwnrno6c35vplndep6hu5gevyiqqag37muue3ich7g6tbs5aq4q",
                            "source_details.0.source_type": "image",
                            "state": "RUNNING",
                            "subnet_id": "ocid1.subnet.oc1.iad.aaaaaaaawwwnr3bnl2lqcifnbbckvcr7jjgs4cjfu2pf2jnbulkubyizdfaa",
                            "time_created": "2018-08-06 19:51:51.792 +0000 UTC"
                        },
                        "meta": {
                            "e2bfb730-ecaa-11e6-8f88-34363bc7c4c0": {
                                "create": 7200000000000,
                                "delete": 7200000000000,
                                "update": 7200000000000
                            }
                        },
                        "tainted": false
                    },
                    "deposed": [],
                    "provider": "provider.oci"
                },
                "oci_core_instance.saltdemo-salt-minion02": {
                    "type": "oci_core_instance",
                    "depends_on": [
                        "oci_core_subnet.saltdemo-subnet-lb2"
                    ],
                    "primary": {
                        "id": "ocid1.instance.oc1.iad.abuwcljtfj226i57wmm6g4nqscfbtfklbphycqxmkteave4dvfglg6xvkyaq",
                        "attributes": {
                            "availability_domain": "aNUQ:US-ASHBURN-AD-2",
                            "boot_volume_id": "ocid1.bootvolume.oc1.iad.abuwcljtt5kmotklp7u5zjrwhoyyztvhpqngih2fhe7nyvap332llkbtxrqq",
                            "compartment_id": "ocid1.compartment.oc1..aaaaaaaam6uvbmgb5nzmoiurkyds6cax35xddpwafpcuru25fs6que4oln6q",
                            "create_vnic_details.#": "1",
                            "create_vnic_details.0.assign_public_ip": "true",
                            "create_vnic_details.0.defined_tags.%": "0",
                            "create_vnic_details.0.display_name": "primaryvnic",
                            "create_vnic_details.0.freeform_tags.%": "0",
                            "create_vnic_details.0.hostname_label": "saltminion02",
                            "create_vnic_details.0.private_ip": "10.0.3.8",
                            "create_vnic_details.0.skip_source_dest_check": "false",
                            "create_vnic_details.0.subnet_id": "ocid1.subnet.oc1.iad.aaaaaaaayxishzl2zfdlicitbvyoqwpd24ceadwzsgt3jlmjytycf5n245sq",
                            "defined_tags.%": "0",
                            "display_name": "saltminion02",
                            "freeform_tags.%": "0",
                            "hostname_label": "saltminion02",
                            "id": "ocid1.instance.oc1.iad.abuwcljtfj226i57wmm6g4nqscfbtfklbphycqxmkteave4dvfglg6xvkyaq",
                            "image": "ocid1.image.oc1.iad.aaaaaaaagqwnrno6c35vplndep6hu5gevyiqqag37muue3ich7g6tbs5aq4q",
                            "launch_mode": "NATIVE",
                            "launch_options.#": "1",
                            "launch_options.0.boot_volume_type": "ISCSI",
                            "launch_options.0.firmware": "UEFI_64",
                            "launch_options.0.network_type": "VFIO",
                            "launch_options.0.remote_data_volume_type": "PARAVIRTUALIZED",
                            "metadata.%": "2",
                            "metadata.ssh_authorized_keys": "ssh-rsa AAAAB3NzaC1yc2EAAAADAQABAAABAQC4tJPnV15IvVHywFglq7i5yFEhVUmXqS8Cb7nw+nNO/vHrl6rekw3+jTCi1kmjOYC5YWzfbdl3Brcxcu3hn7Az+TCLBzxVDLu3327iUkw08bDzQITnvHnQqPS94HQxNbsfPX8vACKXbK/4OvMw9VlMz7zsG9R6JcO8KvCO7L2zUxN/mZHMr6jPzUt4oAS2DWsTGqPqqRi/Vl4Plpus1CWFGjQk68Rsu1lR4eHwdDOJCWl8DDMKTkilRdHydEu1P9zpNYJDaoiwJ+sQs8uAZe+6QZpP/4asyagZ53a5woiT5+sxZ+7Cqv+IwUQOh4f6yO2JFJtPG4iUm6zBsVdjbMPl wildahunden@Daniels-MacBook-Pro-2.local",
                            "metadata.user_data": "I2Nsb3VkLWNvbmZpZwpvdXRwdXQ6IHthbGw6ICd8IHRlZSAtYSAvdmFyL2xvZy9jbG91ZC1pbml0LW91dHB1dC5sb2cnfQp5dW1fcmVwb3M6CiAgc2FsdHN0YWNrOgogICAgbmFtZTogICAgICBTYWx0U3RhY2sgcmVwbyBmb3IgUmVkIEhhdCBFbnRlcnByaXNlIExpbnV4ICRyZWxlYXNldmVyCiAgICBiYXNldXJsOiAgIGh0dHBzOi8vcmVwby5zYWx0c3RhY2suY29tL3l1bS9yZWRoYXQvJHJlbGVhc2V2ZXIvJGJhc2VhcmNoL2xhdGVzdAogICAgZW5hYmxlZDogICAxCiAgICBncGdjaGVjazogIHRydWUKICAgIGdwZ2tleTogICAgaHR0cHM6Ly9yZXBvLnNhbHRzdGFjay5jb20veXVtL3JlZGhhdC8kcmVsZWFzZXZlci8kYmFzZWFyY2gvbGF0ZXN0L1NBTFRTVEFDSy1HUEctS0VZLnB1YgpwYWNrYWdlczoKIC0gaHR0cGQKIC0gZmlnbGV0CiAtIGh0b3AKIC0gdmltCiAtIGdpdAogLSB0bXV4CiAtIHdnZXQKIC0gdW56aXAKIC0gc2FsdC1taW5pb24KcnVuY21kOgogLSBbIHNoLCAteGMsICJzeXN0ZW1jdGwgZW5hYmxlIHNhbHQtbWluaW9uLnNlcnZpY2UiIF0KIC0gWyBzaCwgLXhjLCAic3lzdGVtY3RsIHN0YXJ0IHNhbHQtbWluaW9uLnNlcnZpY2UiIF0KIC0gWyBzaCwgLXhjLCAic3lzdGVtY3RsIGRpc2FibGUgZmlyZXdhbGxkLnNlcnZpY2UiIF0KIC0gWyBzaCwgLXhjLCAic3lzdGVtY3RsIHN0b3AgZmlyZXdhbGxkLnNlcnZpY2UiIF0KIC0gWyBzaCwgLXhjLCAiZmlyZXdhbGwtb2ZmbGluZS1jbWQgLS1wZXJtYW5lbnQgLS1hZGQtcG9ydD04MC90Y3AiIF0KIC0gWyBzaCwgLXhjLCAiZmlyZXdhbGwtb2ZmbGluZS1jbWQgLS1wZXJtYW5lbnQgLS1hZGQtcG9ydD00NDMvdGNwIiBdCiAtIFsgc2gsIC14YywgInN5c3RlbWN0bCBlbmFibGUgaHR0cGQuc2VydmljZSIgXQogLSBbIHNoLCAteGMsICJzeXN0ZW1jdGwgc3RhcnQgaHR0cGQuc2VydmljZSIgXQogLSBbIHNoLCAteGMsICJlY2hvICc8aHRtbD48aGVhZD48L2hlYWQ+PGJvZHk+PHByZT48Y29kZT4nID4gL3Zhci93d3cvaHRtbC9pbmRleC5odG1sIiBdCiAtIFsgc2gsIC14YywgImhvc3RuYW1lID4+IC92YXIvd3d3L2h0bWwvaW5kZXguaHRtbCIgXQogLSBbIHNoLCAteGMsICJlY2hvICcnID4+IC92YXIvd3d3L2h0bWwvaW5kZXguaHRtbCIgXQogLSBbIHNoLCAteGMsICJjYXQgL2V0Yy9vcy1yZWxlYXNlID4+IC92YXIvd3d3L2h0bWwvaW5kZXguaHRtbCIgXQogLSBbIHNoLCAteGMsICJlY2hvICc8L2NvZGU+PC9wcmU+PC9ib2R5PjwvaHRtbD4nID4+IC92YXIvd3d3L2h0bWwvaW5kZXguaHRtbCIgXQo=",
                            "private_ip": "10.0.3.8",
                            "public_ip": "129.213.126.144",
                            "region": "iad",
                            "shape": "VM.Standard1.2",
                            "source_details.#": "1",
                            "source_details.0.boot_volume_size_in_gbs": "47",
                            "source_details.0.source_id": "ocid1.image.oc1.iad.aaaaaaaagqwnrno6c35vplndep6hu5gevyiqqag37muue3ich7g6tbs5aq4q",
                            "source_details.0.source_type": "image",
                            "state": "RUNNING",
                            "subnet_id": "ocid1.subnet.oc1.iad.aaaaaaaayxishzl2zfdlicitbvyoqwpd24ceadwzsgt3jlmjytycf5n245sq",
                            "time_created": "2018-08-06 19:52:01.535 +0000 UTC"
                        },
                        "meta": {
                            "e2bfb730-ecaa-11e6-8f88-34363bc7c4c0": {
                                "create": 7200000000000,
                                "delete": 7200000000000,
                                "update": 7200000000000
                            }
                        },
                        "tainted": false
                    },
                    "deposed": [],
                    "provider": "provider.oci"
                },
                "oci_core_instance.saltdemo-saltmaster": {
                    "type": "oci_core_instance",
                    "depends_on": [
                        "oci_core_subnet.saltdemo-subnet-lb1"
                    ],
                    "primary": {
                        "id": "ocid1.instance.oc1.iad.abuwcljri3vc7miyssz34hdczcfqv3j6gdmn27xqxvjiba7uwzm3fauc45cq",
                        "attributes": {
                            "availability_domain": "aNUQ:US-ASHBURN-AD-1",
                            "boot_volume_id": "ocid1.bootvolume.oc1.iad.abuwcljrmknsm55danoeb5nsrln4iceqgkl62ehirlvp2ih2lzbqqcxlkdaa",
                            "compartment_id": "ocid1.compartment.oc1..aaaaaaaam6uvbmgb5nzmoiurkyds6cax35xddpwafpcuru25fs6que4oln6q",
                            "create_vnic_details.#": "1",
                            "create_vnic_details.0.assign_public_ip": "true",
                            "create_vnic_details.0.defined_tags.%": "0",
                            "create_vnic_details.0.display_name": "primaryvnic",
                            "create_vnic_details.0.freeform_tags.%": "0",
                            "create_vnic_details.0.hostname_label": "saltmaster",
                            "create_vnic_details.0.private_ip": "10.0.2.21",
                            "create_vnic_details.0.skip_source_dest_check": "false",
                            "create_vnic_details.0.subnet_id": "ocid1.subnet.oc1.iad.aaaaaaaawwwnr3bnl2lqcifnbbckvcr7jjgs4cjfu2pf2jnbulkubyizdfaa",
                            "defined_tags.%": "0",
                            "display_name": "saltmaster",
                            "freeform_tags.%": "0",
                            "hostname_label": "saltmaster",
                            "id": "ocid1.instance.oc1.iad.abuwcljri3vc7miyssz34hdczcfqv3j6gdmn27xqxvjiba7uwzm3fauc45cq",
                            "image": "ocid1.image.oc1.iad.aaaaaaaagqwnrno6c35vplndep6hu5gevyiqqag37muue3ich7g6tbs5aq4q",
                            "launch_mode": "NATIVE",
                            "launch_options.#": "1",
                            "launch_options.0.boot_volume_type": "ISCSI",
                            "launch_options.0.firmware": "UEFI_64",
                            "launch_options.0.network_type": "VFIO",
                            "launch_options.0.remote_data_volume_type": "PARAVIRTUALIZED",
                            "metadata.%": "2",
                            "metadata.ssh_authorized_keys": "ssh-rsa AAAAB3NzaC1yc2EAAAADAQABAAABAQC4tJPnV15IvVHywFglq7i5yFEhVUmXqS8Cb7nw+nNO/vHrl6rekw3+jTCi1kmjOYC5YWzfbdl3Brcxcu3hn7Az+TCLBzxVDLu3327iUkw08bDzQITnvHnQqPS94HQxNbsfPX8vACKXbK/4OvMw9VlMz7zsG9R6JcO8KvCO7L2zUxN/mZHMr6jPzUt4oAS2DWsTGqPqqRi/Vl4Plpus1CWFGjQk68Rsu1lR4eHwdDOJCWl8DDMKTkilRdHydEu1P9zpNYJDaoiwJ+sQs8uAZe+6QZpP/4asyagZ53a5woiT5+sxZ+7Cqv+IwUQOh4f6yO2JFJtPG4iUm6zBsVdjbMPl wildahunden@Daniels-MacBook-Pro-2.local",
                            "metadata.user_data": "I2Nsb3VkLWNvbmZpZwpvdXRwdXQ6IHthbGw6ICd8IHRlZSAtYSAvdmFyL2xvZy9jbG91ZC1pbml0LW91dHB1dC5sb2cnfQp5dW1fcmVwb3M6CiAgc2FsdHN0YWNrOgogICAgbmFtZTogICAgICBTYWx0U3RhY2sgcmVwbyBmb3IgUmVkIEhhdCBFbnRlcnByaXNlIExpbnV4ICRyZWxlYXNldmVyCiAgICBiYXNldXJsOiAgIGh0dHBzOi8vcmVwby5zYWx0c3RhY2suY29tL3l1bS9yZWRoYXQvJHJlbGVhc2V2ZXIvJGJhc2VhcmNoL2xhdGVzdAogICAgZW5hYmxlZDogICAxCiAgICBncGdjaGVjazogIHRydWUKICAgIGdwZ2tleTogICAgaHR0cHM6Ly9yZXBvLnNhbHRzdGFjay5jb20veXVtL3JlZGhhdC8kcmVsZWFzZXZlci8kYmFzZWFyY2gvbGF0ZXN0L1NBTFRTVEFDSy1HUEctS0VZLnB1YgpwYWNrYWdlczoKIC0gaHR0cGQKIC0gZmlnbGV0CiAtIGh0b3AKIC0gdmltCiAtIGdpdAogLSB0bXV4CiAtIHdnZXQKIC0gdW56aXAKIC0gc2FsdC1tYXN0ZXIKcnVuY21kOgogLSBbIHNoLCAteGMsICJzeXN0ZW1jdGwgZW5hYmxlIHNhbHQtbWFzdGVyLnNlcnZpY2UiIF0KIC0gWyBzaCwgLXhjLCAic3lzdGVtY3RsIHN0YXJ0IHNhbHQtbWFzdGVyLnNlcnZpY2UiIF0KIC0gWyBzaCwgLXhjLCAic3lzdGVtY3RsIGRpc2FibGUgZmlyZXdhbGxkLnNlcnZpY2UiIF0KIC0gWyBzaCwgLXhjLCAic3lzdGVtY3RsIHN0b3AgZmlyZXdhbGxkLnNlcnZpY2UiIF0KIC0gWyBzaCwgLXhjLCAiZmlyZXdhbGwtb2ZmbGluZS1jbWQgLS1wZXJtYW5lbnQgLS1hZGQtcG9ydD04MC90Y3AiIF0KIC0gWyBzaCwgLXhjLCAiZmlyZXdhbGwtb2ZmbGluZS1jbWQgLS1wZXJtYW5lbnQgLS1hZGQtcG9ydD00NDMvdGNwIiBdCiAtIFsgc2gsIC14YywgInN5c3RlbWN0bCBlbmFibGUgaHR0cGQuc2VydmljZSIgXQogLSBbIHNoLCAteGMsICJzeXN0ZW1jdGwgc3RhcnQgaHR0cGQuc2VydmljZSIgXQogLSBbIHNoLCAteGMsICJlY2hvICc8aHRtbD48aGVhZD48L2hlYWQ+PGJvZHk+PHByZT48Y29kZT4nID4gL3Zhci93d3cvaHRtbC9pbmRleC5odG1sIiBdCiAtIFsgc2gsIC14YywgImhvc3RuYW1lID4+IC92YXIvd3d3L2h0bWwvaW5kZXguaHRtbCIgXQogLSBbIHNoLCAteGMsICJlY2hvICcnID4+IC92YXIvd3d3L2h0bWwvaW5kZXguaHRtbCIgXQogLSBbIHNoLCAteGMsICJjYXQgL2V0Yy9vcy1yZWxlYXNlID4+IC92YXIvd3d3L2h0bWwvaW5kZXguaHRtbCIgXQogLSBbIHNoLCAteGMsICJlY2hvICc8L2NvZGU+PC9wcmU+PC9ib2R5PjwvaHRtbD4nID4+IC92YXIvd3d3L2h0bWwvaW5kZXguaHRtbCIgXQogLSBbIHNoLCAteGMsICJnaXQgY2xvbmUgaHR0cHM6Ly9naXRodWIuY29tL3dpbGRhaHVuZGVuL3NhbHRkZW1vLmdpdCAvb3B0L3NhbHRkZW1vIiBdCg==",
                            "private_ip": "10.0.2.21",
                            "public_ip": "129.213.16.201",
                            "region": "iad",
                            "shape": "VM.Standard1.2",
                            "source_details.#": "1",
                            "source_details.0.boot_volume_size_in_gbs": "47",
                            "source_details.0.source_id": "ocid1.image.oc1.iad.aaaaaaaagqwnrno6c35vplndep6hu5gevyiqqag37muue3ich7g6tbs5aq4q",
                            "source_details.0.source_type": "image",
                            "state": "RUNNING",
                            "subnet_id": "ocid1.subnet.oc1.iad.aaaaaaaawwwnr3bnl2lqcifnbbckvcr7jjgs4cjfu2pf2jnbulkubyizdfaa",
                            "time_created": "2018-08-06 19:51:52.028 +0000 UTC"
                        },
                        "meta": {
                            "e2bfb730-ecaa-11e6-8f88-34363bc7c4c0": {
                                "create": 7200000000000,
                                "delete": 7200000000000,
                                "update": 7200000000000
                            }
                        },
                        "tainted": false
                    },
                    "deposed": [],
                    "provider": "provider.oci"
                },
                "oci_core_instance.saltdemo-ws1": {
                    "type": "oci_core_instance",
                    "depends_on": [
                        "oci_core_subnet.saltdemo-subnet-ws1"
                    ],
                    "primary": {
                        "id": "ocid1.instance.oc1.iad.abuwcljrbdoybcxqh7osocz5jw5u747pe7f7bekshaoinv7l2o7tsgxmavyq",
                        "attributes": {
                            "availability_domain": "aNUQ:US-ASHBURN-AD-1",
                            "boot_volume_id": "ocid1.bootvolume.oc1.iad.abuwcljrdc7tz6beuutgikg33g5i44sx6hfngug5mosu34jnbaaqjzk6gt3a",
                            "compartment_id": "ocid1.compartment.oc1..aaaaaaaam6uvbmgb5nzmoiurkyds6cax35xddpwafpcuru25fs6que4oln6q",
                            "create_vnic_details.#": "1",
                            "create_vnic_details.0.assign_public_ip": "true",
                            "create_vnic_details.0.defined_tags.%": "0",
                            "create_vnic_details.0.display_name": "primaryvnic",
                            "create_vnic_details.0.freeform_tags.%": "0",
                            "create_vnic_details.0.hostname_label": "webserver1",
                            "create_vnic_details.0.private_ip": "10.0.0.6",
                            "create_vnic_details.0.skip_source_dest_check": "false",
                            "create_vnic_details.0.subnet_id": "ocid1.subnet.oc1.iad.aaaaaaaawim5intkamenggyd63h2bdmp7obeq4bclb32lfxh6hpp2clnigza",
                            "defined_tags.%": "0",
                            "display_name": "webserver1",
                            "freeform_tags.%": "0",
                            "hostname_label": "webserver1",
                            "id": "ocid1.instance.oc1.iad.abuwcljrbdoybcxqh7osocz5jw5u747pe7f7bekshaoinv7l2o7tsgxmavyq",
                            "image": "ocid1.image.oc1.iad.aaaaaaaagqwnrno6c35vplndep6hu5gevyiqqag37muue3ich7g6tbs5aq4q",
                            "launch_mode": "NATIVE",
                            "launch_options.#": "1",
                            "launch_options.0.boot_volume_type": "ISCSI",
                            "launch_options.0.firmware": "UEFI_64",
                            "launch_options.0.network_type": "VFIO",
                            "launch_options.0.remote_data_volume_type": "PARAVIRTUALIZED",
                            "metadata.%": "2",
                            "metadata.ssh_authorized_keys": "ssh-rsa AAAAB3NzaC1yc2EAAAADAQABAAABAQC4tJPnV15IvVHywFglq7i5yFEhVUmXqS8Cb7nw+nNO/vHrl6rekw3+jTCi1kmjOYC5YWzfbdl3Brcxcu3hn7Az+TCLBzxVDLu3327iUkw08bDzQITnvHnQqPS94HQxNbsfPX8vACKXbK/4OvMw9VlMz7zsG9R6JcO8KvCO7L2zUxN/mZHMr6jPzUt4oAS2DWsTGqPqqRi/Vl4Plpus1CWFGjQk68Rsu1lR4eHwdDOJCWl8DDMKTkilRdHydEu1P9zpNYJDaoiwJ+sQs8uAZe+6QZpP/4asyagZ53a5woiT5+sxZ+7Cqv+IwUQOh4f6yO2JFJtPG4iUm6zBsVdjbMPl wildahunden@Daniels-MacBook-Pro-2.local",
                            "metadata.user_data": "I2Nsb3VkLWNvbmZpZwpvdXRwdXQ6IHthbGw6ICd8IHRlZSAtYSAvdmFyL2xvZy9jbG91ZC1pbml0LW91dHB1dC5sb2cnfQpwYWNrYWdlczoKIC0gaHR0cGQKIC0gZmlnbGV0CiAtIGh0b3AKIC0gdmltCiAtIGdpdAogLSB0bXV4CiAtIHdnZXQKIC0gdW56aXAKcnVuY21kOgogLSBbIHNoLCAteGMsICJzeXN0ZW1jdGwgZGlzYWJsZSBmaXJld2FsbGQuc2VydmljZSIgXQogLSBbIHNoLCAteGMsICJzeXN0ZW1jdGwgc3RvcCBmaXJld2FsbGQuc2VydmljZSIgXQogLSBbIHNoLCAteGMsICJmaXJld2FsbC1vZmZsaW5lLWNtZCAtLXBlcm1hbmVudCAtLWFkZC1wb3J0PTgwL3RjcCIgXQogLSBbIHNoLCAteGMsICJmaXJld2FsbC1vZmZsaW5lLWNtZCAtLXBlcm1hbmVudCAtLWFkZC1wb3J0PTQ0My90Y3AiIF0KIC0gWyBzaCwgLXhjLCAic3lzdGVtY3RsIGVuYWJsZSBodHRwZC5zZXJ2aWNlIiBdCiAtIFsgc2gsIC14YywgInN5c3RlbWN0bCBzdGFydCBodHRwZC5zZXJ2aWNlIiBdCiAtIFsgc2gsIC14YywgImVjaG8gJzxodG1sPjxoZWFkPjwvaGVhZD48Ym9keT48cHJlPjxjb2RlPicgPiAvdmFyL3d3dy9odG1sL2luZGV4Lmh0bWwiIF0KIC0gWyBzaCwgLXhjLCAiaG9zdG5hbWUgPj4gL3Zhci93d3cvaHRtbC9pbmRleC5odG1sIiBdCiAtIFsgc2gsIC14YywgImVjaG8gJycgPj4gL3Zhci93d3cvaHRtbC9pbmRleC5odG1sIiBdCiAtIFsgc2gsIC14YywgImNhdCAvZXRjL29zLXJlbGVhc2UgPj4gL3Zhci93d3cvaHRtbC9pbmRleC5odG1sIiBdCiAtIFsgc2gsIC14YywgImVjaG8gJzwvY29kZT48L3ByZT48L2JvZHk+PC9odG1sPicgPj4gL3Zhci93d3cvaHRtbC9pbmRleC5odG1sIiBdCg==",
                            "private_ip": "10.0.0.6",
                            "public_ip": "129.213.90.70",
                            "region": "iad",
                            "shape": "VM.Standard1.2",
                            "source_details.#": "1",
                            "source_details.0.boot_volume_size_in_gbs": "47",
                            "source_details.0.source_id": "ocid1.image.oc1.iad.aaaaaaaagqwnrno6c35vplndep6hu5gevyiqqag37muue3ich7g6tbs5aq4q",
                            "source_details.0.source_type": "image",
                            "state": "RUNNING",
                            "subnet_id": "ocid1.subnet.oc1.iad.aaaaaaaawim5intkamenggyd63h2bdmp7obeq4bclb32lfxh6hpp2clnigza",
                            "time_created": "2018-08-06 18:37:46.245 +0000 UTC"
                        },
                        "meta": {
                            "e2bfb730-ecaa-11e6-8f88-34363bc7c4c0": {
                                "create": 7200000000000,
                                "delete": 7200000000000,
                                "update": 7200000000000
                            }
                        },
                        "tainted": false
                    },
                    "deposed": [],
                    "provider": "provider.oci"
                },
                "oci_core_instance.saltdemo-ws2": {
                    "type": "oci_core_instance",
                    "depends_on": [
                        "oci_core_subnet.saltdemo-subnet-ws2"
                    ],
                    "primary": {
                        "id": "ocid1.instance.oc1.iad.abuwcljtxsmisi6hyqvxkwt3vh35ez6zwgl5er6kyrxt7gghilcvqmbbwyja",
                        "attributes": {
                            "availability_domain": "aNUQ:US-ASHBURN-AD-2",
                            "boot_volume_id": "ocid1.bootvolume.oc1.iad.abuwcljt3y4sfx4ydgenal37uovo3qdqgx7xz2cmgzjroquiofjpmcp7pt5a",
                            "compartment_id": "ocid1.compartment.oc1..aaaaaaaam6uvbmgb5nzmoiurkyds6cax35xddpwafpcuru25fs6que4oln6q",
                            "create_vnic_details.#": "1",
                            "create_vnic_details.0.assign_public_ip": "true",
                            "create_vnic_details.0.defined_tags.%": "0",
                            "create_vnic_details.0.display_name": "primaryvnic",
                            "create_vnic_details.0.freeform_tags.%": "0",
                            "create_vnic_details.0.hostname_label": "webserver2",
                            "create_vnic_details.0.private_ip": "10.0.1.6",
                            "create_vnic_details.0.skip_source_dest_check": "false",
                            "create_vnic_details.0.subnet_id": "ocid1.subnet.oc1.iad.aaaaaaaa4z75riroyaoyg3wom7vgerewa7rbr7vk25zhii5tsmnn7mgcgesq",
                            "defined_tags.%": "0",
                            "display_name": "webserver1",
                            "freeform_tags.%": "0",
                            "hostname_label": "webserver2",
                            "id": "ocid1.instance.oc1.iad.abuwcljtxsmisi6hyqvxkwt3vh35ez6zwgl5er6kyrxt7gghilcvqmbbwyja",
                            "image": "ocid1.image.oc1.iad.aaaaaaaagqwnrno6c35vplndep6hu5gevyiqqag37muue3ich7g6tbs5aq4q",
                            "launch_mode": "NATIVE",
                            "launch_options.#": "1",
                            "launch_options.0.boot_volume_type": "ISCSI",
                            "launch_options.0.firmware": "UEFI_64",
                            "launch_options.0.network_type": "VFIO",
                            "launch_options.0.remote_data_volume_type": "PARAVIRTUALIZED",
                            "metadata.%": "2",
                            "metadata.ssh_authorized_keys": "ssh-rsa AAAAB3NzaC1yc2EAAAADAQABAAABAQC4tJPnV15IvVHywFglq7i5yFEhVUmXqS8Cb7nw+nNO/vHrl6rekw3+jTCi1kmjOYC5YWzfbdl3Brcxcu3hn7Az+TCLBzxVDLu3327iUkw08bDzQITnvHnQqPS94HQxNbsfPX8vACKXbK/4OvMw9VlMz7zsG9R6JcO8KvCO7L2zUxN/mZHMr6jPzUt4oAS2DWsTGqPqqRi/Vl4Plpus1CWFGjQk68Rsu1lR4eHwdDOJCWl8DDMKTkilRdHydEu1P9zpNYJDaoiwJ+sQs8uAZe+6QZpP/4asyagZ53a5woiT5+sxZ+7Cqv+IwUQOh4f6yO2JFJtPG4iUm6zBsVdjbMPl wildahunden@Daniels-MacBook-Pro-2.local",
                            "metadata.user_data": "I2Nsb3VkLWNvbmZpZwpvdXRwdXQ6IHthbGw6ICd8IHRlZSAtYSAvdmFyL2xvZy9jbG91ZC1pbml0LW91dHB1dC5sb2cnfQpwYWNrYWdlczoKIC0gaHR0cGQKIC0gZmlnbGV0CiAtIGh0b3AKIC0gdmltCiAtIGdpdAogLSB0bXV4CiAtIHdnZXQKIC0gdW56aXAKcnVuY21kOgogLSBbIHNoLCAteGMsICJzeXN0ZW1jdGwgZGlzYWJsZSBmaXJld2FsbGQuc2VydmljZSIgXQogLSBbIHNoLCAteGMsICJzeXN0ZW1jdGwgc3RvcCBmaXJld2FsbGQuc2VydmljZSIgXQogLSBbIHNoLCAteGMsICJmaXJld2FsbC1vZmZsaW5lLWNtZCAtLXBlcm1hbmVudCAtLWFkZC1wb3J0PTgwL3RjcCIgXQogLSBbIHNoLCAteGMsICJmaXJld2FsbC1vZmZsaW5lLWNtZCAtLXBlcm1hbmVudCAtLWFkZC1wb3J0PTQ0My90Y3AiIF0KIC0gWyBzaCwgLXhjLCAic3lzdGVtY3RsIGVuYWJsZSBodHRwZC5zZXJ2aWNlIiBdCiAtIFsgc2gsIC14YywgInN5c3RlbWN0bCBzdGFydCBodHRwZC5zZXJ2aWNlIiBdCiAtIFsgc2gsIC14YywgImVjaG8gJzxodG1sPjxoZWFkPjwvaGVhZD48Ym9keT48cHJlPjxjb2RlPicgPiAvdmFyL3d3dy9odG1sL2luZGV4Lmh0bWwiIF0KIC0gWyBzaCwgLXhjLCAiaG9zdG5hbWUgPj4gL3Zhci93d3cvaHRtbC9pbmRleC5odG1sIiBdCiAtIFsgc2gsIC14YywgImVjaG8gJycgPj4gL3Zhci93d3cvaHRtbC9pbmRleC5odG1sIiBdCiAtIFsgc2gsIC14YywgImNhdCAvZXRjL29zLXJlbGVhc2UgPj4gL3Zhci93d3cvaHRtbC9pbmRleC5odG1sIiBdCiAtIFsgc2gsIC14YywgImVjaG8gJzwvY29kZT48L3ByZT48L2JvZHk+PC9odG1sPicgPj4gL3Zhci93d3cvaHRtbC9pbmRleC5odG1sIiBdCg==",
                            "private_ip": "10.0.1.6",
                            "public_ip": "129.213.58.244",
                            "region": "iad",
                            "shape": "VM.Standard1.2",
                            "source_details.#": "1",
                            "source_details.0.boot_volume_size_in_gbs": "47",
                            "source_details.0.source_id": "ocid1.image.oc1.iad.aaaaaaaagqwnrno6c35vplndep6hu5gevyiqqag37muue3ich7g6tbs5aq4q",
                            "source_details.0.source_type": "image",
                            "state": "RUNNING",
                            "subnet_id": "ocid1.subnet.oc1.iad.aaaaaaaa4z75riroyaoyg3wom7vgerewa7rbr7vk25zhii5tsmnn7mgcgesq",
                            "time_created": "2018-08-06 18:37:27.238 +0000 UTC"
                        },
                        "meta": {
                            "e2bfb730-ecaa-11e6-8f88-34363bc7c4c0": {
                                "create": 7200000000000,
                                "delete": 7200000000000,
                                "update": 7200000000000
                            }
                        },
                        "tainted": false
                    },
                    "deposed": [],
                    "provider": "provider.oci"
                },
                "oci_core_internet_gateway.saltdemo-IGW": {
                    "type": "oci_core_internet_gateway",
                    "depends_on": [
                        "oci_core_virtual_network.saltdemo-VCN"
                    ],
                    "primary": {
                        "id": "ocid1.internetgateway.oc1.iad.aaaaaaaazpkg3z54pguiqggjjpkvix3m5x4gptzavgmqzvn5lntctza5w5wa",
                        "attributes": {
                            "compartment_id": "ocid1.compartment.oc1..aaaaaaaam6uvbmgb5nzmoiurkyds6cax35xddpwafpcuru25fs6que4oln6q",
                            "defined_tags.%": "0",
                            "display_name": "saltdemo-IGW",
                            "enabled": "true",
                            "freeform_tags.%": "0",
                            "id": "ocid1.internetgateway.oc1.iad.aaaaaaaazpkg3z54pguiqggjjpkvix3m5x4gptzavgmqzvn5lntctza5w5wa",
                            "state": "AVAILABLE",
                            "time_created": "2018-08-06 17:15:49.642 +0000 UTC",
                            "vcn_id": "ocid1.vcn.oc1.iad.aaaaaaaabykb7khqkrunluzsw7slsyipbmxx6h42755qi7cutgpbpx3ipzjq"
                        },
                        "meta": {
                            "e2bfb730-ecaa-11e6-8f88-34363bc7c4c0": {
                                "create": 900000000000,
                                "delete": 900000000000,
                                "update": 900000000000
                            }
                        },
                        "tainted": false
                    },
                    "deposed": [],
                    "provider": "provider.oci"
                },
                "oci_core_route_table.saltdemo-lb-RT": {
                    "type": "oci_core_route_table",
                    "depends_on": [
                        "oci_core_internet_gateway.saltdemo-IGW",
                        "oci_core_virtual_network.saltdemo-VCN"
                    ],
                    "primary": {
                        "id": "ocid1.routetable.oc1.iad.aaaaaaaapbjrxkjglmjevsdjqjbzkfnb3x3rrdggvpwsqcv4kkjhtkhysdla",
                        "attributes": {
                            "compartment_id": "ocid1.compartment.oc1..aaaaaaaam6uvbmgb5nzmoiurkyds6cax35xddpwafpcuru25fs6que4oln6q",
                            "defined_tags.%": "0",
                            "display_name": "saltdemo-lb-RT",
                            "freeform_tags.%": "0",
                            "id": "ocid1.routetable.oc1.iad.aaaaaaaapbjrxkjglmjevsdjqjbzkfnb3x3rrdggvpwsqcv4kkjhtkhysdla",
                            "route_rules.#": "1",
                            "route_rules.940101737.cidr_block": "0.0.0.0/0",
                            "route_rules.940101737.destination": "0.0.0.0/0",
                            "route_rules.940101737.destination_type": "CIDR_BLOCK",
                            "route_rules.940101737.network_entity_id": "ocid1.internetgateway.oc1.iad.aaaaaaaazpkg3z54pguiqggjjpkvix3m5x4gptzavgmqzvn5lntctza5w5wa",
                            "state": "AVAILABLE",
                            "time_created": "2018-08-06 17:15:50.101 +0000 UTC",
                            "vcn_id": "ocid1.vcn.oc1.iad.aaaaaaaabykb7khqkrunluzsw7slsyipbmxx6h42755qi7cutgpbpx3ipzjq"
                        },
                        "meta": {
                            "e2bfb730-ecaa-11e6-8f88-34363bc7c4c0": {
                                "create": 900000000000,
                                "delete": 900000000000,
                                "update": 900000000000
                            }
                        },
                        "tainted": false
                    },
                    "deposed": [],
                    "provider": "provider.oci"
                },
                "oci_core_route_table.saltdemo-ws-RT": {
                    "type": "oci_core_route_table",
                    "depends_on": [
                        "oci_core_internet_gateway.saltdemo-IGW",
                        "oci_core_virtual_network.saltdemo-VCN"
                    ],
                    "primary": {
                        "id": "ocid1.routetable.oc1.iad.aaaaaaaa37jo35nuboaemhzvfyydbq4adi4efrfxh3krxb6f23ra3pvkaumq",
                        "attributes": {
                            "compartment_id": "ocid1.compartment.oc1..aaaaaaaam6uvbmgb5nzmoiurkyds6cax35xddpwafpcuru25fs6que4oln6q",
                            "defined_tags.%": "0",
                            "display_name": "saltdemo-lb-RT",
                            "freeform_tags.%": "0",
                            "id": "ocid1.routetable.oc1.iad.aaaaaaaa37jo35nuboaemhzvfyydbq4adi4efrfxh3krxb6f23ra3pvkaumq",
                            "route_rules.#": "1",
                            "route_rules.940101737.cidr_block": "0.0.0.0/0",
                            "route_rules.940101737.destination": "0.0.0.0/0",
                            "route_rules.940101737.destination_type": "CIDR_BLOCK",
                            "route_rules.940101737.network_entity_id": "ocid1.internetgateway.oc1.iad.aaaaaaaazpkg3z54pguiqggjjpkvix3m5x4gptzavgmqzvn5lntctza5w5wa",
                            "state": "AVAILABLE",
                            "time_created": "2018-08-06 17:15:50.105 +0000 UTC",
                            "vcn_id": "ocid1.vcn.oc1.iad.aaaaaaaabykb7khqkrunluzsw7slsyipbmxx6h42755qi7cutgpbpx3ipzjq"
                        },
                        "meta": {
                            "e2bfb730-ecaa-11e6-8f88-34363bc7c4c0": {
                                "create": 900000000000,
                                "delete": 900000000000,
                                "update": 900000000000
                            }
                        },
                        "tainted": false
                    },
                    "deposed": [],
                    "provider": "provider.oci"
                },
                "oci_core_security_list.saltdemo-lb-LIST": {
                    "type": "oci_core_security_list",
                    "depends_on": [
                        "oci_core_virtual_network.saltdemo-VCN"
                    ],
                    "primary": {
                        "id": "ocid1.securitylist.oc1.iad.aaaaaaaaqpuwhlceh3hw5ag2evcqrbh2uq52cmanucifkfnuw6fro5vqw3ma",
                        "attributes": {
                            "compartment_id": "ocid1.compartment.oc1..aaaaaaaam6uvbmgb5nzmoiurkyds6cax35xddpwafpcuru25fs6que4oln6q",
                            "defined_tags.%": "0",
                            "display_name": "saltdemo-lb-LIST",
                            "egress_security_rules.#": "3",
                            "egress_security_rules.1526331121.destination": "10.0.1.0/24",
                            "egress_security_rules.1526331121.destination_type": "CIDR_BLOCK",
                            "egress_security_rules.1526331121.icmp_options.#": "0",
                            "egress_security_rules.1526331121.protocol": "6",
                            "egress_security_rules.1526331121.stateless": "false",
                            "egress_security_rules.1526331121.tcp_options.#": "1",
                            "egress_security_rules.1526331121.tcp_options.0.max": "80",
                            "egress_security_rules.1526331121.tcp_options.0.min": "80",
                            "egress_security_rules.1526331121.tcp_options.0.source_port_range.#": "0",
                            "egress_security_rules.1526331121.udp_options.#": "0",
                            "egress_security_rules.473672169.destination": "0.0.0.0/0",
                            "egress_security_rules.473672169.destination_type": "CIDR_BLOCK",
                            "egress_security_rules.473672169.icmp_options.#": "0",
                            "egress_security_rules.473672169.protocol": "6",
                            "egress_security_rules.473672169.stateless": "false",
                            "egress_security_rules.473672169.tcp_options.#": "0",
                            "egress_security_rules.473672169.udp_options.#": "0",
                            "egress_security_rules.71273953.destination": "10.0.0.0/24",
                            "egress_security_rules.71273953.destination_type": "CIDR_BLOCK",
                            "egress_security_rules.71273953.icmp_options.#": "0",
                            "egress_security_rules.71273953.protocol": "6",
                            "egress_security_rules.71273953.stateless": "false",
                            "egress_security_rules.71273953.tcp_options.#": "1",
                            "egress_security_rules.71273953.tcp_options.0.max": "80",
                            "egress_security_rules.71273953.tcp_options.0.min": "80",
                            "egress_security_rules.71273953.tcp_options.0.source_port_range.#": "0",
                            "egress_security_rules.71273953.udp_options.#": "0",
                            "freeform_tags.%": "0",
                            "id": "ocid1.securitylist.oc1.iad.aaaaaaaaqpuwhlceh3hw5ag2evcqrbh2uq52cmanucifkfnuw6fro5vqw3ma",
                            "ingress_security_rules.#": "4",
                            "ingress_security_rules.1166929008.icmp_options.#": "1",
                            "ingress_security_rules.1166929008.icmp_options.0.code": "-1",
                            "ingress_security_rules.1166929008.icmp_options.0.type": "3",
                            "ingress_security_rules.1166929008.protocol": "1",
                            "ingress_security_rules.1166929008.source": "10.0.0.0/16",
                            "ingress_security_rules.1166929008.source_type": "CIDR_BLOCK",
                            "ingress_security_rules.1166929008.stateless": "false",
                            "ingress_security_rules.1166929008.tcp_options.#": "0",
                            "ingress_security_rules.1166929008.udp_options.#": "0",
                            "ingress_security_rules.1277982996.icmp_options.#": "1",
                            "ingress_security_rules.1277982996.icmp_options.0.code": "4",
                            "ingress_security_rules.1277982996.icmp_options.0.type": "3",
                            "ingress_security_rules.1277982996.protocol": "1",
                            "ingress_security_rules.1277982996.source": "0.0.0.0/0",
                            "ingress_security_rules.1277982996.source_type": "CIDR_BLOCK",
                            "ingress_security_rules.1277982996.stateless": "false",
                            "ingress_security_rules.1277982996.tcp_options.#": "0",
                            "ingress_security_rules.1277982996.udp_options.#": "0",
                            "ingress_security_rules.433419288.icmp_options.#": "0",
                            "ingress_security_rules.433419288.protocol": "6",
                            "ingress_security_rules.433419288.source": "0.0.0.0/0",
                            "ingress_security_rules.433419288.source_type": "CIDR_BLOCK",
                            "ingress_security_rules.433419288.stateless": "false",
                            "ingress_security_rules.433419288.tcp_options.#": "1",
                            "ingress_security_rules.433419288.tcp_options.0.max": "80",
                            "ingress_security_rules.433419288.tcp_options.0.min": "80",
                            "ingress_security_rules.433419288.tcp_options.0.source_port_range.#": "0",
                            "ingress_security_rules.433419288.udp_options.#": "0",
                            "ingress_security_rules.47193274.icmp_options.#": "0",
                            "ingress_security_rules.47193274.protocol": "6",
                            "ingress_security_rules.47193274.source": "0.0.0.0/0",
                            "ingress_security_rules.47193274.source_type": "CIDR_BLOCK",
                            "ingress_security_rules.47193274.stateless": "false",
                            "ingress_security_rules.47193274.tcp_options.#": "1",
                            "ingress_security_rules.47193274.tcp_options.0.max": "22",
                            "ingress_security_rules.47193274.tcp_options.0.min": "22",
                            "ingress_security_rules.47193274.tcp_options.0.source_port_range.#": "0",
                            "ingress_security_rules.47193274.udp_options.#": "0",
                            "state": "AVAILABLE",
                            "time_created": "2018-08-06 17:15:49.79 +0000 UTC",
                            "vcn_id": "ocid1.vcn.oc1.iad.aaaaaaaabykb7khqkrunluzsw7slsyipbmxx6h42755qi7cutgpbpx3ipzjq"
                        },
                        "meta": {
                            "e2bfb730-ecaa-11e6-8f88-34363bc7c4c0": {
                                "create": 900000000000,
                                "delete": 900000000000,
                                "update": 900000000000
                            }
                        },
                        "tainted": false
                    },
                    "deposed": [],
                    "provider": "provider.oci"
                },
                "oci_core_security_list.saltdemo-ws-LIST": {
                    "type": "oci_core_security_list",
                    "depends_on": [
                        "oci_core_virtual_network.saltdemo-VCN"
                    ],
                    "primary": {
                        "id": "ocid1.securitylist.oc1.iad.aaaaaaaaqk5smldfdee4ob5j6pkaxe6zaifjknhvkcm7yjtpnmpvpup2jaia",
                        "attributes": {
                            "compartment_id": "ocid1.compartment.oc1..aaaaaaaam6uvbmgb5nzmoiurkyds6cax35xddpwafpcuru25fs6que4oln6q",
                            "defined_tags.%": "0",
                            "display_name": "saltdemo-ws-LIST",
                            "egress_security_rules.#": "1",
                            "egress_security_rules.473672169.destination": "0.0.0.0/0",
                            "egress_security_rules.473672169.destination_type": "CIDR_BLOCK",
                            "egress_security_rules.473672169.icmp_options.#": "0",
                            "egress_security_rules.473672169.protocol": "6",
                            "egress_security_rules.473672169.stateless": "false",
                            "egress_security_rules.473672169.tcp_options.#": "0",
                            "egress_security_rules.473672169.udp_options.#": "0",
                            "freeform_tags.%": "0",
                            "id": "ocid1.securitylist.oc1.iad.aaaaaaaaqk5smldfdee4ob5j6pkaxe6zaifjknhvkcm7yjtpnmpvpup2jaia",
                            "ingress_security_rules.#": "5",
                            "ingress_security_rules.1006896788.icmp_options.#": "0",
                            "ingress_security_rules.1006896788.protocol": "6",
                            "ingress_security_rules.1006896788.source": "10.0.3.0/24",
                            "ingress_security_rules.1006896788.source_type": "CIDR_BLOCK",
                            "ingress_security_rules.1006896788.stateless": "false",
                            "ingress_security_rules.1006896788.tcp_options.#": "1",
                            "ingress_security_rules.1006896788.tcp_options.0.max": "80",
                            "ingress_security_rules.1006896788.tcp_options.0.min": "80",
                            "ingress_security_rules.1006896788.tcp_options.0.source_port_range.#": "0",
                            "ingress_security_rules.1006896788.udp_options.#": "0",
                            "ingress_security_rules.1166929008.icmp_options.#": "1",
                            "ingress_security_rules.1166929008.icmp_options.0.code": "-1",
                            "ingress_security_rules.1166929008.icmp_options.0.type": "3",
                            "ingress_security_rules.1166929008.protocol": "1",
                            "ingress_security_rules.1166929008.source": "10.0.0.0/16",
                            "ingress_security_rules.1166929008.source_type": "CIDR_BLOCK",
                            "ingress_security_rules.1166929008.stateless": "false",
                            "ingress_security_rules.1166929008.tcp_options.#": "0",
                            "ingress_security_rules.1166929008.udp_options.#": "0",
                            "ingress_security_rules.1277982996.icmp_options.#": "1",
                            "ingress_security_rules.1277982996.icmp_options.0.code": "4",
                            "ingress_security_rules.1277982996.icmp_options.0.type": "3",
                            "ingress_security_rules.1277982996.protocol": "1",
                            "ingress_security_rules.1277982996.source": "0.0.0.0/0",
                            "ingress_security_rules.1277982996.source_type": "CIDR_BLOCK",
                            "ingress_security_rules.1277982996.stateless": "false",
                            "ingress_security_rules.1277982996.tcp_options.#": "0",
                            "ingress_security_rules.1277982996.udp_options.#": "0",
                            "ingress_security_rules.1656913282.icmp_options.#": "0",
                            "ingress_security_rules.1656913282.protocol": "6",
                            "ingress_security_rules.1656913282.source": "10.0.2.0/24",
                            "ingress_security_rules.1656913282.source_type": "CIDR_BLOCK",
                            "ingress_security_rules.1656913282.stateless": "false",
                            "ingress_security_rules.1656913282.tcp_options.#": "1",
                            "ingress_security_rules.1656913282.tcp_options.0.max": "80",
                            "ingress_security_rules.1656913282.tcp_options.0.min": "80",
                            "ingress_security_rules.1656913282.tcp_options.0.source_port_range.#": "0",
                            "ingress_security_rules.1656913282.udp_options.#": "0",
                            "ingress_security_rules.47193274.icmp_options.#": "0",
                            "ingress_security_rules.47193274.protocol": "6",
                            "ingress_security_rules.47193274.source": "0.0.0.0/0",
                            "ingress_security_rules.47193274.source_type": "CIDR_BLOCK",
                            "ingress_security_rules.47193274.stateless": "false",
                            "ingress_security_rules.47193274.tcp_options.#": "1",
                            "ingress_security_rules.47193274.tcp_options.0.max": "22",
                            "ingress_security_rules.47193274.tcp_options.0.min": "22",
                            "ingress_security_rules.47193274.tcp_options.0.source_port_range.#": "0",
                            "ingress_security_rules.47193274.udp_options.#": "0",
                            "state": "AVAILABLE",
                            "time_created": "2018-08-06 17:15:49.878 +0000 UTC",
                            "vcn_id": "ocid1.vcn.oc1.iad.aaaaaaaabykb7khqkrunluzsw7slsyipbmxx6h42755qi7cutgpbpx3ipzjq"
                        },
                        "meta": {
                            "e2bfb730-ecaa-11e6-8f88-34363bc7c4c0": {
                                "create": 900000000000,
                                "delete": 900000000000,
                                "update": 900000000000
                            }
                        },
                        "tainted": false
                    },
                    "deposed": [],
                    "provider": "provider.oci"
                },
                "oci_core_subnet.saltdemo-subnet-lb1": {
                    "type": "oci_core_subnet",
                    "depends_on": [
                        "oci_core_route_table.saltdemo-lb-RT",
                        "oci_core_security_list.saltdemo-lb-LIST",
                        "oci_core_virtual_network.saltdemo-VCN"
                    ],
                    "primary": {
                        "id": "ocid1.subnet.oc1.iad.aaaaaaaawwwnr3bnl2lqcifnbbckvcr7jjgs4cjfu2pf2jnbulkubyizdfaa",
                        "attributes": {
                            "availability_domain": "aNUQ:US-ASHBURN-AD-1",
                            "cidr_block": "10.0.2.0/24",
                            "compartment_id": "ocid1.compartment.oc1..aaaaaaaam6uvbmgb5nzmoiurkyds6cax35xddpwafpcuru25fs6que4oln6q",
                            "defined_tags.%": "0",
                            "dhcp_options_id": "ocid1.dhcpoptions.oc1.iad.aaaaaaaaiatyt4xcmbmmt3qtrds4unkty4qevjcuxputy2a4lxd3mfe5qkga",
                            "display_name": "saltdemo-subnet-lb1",
                            "dns_label": "saltdemosnlb1",
                            "freeform_tags.%": "0",
                            "id": "ocid1.subnet.oc1.iad.aaaaaaaawwwnr3bnl2lqcifnbbckvcr7jjgs4cjfu2pf2jnbulkubyizdfaa",
                            "prohibit_public_ip_on_vnic": "false",
                            "route_table_id": "ocid1.routetable.oc1.iad.aaaaaaaapbjrxkjglmjevsdjqjbzkfnb3x3rrdggvpwsqcv4kkjhtkhysdla",
                            "security_list_ids.#": "1",
                            "security_list_ids.597044034": "ocid1.securitylist.oc1.iad.aaaaaaaaqpuwhlceh3hw5ag2evcqrbh2uq52cmanucifkfnuw6fro5vqw3ma",
                            "state": "AVAILABLE",
                            "subnet_domain_name": "saltdemosnlb1.saltdemovcn.oraclevcn.com",
                            "time_created": "2018-08-06 17:15:50.42 +0000 UTC",
                            "vcn_id": "ocid1.vcn.oc1.iad.aaaaaaaabykb7khqkrunluzsw7slsyipbmxx6h42755qi7cutgpbpx3ipzjq",
                            "virtual_router_ip": "10.0.2.1",
                            "virtual_router_mac": "00:00:17:98:D3:A8"
                        },
                        "meta": {
                            "e2bfb730-ecaa-11e6-8f88-34363bc7c4c0": {
                                "create": 900000000000,
                                "delete": 900000000000,
                                "update": 900000000000
                            }
                        },
                        "tainted": false
                    },
                    "deposed": [],
                    "provider": "provider.oci"
                },
                "oci_core_subnet.saltdemo-subnet-lb2": {
                    "type": "oci_core_subnet",
                    "depends_on": [
                        "oci_core_route_table.saltdemo-lb-RT",
                        "oci_core_security_list.saltdemo-lb-LIST",
                        "oci_core_virtual_network.saltdemo-VCN"
                    ],
                    "primary": {
                        "id": "ocid1.subnet.oc1.iad.aaaaaaaayxishzl2zfdlicitbvyoqwpd24ceadwzsgt3jlmjytycf5n245sq",
                        "attributes": {
                            "availability_domain": "aNUQ:US-ASHBURN-AD-2",
                            "cidr_block": "10.0.3.0/24",
                            "compartment_id": "ocid1.compartment.oc1..aaaaaaaam6uvbmgb5nzmoiurkyds6cax35xddpwafpcuru25fs6que4oln6q",
                            "defined_tags.%": "0",
                            "dhcp_options_id": "ocid1.dhcpoptions.oc1.iad.aaaaaaaaiatyt4xcmbmmt3qtrds4unkty4qevjcuxputy2a4lxd3mfe5qkga",
                            "display_name": "saltdemo-subnet-lb2",
                            "dns_label": "saltdemosnlb2",
                            "freeform_tags.%": "0",
                            "id": "ocid1.subnet.oc1.iad.aaaaaaaayxishzl2zfdlicitbvyoqwpd24ceadwzsgt3jlmjytycf5n245sq",
                            "prohibit_public_ip_on_vnic": "false",
                            "route_table_id": "ocid1.routetable.oc1.iad.aaaaaaaapbjrxkjglmjevsdjqjbzkfnb3x3rrdggvpwsqcv4kkjhtkhysdla",
                            "security_list_ids.#": "1",
                            "security_list_ids.597044034": "ocid1.securitylist.oc1.iad.aaaaaaaaqpuwhlceh3hw5ag2evcqrbh2uq52cmanucifkfnuw6fro5vqw3ma",
                            "state": "AVAILABLE",
                            "subnet_domain_name": "saltdemosnlb2.saltdemovcn.oraclevcn.com",
                            "time_created": "2018-08-06 17:15:51.359 +0000 UTC",
                            "vcn_id": "ocid1.vcn.oc1.iad.aaaaaaaabykb7khqkrunluzsw7slsyipbmxx6h42755qi7cutgpbpx3ipzjq",
                            "virtual_router_ip": "10.0.3.1",
                            "virtual_router_mac": "00:00:17:98:D3:A8"
                        },
                        "meta": {
                            "e2bfb730-ecaa-11e6-8f88-34363bc7c4c0": {
                                "create": 900000000000,
                                "delete": 900000000000,
                                "update": 900000000000
                            }
                        },
                        "tainted": false
                    },
                    "deposed": [],
                    "provider": "provider.oci"
                },
                "oci_core_subnet.saltdemo-subnet-ws1": {
                    "type": "oci_core_subnet",
                    "depends_on": [
                        "oci_core_route_table.saltdemo-ws-RT",
                        "oci_core_security_list.saltdemo-ws-LIST",
                        "oci_core_virtual_network.saltdemo-VCN"
                    ],
                    "primary": {
                        "id": "ocid1.subnet.oc1.iad.aaaaaaaawim5intkamenggyd63h2bdmp7obeq4bclb32lfxh6hpp2clnigza",
                        "attributes": {
                            "availability_domain": "aNUQ:US-ASHBURN-AD-1",
                            "cidr_block": "10.0.0.0/24",
                            "compartment_id": "ocid1.compartment.oc1..aaaaaaaam6uvbmgb5nzmoiurkyds6cax35xddpwafpcuru25fs6que4oln6q",
                            "defined_tags.%": "0",
                            "dhcp_options_id": "ocid1.dhcpoptions.oc1.iad.aaaaaaaaiatyt4xcmbmmt3qtrds4unkty4qevjcuxputy2a4lxd3mfe5qkga",
                            "display_name": "saltdemo-subnet-ws1",
                            "dns_label": "saltdemosnws1",
                            "freeform_tags.%": "0",
                            "id": "ocid1.subnet.oc1.iad.aaaaaaaawim5intkamenggyd63h2bdmp7obeq4bclb32lfxh6hpp2clnigza",
                            "prohibit_public_ip_on_vnic": "false",
                            "route_table_id": "ocid1.routetable.oc1.iad.aaaaaaaa37jo35nuboaemhzvfyydbq4adi4efrfxh3krxb6f23ra3pvkaumq",
                            "security_list_ids.#": "1",
                            "security_list_ids.223797947": "ocid1.securitylist.oc1.iad.aaaaaaaaqk5smldfdee4ob5j6pkaxe6zaifjknhvkcm7yjtpnmpvpup2jaia",
                            "state": "AVAILABLE",
                            "subnet_domain_name": "saltdemosnws1.saltdemovcn.oraclevcn.com",
                            "time_created": "2018-08-06 17:15:50.708 +0000 UTC",
                            "vcn_id": "ocid1.vcn.oc1.iad.aaaaaaaabykb7khqkrunluzsw7slsyipbmxx6h42755qi7cutgpbpx3ipzjq",
                            "virtual_router_ip": "10.0.0.1",
                            "virtual_router_mac": "00:00:17:98:D3:A8"
                        },
                        "meta": {
                            "e2bfb730-ecaa-11e6-8f88-34363bc7c4c0": {
                                "create": 900000000000,
                                "delete": 900000000000,
                                "update": 900000000000
                            }
                        },
                        "tainted": false
                    },
                    "deposed": [],
                    "provider": "provider.oci"
                },
                "oci_core_subnet.saltdemo-subnet-ws2": {
                    "type": "oci_core_subnet",
                    "depends_on": [
                        "oci_core_route_table.saltdemo-ws-RT",
                        "oci_core_security_list.saltdemo-ws-LIST",
                        "oci_core_virtual_network.saltdemo-VCN"
                    ],
                    "primary": {
                        "id": "ocid1.subnet.oc1.iad.aaaaaaaa4z75riroyaoyg3wom7vgerewa7rbr7vk25zhii5tsmnn7mgcgesq",
                        "attributes": {
                            "availability_domain": "aNUQ:US-ASHBURN-AD-2",
                            "cidr_block": "10.0.1.0/24",
                            "compartment_id": "ocid1.compartment.oc1..aaaaaaaam6uvbmgb5nzmoiurkyds6cax35xddpwafpcuru25fs6que4oln6q",
                            "defined_tags.%": "0",
                            "dhcp_options_id": "ocid1.dhcpoptions.oc1.iad.aaaaaaaaiatyt4xcmbmmt3qtrds4unkty4qevjcuxputy2a4lxd3mfe5qkga",
                            "display_name": "saltdemo-subnet-ws2",
                            "dns_label": "saltdemosnws2",
                            "freeform_tags.%": "0",
                            "id": "ocid1.subnet.oc1.iad.aaaaaaaa4z75riroyaoyg3wom7vgerewa7rbr7vk25zhii5tsmnn7mgcgesq",
                            "prohibit_public_ip_on_vnic": "false",
                            "route_table_id": "ocid1.routetable.oc1.iad.aaaaaaaa37jo35nuboaemhzvfyydbq4adi4efrfxh3krxb6f23ra3pvkaumq",
                            "security_list_ids.#": "1",
                            "security_list_ids.223797947": "ocid1.securitylist.oc1.iad.aaaaaaaaqk5smldfdee4ob5j6pkaxe6zaifjknhvkcm7yjtpnmpvpup2jaia",
                            "state": "AVAILABLE",
                            "subnet_domain_name": "saltdemosnws2.saltdemovcn.oraclevcn.com",
                            "time_created": "2018-08-06 17:15:51.134 +0000 UTC",
                            "vcn_id": "ocid1.vcn.oc1.iad.aaaaaaaabykb7khqkrunluzsw7slsyipbmxx6h42755qi7cutgpbpx3ipzjq",
                            "virtual_router_ip": "10.0.1.1",
                            "virtual_router_mac": "00:00:17:98:D3:A8"
                        },
                        "meta": {
                            "e2bfb730-ecaa-11e6-8f88-34363bc7c4c0": {
                                "create": 900000000000,
                                "delete": 900000000000,
                                "update": 900000000000
                            }
                        },
                        "tainted": false
                    },
                    "deposed": [],
                    "provider": "provider.oci"
                },
                "oci_core_virtual_network.saltdemo-VCN": {
                    "type": "oci_core_virtual_network",
                    "depends_on": [],
                    "primary": {
                        "id": "ocid1.vcn.oc1.iad.aaaaaaaabykb7khqkrunluzsw7slsyipbmxx6h42755qi7cutgpbpx3ipzjq",
                        "attributes": {
                            "cidr_block": "10.0.0.0/16",
                            "compartment_id": "ocid1.compartment.oc1..aaaaaaaam6uvbmgb5nzmoiurkyds6cax35xddpwafpcuru25fs6que4oln6q",
                            "default_dhcp_options_id": "ocid1.dhcpoptions.oc1.iad.aaaaaaaaiatyt4xcmbmmt3qtrds4unkty4qevjcuxputy2a4lxd3mfe5qkga",
                            "default_route_table_id": "ocid1.routetable.oc1.iad.aaaaaaaa5jzf7stj6s24qm4fgeg6dnk6k2i5uyv2yab4ckchuqjke3gusmsq",
                            "default_security_list_id": "ocid1.securitylist.oc1.iad.aaaaaaaajpmtnjwivz2acluofieeq3ogleh3qajylvgqrn3mstsnritrpuda",
                            "defined_tags.%": "0",
                            "display_name": "saltdemo-VCN",
                            "dns_label": "saltdemovcn",
                            "freeform_tags.%": "0",
                            "id": "ocid1.vcn.oc1.iad.aaaaaaaabykb7khqkrunluzsw7slsyipbmxx6h42755qi7cutgpbpx3ipzjq",
                            "state": "AVAILABLE",
                            "time_created": "2018-08-06 17:15:49.128 +0000 UTC",
                            "vcn_domain_name": "saltdemovcn.oraclevcn.com"
                        },
                        "meta": {
                            "e2bfb730-ecaa-11e6-8f88-34363bc7c4c0": {
                                "create": 900000000000,
                                "delete": 900000000000,
                                "update": 900000000000
                            }
                        },
                        "tainted": false
                    },
                    "deposed": [],
                    "provider": "provider.oci"
                },
                "oci_load_balancer.saltdemo-lb1": {
                    "type": "oci_load_balancer",
                    "depends_on": [
                        "oci_core_subnet.saltdemo-subnet-lb1",
                        "oci_core_subnet.saltdemo-subnet-lb2"
                    ],
                    "primary": {
                        "id": "ocid1.loadbalancer.oc1.iad.aaaaaaaa4r7vsyqubt2kznioadipjvztkibhnuyp7vewxjrz7hlwrgvi32hq",
                        "attributes": {
                            "compartment_id": "ocid1.compartment.oc1..aaaaaaaam6uvbmgb5nzmoiurkyds6cax35xddpwafpcuru25fs6que4oln6q",
                            "display_name": "saltdemo-lb1",
                            "id": "ocid1.loadbalancer.oc1.iad.aaaaaaaa4r7vsyqubt2kznioadipjvztkibhnuyp7vewxjrz7hlwrgvi32hq",
                            "ip_addresses.#": "1",
                            "ip_addresses.0": "129.213.15.118",
                            "is_private": "false",
                            "shape": "100Mbps",
                            "state": "ACTIVE",
                            "subnet_ids.#": "2",
                            "subnet_ids.0": "ocid1.subnet.oc1.iad.aaaaaaaawwwnr3bnl2lqcifnbbckvcr7jjgs4cjfu2pf2jnbulkubyizdfaa",
                            "subnet_ids.1": "ocid1.subnet.oc1.iad.aaaaaaaayxishzl2zfdlicitbvyoqwpd24ceadwzsgt3jlmjytycf5n245sq",
                            "time_created": "2018-08-06 17:15:51.764 +0000 UTC"
                        },
                        "meta": {},
                        "tainted": false
                    },
                    "deposed": [],
                    "provider": "provider.oci"
                },
                "oci_load_balancer_backend.saltdemo-lb-be1": {
                    "type": "oci_load_balancer_backend",
                    "depends_on": [
                        "oci_core_instance.saltdemo-ws1",
                        "oci_load_balancer.saltdemo-lb1",
                        "oci_load_balancer_backend_set.saltdemo-lb-bes1"
                    ],
                    "primary": {
                        "id": "10.0.0.6:80",
                        "attributes": {
                            "backendset_name": "saltdemo-lb-bes1",
                            "backup": "false",
                            "drain": "false",
                            "id": "10.0.0.6:80",
                            "ip_address": "10.0.0.6",
                            "load_balancer_id": "ocid1.loadbalancer.oc1.iad.aaaaaaaa4r7vsyqubt2kznioadipjvztkibhnuyp7vewxjrz7hlwrgvi32hq",
                            "name": "10.0.0.6:80",
                            "offline": "false",
                            "port": "80",
                            "state": "SUCCEEDED",
                            "weight": "1"
                        },
                        "meta": {},
                        "tainted": false
                    },
                    "deposed": [],
                    "provider": "provider.oci"
                },
                "oci_load_balancer_backend.saltdemo-lb-be2": {
                    "type": "oci_load_balancer_backend",
                    "depends_on": [
                        "oci_core_instance.saltdemo-ws2",
                        "oci_load_balancer.saltdemo-lb1",
                        "oci_load_balancer_backend_set.saltdemo-lb-bes1"
                    ],
                    "primary": {
                        "id": "10.0.1.6:80",
                        "attributes": {
                            "backendset_name": "saltdemo-lb-bes1",
                            "backup": "false",
                            "drain": "false",
                            "id": "10.0.1.6:80",
                            "ip_address": "10.0.1.6",
                            "load_balancer_id": "ocid1.loadbalancer.oc1.iad.aaaaaaaa4r7vsyqubt2kznioadipjvztkibhnuyp7vewxjrz7hlwrgvi32hq",
                            "name": "10.0.1.6:80",
                            "offline": "false",
                            "port": "80",
                            "state": "SUCCEEDED",
                            "weight": "1"
                        },
                        "meta": {},
                        "tainted": false
                    },
                    "deposed": [],
                    "provider": "provider.oci"
                },
                "oci_load_balancer_backend_set.saltdemo-lb-bes1": {
                    "type": "oci_load_balancer_backend_set",
                    "depends_on": [
                        "oci_load_balancer.saltdemo-lb1"
                    ],
                    "primary": {
                        "id": "saltdemo-lb-bes1",
                        "attributes": {
                            "backend.#": "2",
                            "backend.0.backup": "false",
                            "backend.0.drain": "false",
                            "backend.0.ip_address": "10.0.0.6",
                            "backend.0.name": "10.0.0.6:80",
                            "backend.0.offline": "false",
                            "backend.0.port": "80",
                            "backend.0.weight": "1",
                            "backend.1.backup": "false",
                            "backend.1.drain": "false",
                            "backend.1.ip_address": "10.0.1.6",
                            "backend.1.name": "10.0.1.6:80",
                            "backend.1.offline": "false",
                            "backend.1.port": "80",
                            "backend.1.weight": "1",
                            "health_checker.#": "1",
                            "health_checker.0.interval_ms": "30000",
                            "health_checker.0.port": "80",
                            "health_checker.0.protocol": "HTTP",
                            "health_checker.0.response_body_regex": ".*",
                            "health_checker.0.retries": "3",
                            "health_checker.0.return_code": "200",
                            "health_checker.0.timeout_in_millis": "3000",
                            "health_checker.0.url_path": "/",
                            "id": "saltdemo-lb-bes1",
                            "load_balancer_id": "ocid1.loadbalancer.oc1.iad.aaaaaaaa4r7vsyqubt2kznioadipjvztkibhnuyp7vewxjrz7hlwrgvi32hq",
                            "name": "saltdemo-lb-bes1",
                            "policy": "ROUND_ROBIN",
                            "session_persistence_configuration.#": "0",
                            "ssl_configuration.#": "0",
                            "state": "SUCCEEDED"
                        },
                        "meta": {},
                        "tainted": false
                    },
                    "deposed": [],
                    "provider": "provider.oci"
                },
                "oci_load_balancer_hostname.saltdemo-lb-host1": {
                    "type": "oci_load_balancer_hostname",
                    "depends_on": [
                        "oci_load_balancer.saltdemo-lb1"
                    ],
                    "primary": {
                        "id": "hostname1",
                        "attributes": {
                            "hostname": "app.example.com",
                            "id": "hostname1",
                            "load_balancer_id": "ocid1.loadbalancer.oc1.iad.aaaaaaaa4r7vsyqubt2kznioadipjvztkibhnuyp7vewxjrz7hlwrgvi32hq",
                            "name": "hostname1",
                            "state": "SUCCEEDED"
                        },
                        "meta": {
                            "e2bfb730-ecaa-11e6-8f88-34363bc7c4c0": {
                                "create": 900000000000,
                                "delete": 900000000000,
                                "update": 900000000000
                            }
                        },
                        "tainted": false
                    },
                    "deposed": [],
                    "provider": "provider.oci"
                },
                "oci_load_balancer_hostname.saltdemo-lb-host2": {
                    "type": "oci_load_balancer_hostname",
                    "depends_on": [
                        "oci_load_balancer.saltdemo-lb1"
                    ],
                    "primary": {
                        "id": "hostname2",
                        "attributes": {
                            "hostname": "app2.example.com",
                            "id": "hostname2",
                            "load_balancer_id": "ocid1.loadbalancer.oc1.iad.aaaaaaaa4r7vsyqubt2kznioadipjvztkibhnuyp7vewxjrz7hlwrgvi32hq",
                            "name": "hostname2",
                            "state": "SUCCEEDED"
                        },
                        "meta": {
                            "e2bfb730-ecaa-11e6-8f88-34363bc7c4c0": {
                                "create": 900000000000,
                                "delete": 900000000000,
                                "update": 900000000000
                            }
                        },
                        "tainted": false
                    },
                    "deposed": [],
                    "provider": "provider.oci"
                },
                "oci_load_balancer_listener.lb-listener1": {
                    "type": "oci_load_balancer_listener",
                    "depends_on": [
                        "oci_load_balancer.saltdemo-lb1",
                        "oci_load_balancer_backend_set.saltdemo-lb-bes1",
                        "oci_load_balancer_hostname.saltdemo-lb-host1",
                        "oci_load_balancer_hostname.saltdemo-lb-host2"
                    ],
                    "primary": {
                        "id": "http",
                        "attributes": {
                            "connection_configuration.#": "1",
                            "connection_configuration.0.idle_timeout_in_seconds": "2",
                            "default_backend_set_name": "saltdemo-lb-bes1",
                            "hostname_names.#": "2",
                            "hostname_names.0": "hostname1",
                            "hostname_names.1": "hostname2",
                            "id": "http",
                            "load_balancer_id": "ocid1.loadbalancer.oc1.iad.aaaaaaaa4r7vsyqubt2kznioadipjvztkibhnuyp7vewxjrz7hlwrgvi32hq",
                            "name": "http",
                            "port": "80",
                            "protocol": "HTTP",
                            "ssl_configuration.#": "0",
                            "state": "SUCCEEDED"
                        },
                        "meta": {},
                        "tainted": false
                    },
                    "deposed": [],
                    "provider": "provider.oci"
                },
                "oci_load_balancer_path_route_set.test_path_route_set": {
                    "type": "oci_load_balancer_path_route_set",
                    "depends_on": [
                        "oci_load_balancer.saltdemo-lb1",
                        "oci_load_balancer_backend_set.saltdemo-lb-bes1"
                    ],
                    "primary": {
                        "id": "pr-set1",
                        "attributes": {
                            "id": "pr-set1",
                            "load_balancer_id": "ocid1.loadbalancer.oc1.iad.aaaaaaaa4r7vsyqubt2kznioadipjvztkibhnuyp7vewxjrz7hlwrgvi32hq",
                            "name": "pr-set1",
                            "path_routes.#": "1",
                            "path_routes.0.backend_set_name": "saltdemo-lb-bes1",
                            "path_routes.0.path": "/",
                            "path_routes.0.path_match_type.#": "1",
                            "path_routes.0.path_match_type.0.match_type": "EXACT_MATCH",
                            "state": "SUCCEEDED"
                        },
                        "meta": {
                            "e2bfb730-ecaa-11e6-8f88-34363bc7c4c0": {
                                "create": 900000000000,
                                "delete": 900000000000,
                                "update": 900000000000
                            }
                        },
                        "tainted": false
                    },
                    "deposed": [],
                    "provider": "provider.oci"
                }
            },
            "depends_on": []
        }
    ]
}
